{
  "version": 4,
  "terraform_version": "0.12.20",
  "serial": 1553,
  "lineage": "57ae0696-4f36-2407-77d4-bf2e6070fdc6",
  "outputs": {},
  "resources": [
    {
      "module": "module.lambda",
      "mode": "data",
      "type": "archive_file",
      "name": "lambda_zip",
      "provider": "provider.archive",
      "instances": [
        {
          "schema_version": 0,
          "attributes": {
            "excludes": null,
            "id": "52e838a4913853be6d314b607c653767dcf23e0a",
            "output_base64sha256": "pFURw9Cz5u0WIMNuoi7QApO9i559kFa84q2sS4IKPT4=",
            "output_md5": "57819259ed63b88200e2f0a61a1ddd0c",
            "output_path": "./../build/lambda.zip",
            "output_sha": "52e838a4913853be6d314b607c653767dcf23e0a",
            "output_size": 9327,
            "source": [],
            "source_content": null,
            "source_content_filename": null,
            "source_dir": "./../lambda/python",
            "source_file": null,
            "type": "zip"
          }
        }
      ]
    },
    {
      "module": "module.lambda",
      "mode": "data",
      "type": "aws_caller_identity",
      "name": "current",
      "provider": "provider.aws",
      "instances": [
        {
          "schema_version": 0,
          "attributes": {
            "account_id": "098504033684",
            "arn": "arn:aws:iam::098504033684:user/dave",
            "id": "2020-04-05 22:55:53.605513506 +0000 UTC",
            "user_id": "AIDAJRKF7KYYKT4ASKOUK"
          }
        }
      ]
    },
    {
      "module": "module.api_gateway",
      "mode": "data",
      "type": "aws_caller_identity",
      "name": "current",
      "provider": "provider.aws",
      "instances": [
        {
          "schema_version": 0,
          "attributes": {
            "account_id": "098504033684",
            "arn": "arn:aws:iam::098504033684:user/dave",
            "id": "2020-04-05 22:55:53.62873145 +0000 UTC",
            "user_id": "AIDAJRKF7KYYKT4ASKOUK"
          }
        }
      ]
    },
    {
      "module": "module.vpc",
      "mode": "data",
      "type": "aws_prefix_list",
      "name": "dynamo",
      "provider": "provider.aws",
      "instances": [
        {
          "schema_version": 0,
          "attributes": {
            "cidr_blocks": [
              "52.94.28.0/23",
              "52.94.10.0/24"
            ],
            "filter": null,
            "id": "pl-00a54069",
            "name": "com.amazonaws.us-west-2.dynamodb",
            "prefix_list_id": "pl-00a54069"
          }
        }
      ]
    },
    {
      "module": "module.api_gateway",
      "mode": "data",
      "type": "aws_region",
      "name": "current",
      "provider": "provider.aws",
      "instances": [
        {
          "schema_version": 0,
          "attributes": {
            "current": null,
            "description": "US West (Oregon)",
            "endpoint": "ec2.us-west-2.amazonaws.com",
            "id": "us-west-2",
            "name": "us-west-2"
          }
        }
      ]
    },
    {
      "module": "module.vpc",
      "mode": "data",
      "type": "aws_region",
      "name": "current",
      "provider": "provider.aws",
      "instances": [
        {
          "schema_version": 0,
          "attributes": {
            "current": null,
            "description": "US West (Oregon)",
            "endpoint": "ec2.us-west-2.amazonaws.com",
            "id": "us-west-2",
            "name": "us-west-2"
          }
        }
      ]
    },
    {
      "module": "module.ui",
      "mode": "data",
      "type": "external",
      "name": "frontend_build",
      "provider": "provider.external",
      "instances": [
        {
          "schema_version": 0,
          "attributes": {
            "id": "-",
            "program": [
              "bash",
              "-c",
              "(npm ci \u0026\u0026 npm run build-prod) \u003e\u00262 \u0026\u0026 echo \"{\\\"dest\\\": \\\"../build/static\\\"}\"\n"
            ],
            "query": null,
            "result": {
              "dest": "../build/static"
            },
            "working_dir": "ui/../../ui"
          }
        }
      ]
    },
    {
      "module": "module.api_gateway",
      "mode": "data",
      "type": "template_file",
      "name": "body",
      "provider": "provider.template",
      "instances": [
        {
          "schema_version": 0,
          "attributes": {
            "filename": null,
            "id": "564b889fb0a0b8846b7dc1858278de5843b90c3fced9642e7ef215e7457a4354",
            "rendered": "{\n  \"openapi\": \"3.0.1\",\n  \"info\": {\n    \"title\": \"AWSOpsWheel\",\n    \"description\": \"AWS Ops Wheel (see: https://github.com/aws/aws-ops-wheel)\",\n    \"version\": \"0.1\"\n  },\n  \"servers\": [\n    {\n      \"url\": \"https://jw0vqot0y8.execute-api.us-west-2.amazonaws.com/{basePath}\",\n      \"variables\": {\n        \"basePath\": {\n          \"default\": \"/app\"\n        }\n      }\n    }\n  ],\n  \"paths\": {\n    \"/api/wheel/{wheel_id}/participant/{participant_id}/rig\": {\n      \"put\": {\n        \"parameters\": [\n          {\n            \"name\": \"participant_id\",\n            \"in\": \"path\",\n            \"required\": true,\n            \"schema\": {\n              \"type\": \"string\"\n            }\n          },\n          {\n            \"name\": \"wheel_id\",\n            \"in\": \"path\",\n            \"required\": true,\n            \"schema\": {\n              \"type\": \"string\"\n            }\n          }\n        ],\n        \"x-amazon-apigateway-integration\": {\n          \"uri\": \"arn:aws:apigateway:us-west-2:lambda:path/2015-03-31/functions/arn:aws:lambda:us-west-2:098504033684:function:RigParticipantLambda/invocations\",\n          \"responses\": {\n            \"default\": {\n              \"statusCode\": \"200\"\n            }\n          },\n          \"passthroughBehavior\": \"when_no_match\",\n          \"httpMethod\": \"POST\",\n          \"contentHandling\": \"CONVERT_TO_TEXT\",\n          \"type\": \"aws_proxy\"\n        }\n      },\n      \"post\": {\n        \"parameters\": [\n          {\n            \"name\": \"participant_id\",\n            \"in\": \"path\",\n            \"required\": true,\n            \"schema\": {\n              \"type\": \"string\"\n            }\n          },\n          {\n            \"name\": \"wheel_id\",\n            \"in\": \"path\",\n            \"required\": true,\n            \"schema\": {\n              \"type\": \"string\"\n            }\n          }\n        ],\n        \"x-amazon-apigateway-integration\": {\n          \"uri\": \"arn:aws:apigateway:us-west-2:lambda:path/2015-03-31/functions/arn:aws:lambda:us-west-2:098504033684:function:RigParticipantLambda/invocations\",\n          \"responses\": {\n            \"default\": {\n              \"statusCode\": \"200\"\n            }\n          },\n          \"passthroughBehavior\": \"when_no_match\",\n          \"httpMethod\": \"POST\",\n          \"contentHandling\": \"CONVERT_TO_TEXT\",\n          \"type\": \"aws_proxy\"\n        }\n      }\n    },\n    \"/favicon.ico\": {\n      \"get\": {\n        \"responses\": {\n          \"200\": {\n            \"description\": \"200 response\",\n            \"headers\": {\n              \"Content-Length\": {\n                \"schema\": {\n                  \"type\": \"string\"\n                }\n              },\n              \"Content-Type\": {\n                \"schema\": {\n                  \"type\": \"string\"\n                }\n              }\n            },\n            \"content\": {\n              \"image/x-icon\": {\n                \"schema\": {\n                  \"$ref\": \"#/components/schemas/Empty\"\n                }\n              }\n            }\n          }\n        },\n        \"x-amazon-apigateway-integration\": {\n          \"credentials\": \"arn:aws:iam::098504033684:role/AWSOpsWheelApiGatewayRole\",\n          \"uri\": \"arn:aws:apigateway:us-west-2:s3:path/awsopswheelsourcebucket-20200405223841571900000003/favicon.ico\",\n          \"responses\": {\n            \"default\": {\n              \"statusCode\": \"200\"\n            }\n          },\n          \"passthroughBehavior\": \"when_no_match\",\n          \"httpMethod\": \"GET\",\n          \"type\": \"aws\"\n        }\n      }\n    },\n    \"/api/config\": {\n      \"get\": {\n        \"x-amazon-apigateway-integration\": {\n          \"uri\": \"arn:aws:apigateway:us-west-2:lambda:path/2015-03-31/functions/arn:aws:lambda:us-west-2:098504033684:function:ConfigLambda/invocations\",\n          \"responses\": {\n            \"default\": {\n              \"statusCode\": \"200\"\n            }\n          },\n          \"passthroughBehavior\": \"when_no_match\",\n          \"httpMethod\": \"POST\",\n          \"contentHandling\": \"CONVERT_TO_TEXT\",\n          \"type\": \"aws_proxy\"\n        }\n      }\n    },\n    \"/\": {\n      \"x-amazon-apigateway-any-method\": {\n        \"responses\": {\n          \"200\": {\n            \"description\": \"200 response\",\n            \"headers\": {\n              \"Content-Length\": {\n                \"schema\": {\n                  \"type\": \"string\"\n                }\n              },\n              \"Timestamp\": {\n                \"schema\": {\n                  \"type\": \"string\"\n                }\n              },\n              \"Content-Type\": {\n                \"schema\": {\n                  \"type\": \"string\"\n                }\n              }\n            },\n            \"content\": {}\n          },\n          \"400\": {\n            \"description\": \"400 response\",\n            \"content\": {}\n          },\n          \"500\": {\n            \"description\": \"500 response\",\n            \"content\": {}\n          }\n        },\n        \"x-amazon-apigateway-integration\": {\n          \"credentials\": \"arn:aws:iam::098504033684:role/AWSOpsWheelApiGatewayRole\",\n          \"uri\": \"arn:aws:apigateway:us-west-2:s3:path/awsopswheelsourcebucket-20200405223841571900000003/index.production.html\",\n          \"responses\": {\n            \"4\\\\d{2}\": {\n              \"statusCode\": \"400\"\n            },\n            \"default\": {\n              \"statusCode\": \"200\",\n              \"responseParameters\": {\n                \"method.response.header.Content-Type\": \"integration.response.header.Content-Type\",\n                \"method.response.header.Content-Length\": \"integration.response.header.Content-Length\",\n                \"method.response.header.Timestamp\": \"integration.response.header.Date\"\n              }\n            },\n            \"5\\\\d{2}\": {\n              \"statusCode\": \"500\"\n            }\n          },\n          \"passthroughBehavior\": \"when_no_match\",\n          \"httpMethod\": \"GET\",\n          \"type\": \"aws\"\n        }\n      }\n    },\n    \"/static/{item}\": {\n      \"x-amazon-apigateway-any-method\": {\n        \"parameters\": [\n          {\n            \"name\": \"item\",\n            \"in\": \"path\",\n            \"required\": true,\n            \"schema\": {\n              \"type\": \"string\"\n            }\n          }\n        ],\n        \"responses\": {\n          \"200\": {\n            \"description\": \"200 response\",\n            \"headers\": {\n              \"Content-Length\": {\n                \"schema\": {\n                  \"type\": \"string\"\n                }\n              },\n              \"Timestamp\": {\n                \"schema\": {\n                  \"type\": \"string\"\n                }\n              },\n              \"Content-Type\": {\n                \"schema\": {\n                  \"type\": \"string\"\n                }\n              }\n            },\n            \"content\": {\n              \"application/json\": {\n                \"schema\": {\n                  \"$ref\": \"#/components/schemas/Empty\"\n                }\n              }\n            }\n          },\n          \"400\": {\n            \"description\": \"400 response\",\n            \"content\": {}\n          },\n          \"500\": {\n            \"description\": \"500 response\",\n            \"content\": {}\n          }\n        },\n        \"x-amazon-apigateway-integration\": {\n          \"credentials\": \"arn:aws:iam::098504033684:role/AWSOpsWheelApiGatewayRole\",\n          \"uri\": \"arn:aws:apigateway:us-west-2:s3:path/awsopswheelsourcebucket-20200405223841571900000003/{item}\",\n          \"responses\": {\n            \"4\\\\d{2}\": {\n              \"statusCode\": \"400\"\n            },\n            \"default\": {\n              \"statusCode\": \"200\",\n              \"responseParameters\": {\n                \"method.response.header.Content-Type\": \"integration.response.header.Content-Type\",\n                \"method.response.header.Content-Length\": \"integration.response.header.Content-Length\",\n                \"method.response.header.Timestamp\": \"integration.response.header.Date\"\n              }\n            },\n            \"5\\\\d{2}\": {\n              \"statusCode\": \"500\"\n            }\n          },\n          \"requestParameters\": {\n            \"integration.request.path.item\": \"method.request.path.item\"\n          },\n          \"passthroughBehavior\": \"when_no_match\",\n          \"httpMethod\": \"GET\",\n          \"type\": \"aws\"\n        }\n      }\n    },\n    \"/api/wheel/{wheel_id}\": {\n      \"get\": {\n        \"parameters\": [\n          {\n            \"name\": \"wheel_id\",\n            \"in\": \"path\",\n            \"required\": true,\n            \"schema\": {\n              \"type\": \"string\"\n            }\n          }\n        ],\n        \"x-amazon-apigateway-integration\": {\n          \"uri\": \"arn:aws:apigateway:us-west-2:lambda:path/2015-03-31/functions/arn:aws:lambda:us-west-2:098504033684:function:GetWheelLambda/invocations\",\n          \"responses\": {\n            \"default\": {\n              \"statusCode\": \"200\"\n            }\n          },\n          \"passthroughBehavior\": \"when_no_match\",\n          \"httpMethod\": \"POST\",\n          \"contentHandling\": \"CONVERT_TO_TEXT\",\n          \"type\": \"aws_proxy\"\n        }\n      },\n      \"put\": {\n        \"parameters\": [\n          {\n            \"name\": \"wheel_id\",\n            \"in\": \"path\",\n            \"required\": true,\n            \"schema\": {\n              \"type\": \"string\"\n            }\n          }\n        ],\n        \"x-amazon-apigateway-integration\": {\n          \"uri\": \"arn:aws:apigateway:us-west-2:lambda:path/2015-03-31/functions/arn:aws:lambda:us-west-2:098504033684:function:UpdateWheelLambda/invocations\",\n          \"responses\": {\n            \"default\": {\n              \"statusCode\": \"200\"\n            }\n          },\n          \"passthroughBehavior\": \"when_no_match\",\n          \"httpMethod\": \"POST\",\n          \"contentHandling\": \"CONVERT_TO_TEXT\",\n          \"type\": \"aws_proxy\"\n        }\n      },\n      \"post\": {\n        \"parameters\": [\n          {\n            \"name\": \"wheel_id\",\n            \"in\": \"path\",\n            \"required\": true,\n            \"schema\": {\n              \"type\": \"string\"\n            }\n          }\n        ],\n        \"x-amazon-apigateway-integration\": {\n          \"uri\": \"arn:aws:apigateway:us-west-2:lambda:path/2015-03-31/functions/arn:aws:lambda:us-west-2:098504033684:function:UpdateWheelLambda/invocations\",\n          \"responses\": {\n            \"default\": {\n              \"statusCode\": \"200\"\n            }\n          },\n          \"passthroughBehavior\": \"when_no_match\",\n          \"httpMethod\": \"POST\",\n          \"contentHandling\": \"CONVERT_TO_TEXT\",\n          \"type\": \"aws_proxy\"\n        }\n      },\n      \"delete\": {\n        \"parameters\": [\n          {\n            \"name\": \"wheel_id\",\n            \"in\": \"path\",\n            \"required\": true,\n            \"schema\": {\n              \"type\": \"string\"\n            }\n          }\n        ],\n        \"x-amazon-apigateway-integration\": {\n          \"uri\": \"arn:aws:apigateway:us-west-2:lambda:path/2015-03-31/functions/arn:aws:lambda:us-west-2:098504033684:function:DeleteWheelLambda/invocations\",\n          \"responses\": {\n            \"default\": {\n              \"statusCode\": \"200\"\n            }\n          },\n          \"passthroughBehavior\": \"when_no_match\",\n          \"httpMethod\": \"POST\",\n          \"contentHandling\": \"CONVERT_TO_TEXT\",\n          \"type\": \"aws_proxy\"\n        }\n      }\n    },\n    \"/api/wheel/{wheel_id}/unrig\": {\n      \"put\": {\n        \"parameters\": [\n          {\n            \"name\": \"wheel_id\",\n            \"in\": \"path\",\n            \"required\": true,\n            \"schema\": {\n              \"type\": \"string\"\n            }\n          }\n        ],\n        \"x-amazon-apigateway-integration\": {\n          \"uri\": \"arn:aws:apigateway:us-west-2:lambda:path/2015-03-31/functions/arn:aws:lambda:us-west-2:098504033684:function:UnrigParticipantLambda/invocations\",\n          \"responses\": {\n            \"default\": {\n              \"statusCode\": \"200\"\n            }\n          },\n          \"passthroughBehavior\": \"when_no_match\",\n          \"httpMethod\": \"POST\",\n          \"contentHandling\": \"CONVERT_TO_TEXT\",\n          \"type\": \"aws_proxy\"\n        }\n      },\n      \"post\": {\n        \"parameters\": [\n          {\n            \"name\": \"wheel_id\",\n            \"in\": \"path\",\n            \"required\": true,\n            \"schema\": {\n              \"type\": \"string\"\n            }\n          }\n        ],\n        \"x-amazon-apigateway-integration\": {\n          \"uri\": \"arn:aws:apigateway:us-west-2:lambda:path/2015-03-31/functions/arn:aws:lambda:us-west-2:098504033684:function:UnrigParticipantLambda/invocations\",\n          \"responses\": {\n            \"default\": {\n              \"statusCode\": \"200\"\n            }\n          },\n          \"passthroughBehavior\": \"when_no_match\",\n          \"httpMethod\": \"POST\",\n          \"contentHandling\": \"CONVERT_TO_TEXT\",\n          \"type\": \"aws_proxy\"\n        }\n      }\n    },\n    \"/api/wheel/{wheel_id}/participant/suggest\": {\n      \"get\": {\n        \"parameters\": [\n          {\n            \"name\": \"wheel_id\",\n            \"in\": \"path\",\n            \"required\": true,\n            \"schema\": {\n              \"type\": \"string\"\n            }\n          }\n        ],\n        \"x-amazon-apigateway-integration\": {\n          \"uri\": \"arn:aws:apigateway:us-west-2:lambda:path/2015-03-31/functions/arn:aws:lambda:us-west-2:098504033684:function:SuggestParticipantLambda/invocations\",\n          \"responses\": {\n            \"default\": {\n              \"statusCode\": \"200\"\n            }\n          },\n          \"passthroughBehavior\": \"when_no_match\",\n          \"httpMethod\": \"POST\",\n          \"contentHandling\": \"CONVERT_TO_TEXT\",\n          \"type\": \"aws_proxy\"\n        }\n      }\n    },\n    \"/api/wheel/{wheel_id}/reset\": {\n      \"put\": {\n        \"parameters\": [\n          {\n            \"name\": \"wheel_id\",\n            \"in\": \"path\",\n            \"required\": true,\n            \"schema\": {\n              \"type\": \"string\"\n            }\n          }\n        ],\n        \"x-amazon-apigateway-integration\": {\n          \"uri\": \"arn:aws:apigateway:us-west-2:lambda:path/2015-03-31/functions/arn:aws:lambda:us-west-2:098504033684:function:ResetWheelLambda/invocations\",\n          \"responses\": {\n            \"default\": {\n              \"statusCode\": \"200\"\n            }\n          },\n          \"passthroughBehavior\": \"when_no_match\",\n          \"httpMethod\": \"POST\",\n          \"contentHandling\": \"CONVERT_TO_TEXT\",\n          \"type\": \"aws_proxy\"\n        }\n      },\n      \"post\": {\n        \"parameters\": [\n          {\n            \"name\": \"wheel_id\",\n            \"in\": \"path\",\n            \"required\": true,\n            \"schema\": {\n              \"type\": \"string\"\n            }\n          }\n        ],\n        \"x-amazon-apigateway-integration\": {\n          \"uri\": \"arn:aws:apigateway:us-west-2:lambda:path/2015-03-31/functions/arn:aws:lambda:us-west-2:098504033684:function:ResetWheelLambda/invocations\",\n          \"responses\": {\n            \"default\": {\n              \"statusCode\": \"200\"\n            }\n          },\n          \"passthroughBehavior\": \"when_no_match\",\n          \"httpMethod\": \"POST\",\n          \"contentHandling\": \"CONVERT_TO_TEXT\",\n          \"type\": \"aws_proxy\"\n        }\n      }\n    },\n    \"/{item}\": {\n      \"x-amazon-apigateway-any-method\": {\n        \"parameters\": [\n          {\n            \"name\": \"item\",\n            \"in\": \"path\",\n            \"required\": true,\n            \"schema\": {\n              \"type\": \"string\"\n            }\n          }\n        ],\n        \"responses\": {\n          \"200\": {\n            \"description\": \"200 response\",\n            \"headers\": {\n              \"Content-Length\": {\n                \"schema\": {\n                  \"type\": \"string\"\n                }\n              },\n              \"Timestamp\": {\n                \"schema\": {\n                  \"type\": \"string\"\n                }\n              },\n              \"Content-Type\": {\n                \"schema\": {\n                  \"type\": \"string\"\n                }\n              }\n            },\n            \"content\": {\n              \"application/json\": {\n                \"schema\": {\n                  \"$ref\": \"#/components/schemas/Empty\"\n                }\n              }\n            }\n          },\n          \"400\": {\n            \"description\": \"400 response\",\n            \"content\": {}\n          },\n          \"500\": {\n            \"description\": \"500 response\",\n            \"content\": {}\n          }\n        },\n        \"x-amazon-apigateway-integration\": {\n          \"credentials\": \"arn:aws:iam::098504033684:role/AWSOpsWheelApiGatewayRole\",\n          \"uri\": \"arn:aws:apigateway:us-west-2:s3:path/awsopswheelsourcebucket-20200405223841571900000003/{item}\",\n          \"responses\": {\n            \"4\\\\d{2}\": {\n              \"statusCode\": \"400\"\n            },\n            \"default\": {\n              \"statusCode\": \"200\",\n              \"responseParameters\": {\n                \"method.response.header.Content-Type\": \"integration.response.header.Content-Type\",\n                \"method.response.header.Content-Length\": \"integration.response.header.Content-Length\",\n                \"method.response.header.Timestamp\": \"integration.response.header.Date\"\n              }\n            },\n            \"5\\\\d{2}\": {\n              \"statusCode\": \"500\"\n            }\n          },\n          \"requestParameters\": {\n            \"integration.request.path.item\": \"method.request.path.item\"\n          },\n          \"passthroughBehavior\": \"when_no_match\",\n          \"httpMethod\": \"GET\",\n          \"type\": \"aws\"\n        }\n      }\n    },\n    \"/api/wheel\": {\n      \"get\": {\n        \"x-amazon-apigateway-integration\": {\n          \"uri\": \"arn:aws:apigateway:us-west-2:lambda:path/2015-03-31/functions/arn:aws:lambda:us-west-2:098504033684:function:ListWheelsLambda/invocations\",\n          \"responses\": {\n            \"default\": {\n              \"statusCode\": \"200\"\n            }\n          },\n          \"passthroughBehavior\": \"when_no_match\",\n          \"httpMethod\": \"POST\",\n          \"contentHandling\": \"CONVERT_TO_TEXT\",\n          \"type\": \"aws_proxy\"\n        }\n      },\n      \"put\": {\n        \"x-amazon-apigateway-integration\": {\n          \"uri\": \"arn:aws:apigateway:us-west-2:lambda:path/2015-03-31/functions/arn:aws:lambda:us-west-2:098504033684:function:CreateWheelLambda/invocations\",\n          \"responses\": {\n            \"default\": {\n              \"statusCode\": \"200\"\n            }\n          },\n          \"passthroughBehavior\": \"when_no_match\",\n          \"httpMethod\": \"POST\",\n          \"contentHandling\": \"CONVERT_TO_TEXT\",\n          \"type\": \"aws_proxy\"\n        }\n      },\n      \"post\": {\n        \"x-amazon-apigateway-integration\": {\n          \"uri\": \"arn:aws:apigateway:us-west-2:lambda:path/2015-03-31/functions/arn:aws:lambda:us-west-2:098504033684:function:CreateWheelLambda/invocations\",\n          \"responses\": {\n            \"default\": {\n              \"statusCode\": \"200\"\n            }\n          },\n          \"passthroughBehavior\": \"when_no_match\",\n          \"httpMethod\": \"POST\",\n          \"contentHandling\": \"CONVERT_TO_TEXT\",\n          \"type\": \"aws_proxy\"\n        }\n      }\n    },\n    \"/api/wheel/{wheel_id}/participant\": {\n      \"get\": {\n        \"parameters\": [\n          {\n            \"name\": \"wheel_id\",\n            \"in\": \"path\",\n            \"required\": true,\n            \"schema\": {\n              \"type\": \"string\"\n            }\n          }\n        ],\n        \"x-amazon-apigateway-integration\": {\n          \"uri\": \"arn:aws:apigateway:us-west-2:lambda:path/2015-03-31/functions/arn:aws:lambda:us-west-2:098504033684:function:ListParticipantsLambda/invocations\",\n          \"responses\": {\n            \"default\": {\n              \"statusCode\": \"200\"\n            }\n          },\n          \"passthroughBehavior\": \"when_no_match\",\n          \"httpMethod\": \"POST\",\n          \"contentHandling\": \"CONVERT_TO_TEXT\",\n          \"type\": \"aws_proxy\"\n        }\n      },\n      \"put\": {\n        \"parameters\": [\n          {\n            \"name\": \"wheel_id\",\n            \"in\": \"path\",\n            \"required\": true,\n            \"schema\": {\n              \"type\": \"string\"\n            }\n          }\n        ],\n        \"x-amazon-apigateway-integration\": {\n          \"uri\": \"arn:aws:apigateway:us-west-2:lambda:path/2015-03-31/functions/arn:aws:lambda:us-west-2:098504033684:function:CreateParticipantLambda/invocations\",\n          \"responses\": {\n            \"default\": {\n              \"statusCode\": \"200\"\n            }\n          },\n          \"passthroughBehavior\": \"when_no_match\",\n          \"httpMethod\": \"POST\",\n          \"contentHandling\": \"CONVERT_TO_TEXT\",\n          \"type\": \"aws_proxy\"\n        }\n      },\n      \"post\": {\n        \"parameters\": [\n          {\n            \"name\": \"wheel_id\",\n            \"in\": \"path\",\n            \"required\": true,\n            \"schema\": {\n              \"type\": \"string\"\n            }\n          }\n        ],\n        \"x-amazon-apigateway-integration\": {\n          \"uri\": \"arn:aws:apigateway:us-west-2:lambda:path/2015-03-31/functions/arn:aws:lambda:us-west-2:098504033684:function:CreateParticipantLambda/invocations\",\n          \"responses\": {\n            \"default\": {\n              \"statusCode\": \"200\"\n            }\n          },\n          \"passthroughBehavior\": \"when_no_match\",\n          \"httpMethod\": \"POST\",\n          \"contentHandling\": \"CONVERT_TO_TEXT\",\n          \"type\": \"aws_proxy\"\n        }\n      }\n    },\n    \"/api/wheel/{wheel_id}/participant/{participant_id}\": {\n      \"put\": {\n        \"parameters\": [\n          {\n            \"name\": \"participant_id\",\n            \"in\": \"path\",\n            \"required\": true,\n            \"schema\": {\n              \"type\": \"string\"\n            }\n          },\n          {\n            \"name\": \"wheel_id\",\n            \"in\": \"path\",\n            \"required\": true,\n            \"schema\": {\n              \"type\": \"string\"\n            }\n          }\n        ],\n        \"x-amazon-apigateway-integration\": {\n          \"uri\": \"arn:aws:apigateway:us-west-2:lambda:path/2015-03-31/functions/arn:aws:lambda:us-west-2:098504033684:function:UpdateParticipantLambda/invocations\",\n          \"responses\": {\n            \"default\": {\n              \"statusCode\": \"200\"\n            }\n          },\n          \"passthroughBehavior\": \"when_no_match\",\n          \"httpMethod\": \"POST\",\n          \"contentHandling\": \"CONVERT_TO_TEXT\",\n          \"type\": \"aws_proxy\"\n        }\n      },\n      \"post\": {\n        \"parameters\": [\n          {\n            \"name\": \"participant_id\",\n            \"in\": \"path\",\n            \"required\": true,\n            \"schema\": {\n              \"type\": \"string\"\n            }\n          },\n          {\n            \"name\": \"wheel_id\",\n            \"in\": \"path\",\n            \"required\": true,\n            \"schema\": {\n              \"type\": \"string\"\n            }\n          }\n        ],\n        \"x-amazon-apigateway-integration\": {\n          \"uri\": \"arn:aws:apigateway:us-west-2:lambda:path/2015-03-31/functions/arn:aws:lambda:us-west-2:098504033684:function:UpdateParticipantLambda/invocations\",\n          \"responses\": {\n            \"default\": {\n              \"statusCode\": \"200\"\n            }\n          },\n          \"passthroughBehavior\": \"when_no_match\",\n          \"httpMethod\": \"POST\",\n          \"contentHandling\": \"CONVERT_TO_TEXT\",\n          \"type\": \"aws_proxy\"\n        }\n      },\n      \"delete\": {\n        \"parameters\": [\n          {\n            \"name\": \"participant_id\",\n            \"in\": \"path\",\n            \"required\": true,\n            \"schema\": {\n              \"type\": \"string\"\n            }\n          },\n          {\n            \"name\": \"wheel_id\",\n            \"in\": \"path\",\n            \"required\": true,\n            \"schema\": {\n              \"type\": \"string\"\n            }\n          }\n        ],\n        \"x-amazon-apigateway-integration\": {\n          \"uri\": \"arn:aws:apigateway:us-west-2:lambda:path/2015-03-31/functions/arn:aws:lambda:us-west-2:098504033684:function:DeleteParticipantLambda/invocations\",\n          \"responses\": {\n            \"default\": {\n              \"statusCode\": \"200\"\n            }\n          },\n          \"passthroughBehavior\": \"when_no_match\",\n          \"httpMethod\": \"POST\",\n          \"contentHandling\": \"CONVERT_TO_TEXT\",\n          \"type\": \"aws_proxy\"\n        }\n      }\n    },\n    \"/api/wheel/{wheel_id}/participant/{participant_id}/select\": {\n      \"put\": {\n        \"parameters\": [\n          {\n            \"name\": \"participant_id\",\n            \"in\": \"path\",\n            \"required\": true,\n            \"schema\": {\n              \"type\": \"string\"\n            }\n          },\n          {\n            \"name\": \"wheel_id\",\n            \"in\": \"path\",\n            \"required\": true,\n            \"schema\": {\n              \"type\": \"string\"\n            }\n          }\n        ],\n        \"x-amazon-apigateway-integration\": {\n          \"uri\": \"arn:aws:apigateway:us-west-2:lambda:path/2015-03-31/functions/arn:aws:lambda:us-west-2:098504033684:function:SelectParticipantLambda/invocations\",\n          \"responses\": {\n            \"default\": {\n              \"statusCode\": \"200\"\n            }\n          },\n          \"passthroughBehavior\": \"when_no_match\",\n          \"httpMethod\": \"POST\",\n          \"contentHandling\": \"CONVERT_TO_TEXT\",\n          \"type\": \"aws_proxy\"\n        }\n      },\n      \"post\": {\n        \"parameters\": [\n          {\n            \"name\": \"participant_id\",\n            \"in\": \"path\",\n            \"required\": true,\n            \"schema\": {\n              \"type\": \"string\"\n            }\n          },\n          {\n            \"name\": \"wheel_id\",\n            \"in\": \"path\",\n            \"required\": true,\n            \"schema\": {\n              \"type\": \"string\"\n            }\n          }\n        ],\n        \"x-amazon-apigateway-integration\": {\n          \"uri\": \"arn:aws:apigateway:us-west-2:lambda:path/2015-03-31/functions/arn:aws:lambda:us-west-2:098504033684:function:SelectParticipantLambda/invocations\",\n          \"responses\": {\n            \"default\": {\n              \"statusCode\": \"200\"\n            }\n          },\n          \"passthroughBehavior\": \"when_no_match\",\n          \"httpMethod\": \"POST\",\n          \"contentHandling\": \"CONVERT_TO_TEXT\",\n          \"type\": \"aws_proxy\"\n        }\n      }\n    }\n  },\n  \"components\": {\n    \"schemas\": {\n      \"Empty\": {\n        \"title\": \"Empty Schema\",\n        \"type\": \"object\"\n      }\n    }\n  },\n  \"x-amazon-apigateway-binary-media-types\": [\n    \"audio/mpeg\",\n    \"audio/*\",\n    \"image/x-icon\",\n    \"application/font*\",\n    \"font/*\"\n  ]\n}",
            "template": "{\n  \"openapi\": \"3.0.1\",\n  \"info\": {\n    \"title\": \"AWSOpsWheel\",\n    \"description\": \"AWS Ops Wheel (see: https://github.com/aws/aws-ops-wheel)\",\n    \"version\": \"0.1\"\n  },\n  \"servers\": [\n    {\n      \"url\": \"https://jw0vqot0y8.execute-api.${region}.amazonaws.com/{basePath}\",\n      \"variables\": {\n        \"basePath\": {\n          \"default\": \"/app\"\n        }\n      }\n    }\n  ],\n  \"paths\": {\n    \"/api/wheel/{wheel_id}/participant/{participant_id}/rig\": {\n      \"put\": {\n        \"parameters\": [\n          {\n            \"name\": \"participant_id\",\n            \"in\": \"path\",\n            \"required\": true,\n            \"schema\": {\n              \"type\": \"string\"\n            }\n          },\n          {\n            \"name\": \"wheel_id\",\n            \"in\": \"path\",\n            \"required\": true,\n            \"schema\": {\n              \"type\": \"string\"\n            }\n          }\n        ],\n        \"x-amazon-apigateway-integration\": {\n          \"uri\": \"arn:aws:apigateway:${region}:lambda:path/2015-03-31/functions/${RigParticipantLambda}/invocations\",\n          \"responses\": {\n            \"default\": {\n              \"statusCode\": \"200\"\n            }\n          },\n          \"passthroughBehavior\": \"when_no_match\",\n          \"httpMethod\": \"POST\",\n          \"contentHandling\": \"CONVERT_TO_TEXT\",\n          \"type\": \"aws_proxy\"\n        }\n      },\n      \"post\": {\n        \"parameters\": [\n          {\n            \"name\": \"participant_id\",\n            \"in\": \"path\",\n            \"required\": true,\n            \"schema\": {\n              \"type\": \"string\"\n            }\n          },\n          {\n            \"name\": \"wheel_id\",\n            \"in\": \"path\",\n            \"required\": true,\n            \"schema\": {\n              \"type\": \"string\"\n            }\n          }\n        ],\n        \"x-amazon-apigateway-integration\": {\n          \"uri\": \"arn:aws:apigateway:${region}:lambda:path/2015-03-31/functions/${RigParticipantLambda}/invocations\",\n          \"responses\": {\n            \"default\": {\n              \"statusCode\": \"200\"\n            }\n          },\n          \"passthroughBehavior\": \"when_no_match\",\n          \"httpMethod\": \"POST\",\n          \"contentHandling\": \"CONVERT_TO_TEXT\",\n          \"type\": \"aws_proxy\"\n        }\n      }\n    },\n    \"/favicon.ico\": {\n      \"get\": {\n        \"responses\": {\n          \"200\": {\n            \"description\": \"200 response\",\n            \"headers\": {\n              \"Content-Length\": {\n                \"schema\": {\n                  \"type\": \"string\"\n                }\n              },\n              \"Content-Type\": {\n                \"schema\": {\n                  \"type\": \"string\"\n                }\n              }\n            },\n            \"content\": {\n              \"image/x-icon\": {\n                \"schema\": {\n                  \"$ref\": \"#/components/schemas/Empty\"\n                }\n              }\n            }\n          }\n        },\n        \"x-amazon-apigateway-integration\": {\n          \"credentials\": \"${api_gateway_role}\",\n          \"uri\": \"arn:aws:apigateway:${region}:s3:path/${static_bucket_name}/favicon.ico\",\n          \"responses\": {\n            \"default\": {\n              \"statusCode\": \"200\"\n            }\n          },\n          \"passthroughBehavior\": \"when_no_match\",\n          \"httpMethod\": \"GET\",\n          \"type\": \"aws\"\n        }\n      }\n    },\n    \"/api/config\": {\n      \"get\": {\n        \"x-amazon-apigateway-integration\": {\n          \"uri\": \"arn:aws:apigateway:${region}:lambda:path/2015-03-31/functions/${ConfigLambda}/invocations\",\n          \"responses\": {\n            \"default\": {\n              \"statusCode\": \"200\"\n            }\n          },\n          \"passthroughBehavior\": \"when_no_match\",\n          \"httpMethod\": \"POST\",\n          \"contentHandling\": \"CONVERT_TO_TEXT\",\n          \"type\": \"aws_proxy\"\n        }\n      }\n    },\n    \"/\": {\n      \"x-amazon-apigateway-any-method\": {\n        \"responses\": {\n          \"200\": {\n            \"description\": \"200 response\",\n            \"headers\": {\n              \"Content-Length\": {\n                \"schema\": {\n                  \"type\": \"string\"\n                }\n              },\n              \"Timestamp\": {\n                \"schema\": {\n                  \"type\": \"string\"\n                }\n              },\n              \"Content-Type\": {\n                \"schema\": {\n                  \"type\": \"string\"\n                }\n              }\n            },\n            \"content\": {}\n          },\n          \"400\": {\n            \"description\": \"400 response\",\n            \"content\": {}\n          },\n          \"500\": {\n            \"description\": \"500 response\",\n            \"content\": {}\n          }\n        },\n        \"x-amazon-apigateway-integration\": {\n          \"credentials\": \"${api_gateway_role}\",\n          \"uri\": \"arn:aws:apigateway:${region}:s3:path/${static_bucket_name}/index.production.html\",\n          \"responses\": {\n            \"4\\\\d{2}\": {\n              \"statusCode\": \"400\"\n            },\n            \"default\": {\n              \"statusCode\": \"200\",\n              \"responseParameters\": {\n                \"method.response.header.Content-Type\": \"integration.response.header.Content-Type\",\n                \"method.response.header.Content-Length\": \"integration.response.header.Content-Length\",\n                \"method.response.header.Timestamp\": \"integration.response.header.Date\"\n              }\n            },\n            \"5\\\\d{2}\": {\n              \"statusCode\": \"500\"\n            }\n          },\n          \"passthroughBehavior\": \"when_no_match\",\n          \"httpMethod\": \"GET\",\n          \"type\": \"aws\"\n        }\n      }\n    },\n    \"/static/{item}\": {\n      \"x-amazon-apigateway-any-method\": {\n        \"parameters\": [\n          {\n            \"name\": \"item\",\n            \"in\": \"path\",\n            \"required\": true,\n            \"schema\": {\n              \"type\": \"string\"\n            }\n          }\n        ],\n        \"responses\": {\n          \"200\": {\n            \"description\": \"200 response\",\n            \"headers\": {\n              \"Content-Length\": {\n                \"schema\": {\n                  \"type\": \"string\"\n                }\n              },\n              \"Timestamp\": {\n                \"schema\": {\n                  \"type\": \"string\"\n                }\n              },\n              \"Content-Type\": {\n                \"schema\": {\n                  \"type\": \"string\"\n                }\n              }\n            },\n            \"content\": {\n              \"application/json\": {\n                \"schema\": {\n                  \"$ref\": \"#/components/schemas/Empty\"\n                }\n              }\n            }\n          },\n          \"400\": {\n            \"description\": \"400 response\",\n            \"content\": {}\n          },\n          \"500\": {\n            \"description\": \"500 response\",\n            \"content\": {}\n          }\n        },\n        \"x-amazon-apigateway-integration\": {\n          \"credentials\": \"${api_gateway_role}\",\n          \"uri\": \"arn:aws:apigateway:${region}:s3:path/${static_bucket_name}/{item}\",\n          \"responses\": {\n            \"4\\\\d{2}\": {\n              \"statusCode\": \"400\"\n            },\n            \"default\": {\n              \"statusCode\": \"200\",\n              \"responseParameters\": {\n                \"method.response.header.Content-Type\": \"integration.response.header.Content-Type\",\n                \"method.response.header.Content-Length\": \"integration.response.header.Content-Length\",\n                \"method.response.header.Timestamp\": \"integration.response.header.Date\"\n              }\n            },\n            \"5\\\\d{2}\": {\n              \"statusCode\": \"500\"\n            }\n          },\n          \"requestParameters\": {\n            \"integration.request.path.item\": \"method.request.path.item\"\n          },\n          \"passthroughBehavior\": \"when_no_match\",\n          \"httpMethod\": \"GET\",\n          \"type\": \"aws\"\n        }\n      }\n    },\n    \"/api/wheel/{wheel_id}\": {\n      \"get\": {\n        \"parameters\": [\n          {\n            \"name\": \"wheel_id\",\n            \"in\": \"path\",\n            \"required\": true,\n            \"schema\": {\n              \"type\": \"string\"\n            }\n          }\n        ],\n        \"x-amazon-apigateway-integration\": {\n          \"uri\": \"arn:aws:apigateway:${region}:lambda:path/2015-03-31/functions/${GetWheelLambda}/invocations\",\n          \"responses\": {\n            \"default\": {\n              \"statusCode\": \"200\"\n            }\n          },\n          \"passthroughBehavior\": \"when_no_match\",\n          \"httpMethod\": \"POST\",\n          \"contentHandling\": \"CONVERT_TO_TEXT\",\n          \"type\": \"aws_proxy\"\n        }\n      },\n      \"put\": {\n        \"parameters\": [\n          {\n            \"name\": \"wheel_id\",\n            \"in\": \"path\",\n            \"required\": true,\n            \"schema\": {\n              \"type\": \"string\"\n            }\n          }\n        ],\n        \"x-amazon-apigateway-integration\": {\n          \"uri\": \"arn:aws:apigateway:${region}:lambda:path/2015-03-31/functions/${UpdateWheelLambda}/invocations\",\n          \"responses\": {\n            \"default\": {\n              \"statusCode\": \"200\"\n            }\n          },\n          \"passthroughBehavior\": \"when_no_match\",\n          \"httpMethod\": \"POST\",\n          \"contentHandling\": \"CONVERT_TO_TEXT\",\n          \"type\": \"aws_proxy\"\n        }\n      },\n      \"post\": {\n        \"parameters\": [\n          {\n            \"name\": \"wheel_id\",\n            \"in\": \"path\",\n            \"required\": true,\n            \"schema\": {\n              \"type\": \"string\"\n            }\n          }\n        ],\n        \"x-amazon-apigateway-integration\": {\n          \"uri\": \"arn:aws:apigateway:${region}:lambda:path/2015-03-31/functions/${UpdateWheelLambda}/invocations\",\n          \"responses\": {\n            \"default\": {\n              \"statusCode\": \"200\"\n            }\n          },\n          \"passthroughBehavior\": \"when_no_match\",\n          \"httpMethod\": \"POST\",\n          \"contentHandling\": \"CONVERT_TO_TEXT\",\n          \"type\": \"aws_proxy\"\n        }\n      },\n      \"delete\": {\n        \"parameters\": [\n          {\n            \"name\": \"wheel_id\",\n            \"in\": \"path\",\n            \"required\": true,\n            \"schema\": {\n              \"type\": \"string\"\n            }\n          }\n        ],\n        \"x-amazon-apigateway-integration\": {\n          \"uri\": \"arn:aws:apigateway:${region}:lambda:path/2015-03-31/functions/${DeleteWheelLambda}/invocations\",\n          \"responses\": {\n            \"default\": {\n              \"statusCode\": \"200\"\n            }\n          },\n          \"passthroughBehavior\": \"when_no_match\",\n          \"httpMethod\": \"POST\",\n          \"contentHandling\": \"CONVERT_TO_TEXT\",\n          \"type\": \"aws_proxy\"\n        }\n      }\n    },\n    \"/api/wheel/{wheel_id}/unrig\": {\n      \"put\": {\n        \"parameters\": [\n          {\n            \"name\": \"wheel_id\",\n            \"in\": \"path\",\n            \"required\": true,\n            \"schema\": {\n              \"type\": \"string\"\n            }\n          }\n        ],\n        \"x-amazon-apigateway-integration\": {\n          \"uri\": \"arn:aws:apigateway:${region}:lambda:path/2015-03-31/functions/${UnrigParticipantLambda}/invocations\",\n          \"responses\": {\n            \"default\": {\n              \"statusCode\": \"200\"\n            }\n          },\n          \"passthroughBehavior\": \"when_no_match\",\n          \"httpMethod\": \"POST\",\n          \"contentHandling\": \"CONVERT_TO_TEXT\",\n          \"type\": \"aws_proxy\"\n        }\n      },\n      \"post\": {\n        \"parameters\": [\n          {\n            \"name\": \"wheel_id\",\n            \"in\": \"path\",\n            \"required\": true,\n            \"schema\": {\n              \"type\": \"string\"\n            }\n          }\n        ],\n        \"x-amazon-apigateway-integration\": {\n          \"uri\": \"arn:aws:apigateway:${region}:lambda:path/2015-03-31/functions/${UnrigParticipantLambda}/invocations\",\n          \"responses\": {\n            \"default\": {\n              \"statusCode\": \"200\"\n            }\n          },\n          \"passthroughBehavior\": \"when_no_match\",\n          \"httpMethod\": \"POST\",\n          \"contentHandling\": \"CONVERT_TO_TEXT\",\n          \"type\": \"aws_proxy\"\n        }\n      }\n    },\n    \"/api/wheel/{wheel_id}/participant/suggest\": {\n      \"get\": {\n        \"parameters\": [\n          {\n            \"name\": \"wheel_id\",\n            \"in\": \"path\",\n            \"required\": true,\n            \"schema\": {\n              \"type\": \"string\"\n            }\n          }\n        ],\n        \"x-amazon-apigateway-integration\": {\n          \"uri\": \"arn:aws:apigateway:${region}:lambda:path/2015-03-31/functions/${SuggestParticipantLambda}/invocations\",\n          \"responses\": {\n            \"default\": {\n              \"statusCode\": \"200\"\n            }\n          },\n          \"passthroughBehavior\": \"when_no_match\",\n          \"httpMethod\": \"POST\",\n          \"contentHandling\": \"CONVERT_TO_TEXT\",\n          \"type\": \"aws_proxy\"\n        }\n      }\n    },\n    \"/api/wheel/{wheel_id}/reset\": {\n      \"put\": {\n        \"parameters\": [\n          {\n            \"name\": \"wheel_id\",\n            \"in\": \"path\",\n            \"required\": true,\n            \"schema\": {\n              \"type\": \"string\"\n            }\n          }\n        ],\n        \"x-amazon-apigateway-integration\": {\n          \"uri\": \"arn:aws:apigateway:${region}:lambda:path/2015-03-31/functions/${ResetWheelLambda}/invocations\",\n          \"responses\": {\n            \"default\": {\n              \"statusCode\": \"200\"\n            }\n          },\n          \"passthroughBehavior\": \"when_no_match\",\n          \"httpMethod\": \"POST\",\n          \"contentHandling\": \"CONVERT_TO_TEXT\",\n          \"type\": \"aws_proxy\"\n        }\n      },\n      \"post\": {\n        \"parameters\": [\n          {\n            \"name\": \"wheel_id\",\n            \"in\": \"path\",\n            \"required\": true,\n            \"schema\": {\n              \"type\": \"string\"\n            }\n          }\n        ],\n        \"x-amazon-apigateway-integration\": {\n          \"uri\": \"arn:aws:apigateway:${region}:lambda:path/2015-03-31/functions/${ResetWheelLambda}/invocations\",\n          \"responses\": {\n            \"default\": {\n              \"statusCode\": \"200\"\n            }\n          },\n          \"passthroughBehavior\": \"when_no_match\",\n          \"httpMethod\": \"POST\",\n          \"contentHandling\": \"CONVERT_TO_TEXT\",\n          \"type\": \"aws_proxy\"\n        }\n      }\n    },\n    \"/{item}\": {\n      \"x-amazon-apigateway-any-method\": {\n        \"parameters\": [\n          {\n            \"name\": \"item\",\n            \"in\": \"path\",\n            \"required\": true,\n            \"schema\": {\n              \"type\": \"string\"\n            }\n          }\n        ],\n        \"responses\": {\n          \"200\": {\n            \"description\": \"200 response\",\n            \"headers\": {\n              \"Content-Length\": {\n                \"schema\": {\n                  \"type\": \"string\"\n                }\n              },\n              \"Timestamp\": {\n                \"schema\": {\n                  \"type\": \"string\"\n                }\n              },\n              \"Content-Type\": {\n                \"schema\": {\n                  \"type\": \"string\"\n                }\n              }\n            },\n            \"content\": {\n              \"application/json\": {\n                \"schema\": {\n                  \"$ref\": \"#/components/schemas/Empty\"\n                }\n              }\n            }\n          },\n          \"400\": {\n            \"description\": \"400 response\",\n            \"content\": {}\n          },\n          \"500\": {\n            \"description\": \"500 response\",\n            \"content\": {}\n          }\n        },\n        \"x-amazon-apigateway-integration\": {\n          \"credentials\": \"${api_gateway_role}\",\n          \"uri\": \"arn:aws:apigateway:${region}:s3:path/${static_bucket_name}/{item}\",\n          \"responses\": {\n            \"4\\\\d{2}\": {\n              \"statusCode\": \"400\"\n            },\n            \"default\": {\n              \"statusCode\": \"200\",\n              \"responseParameters\": {\n                \"method.response.header.Content-Type\": \"integration.response.header.Content-Type\",\n                \"method.response.header.Content-Length\": \"integration.response.header.Content-Length\",\n                \"method.response.header.Timestamp\": \"integration.response.header.Date\"\n              }\n            },\n            \"5\\\\d{2}\": {\n              \"statusCode\": \"500\"\n            }\n          },\n          \"requestParameters\": {\n            \"integration.request.path.item\": \"method.request.path.item\"\n          },\n          \"passthroughBehavior\": \"when_no_match\",\n          \"httpMethod\": \"GET\",\n          \"type\": \"aws\"\n        }\n      }\n    },\n    \"/api/wheel\": {\n      \"get\": {\n        \"x-amazon-apigateway-integration\": {\n          \"uri\": \"arn:aws:apigateway:${region}:lambda:path/2015-03-31/functions/${ListWheelsLambda}/invocations\",\n          \"responses\": {\n            \"default\": {\n              \"statusCode\": \"200\"\n            }\n          },\n          \"passthroughBehavior\": \"when_no_match\",\n          \"httpMethod\": \"POST\",\n          \"contentHandling\": \"CONVERT_TO_TEXT\",\n          \"type\": \"aws_proxy\"\n        }\n      },\n      \"put\": {\n        \"x-amazon-apigateway-integration\": {\n          \"uri\": \"arn:aws:apigateway:${region}:lambda:path/2015-03-31/functions/${CreateWheelLambda}/invocations\",\n          \"responses\": {\n            \"default\": {\n              \"statusCode\": \"200\"\n            }\n          },\n          \"passthroughBehavior\": \"when_no_match\",\n          \"httpMethod\": \"POST\",\n          \"contentHandling\": \"CONVERT_TO_TEXT\",\n          \"type\": \"aws_proxy\"\n        }\n      },\n      \"post\": {\n        \"x-amazon-apigateway-integration\": {\n          \"uri\": \"arn:aws:apigateway:${region}:lambda:path/2015-03-31/functions/${CreateWheelLambda}/invocations\",\n          \"responses\": {\n            \"default\": {\n              \"statusCode\": \"200\"\n            }\n          },\n          \"passthroughBehavior\": \"when_no_match\",\n          \"httpMethod\": \"POST\",\n          \"contentHandling\": \"CONVERT_TO_TEXT\",\n          \"type\": \"aws_proxy\"\n        }\n      }\n    },\n    \"/api/wheel/{wheel_id}/participant\": {\n      \"get\": {\n        \"parameters\": [\n          {\n            \"name\": \"wheel_id\",\n            \"in\": \"path\",\n            \"required\": true,\n            \"schema\": {\n              \"type\": \"string\"\n            }\n          }\n        ],\n        \"x-amazon-apigateway-integration\": {\n          \"uri\": \"arn:aws:apigateway:${region}:lambda:path/2015-03-31/functions/${ListParticipantsLambda}/invocations\",\n          \"responses\": {\n            \"default\": {\n              \"statusCode\": \"200\"\n            }\n          },\n          \"passthroughBehavior\": \"when_no_match\",\n          \"httpMethod\": \"POST\",\n          \"contentHandling\": \"CONVERT_TO_TEXT\",\n          \"type\": \"aws_proxy\"\n        }\n      },\n      \"put\": {\n        \"parameters\": [\n          {\n            \"name\": \"wheel_id\",\n            \"in\": \"path\",\n            \"required\": true,\n            \"schema\": {\n              \"type\": \"string\"\n            }\n          }\n        ],\n        \"x-amazon-apigateway-integration\": {\n          \"uri\": \"arn:aws:apigateway:${region}:lambda:path/2015-03-31/functions/${CreateParticipantLambda}/invocations\",\n          \"responses\": {\n            \"default\": {\n              \"statusCode\": \"200\"\n            }\n          },\n          \"passthroughBehavior\": \"when_no_match\",\n          \"httpMethod\": \"POST\",\n          \"contentHandling\": \"CONVERT_TO_TEXT\",\n          \"type\": \"aws_proxy\"\n        }\n      },\n      \"post\": {\n        \"parameters\": [\n          {\n            \"name\": \"wheel_id\",\n            \"in\": \"path\",\n            \"required\": true,\n            \"schema\": {\n              \"type\": \"string\"\n            }\n          }\n        ],\n        \"x-amazon-apigateway-integration\": {\n          \"uri\": \"arn:aws:apigateway:${region}:lambda:path/2015-03-31/functions/${CreateParticipantLambda}/invocations\",\n          \"responses\": {\n            \"default\": {\n              \"statusCode\": \"200\"\n            }\n          },\n          \"passthroughBehavior\": \"when_no_match\",\n          \"httpMethod\": \"POST\",\n          \"contentHandling\": \"CONVERT_TO_TEXT\",\n          \"type\": \"aws_proxy\"\n        }\n      }\n    },\n    \"/api/wheel/{wheel_id}/participant/{participant_id}\": {\n      \"put\": {\n        \"parameters\": [\n          {\n            \"name\": \"participant_id\",\n            \"in\": \"path\",\n            \"required\": true,\n            \"schema\": {\n              \"type\": \"string\"\n            }\n          },\n          {\n            \"name\": \"wheel_id\",\n            \"in\": \"path\",\n            \"required\": true,\n            \"schema\": {\n              \"type\": \"string\"\n            }\n          }\n        ],\n        \"x-amazon-apigateway-integration\": {\n          \"uri\": \"arn:aws:apigateway:${region}:lambda:path/2015-03-31/functions/${UpdateParticipantLambda}/invocations\",\n          \"responses\": {\n            \"default\": {\n              \"statusCode\": \"200\"\n            }\n          },\n          \"passthroughBehavior\": \"when_no_match\",\n          \"httpMethod\": \"POST\",\n          \"contentHandling\": \"CONVERT_TO_TEXT\",\n          \"type\": \"aws_proxy\"\n        }\n      },\n      \"post\": {\n        \"parameters\": [\n          {\n            \"name\": \"participant_id\",\n            \"in\": \"path\",\n            \"required\": true,\n            \"schema\": {\n              \"type\": \"string\"\n            }\n          },\n          {\n            \"name\": \"wheel_id\",\n            \"in\": \"path\",\n            \"required\": true,\n            \"schema\": {\n              \"type\": \"string\"\n            }\n          }\n        ],\n        \"x-amazon-apigateway-integration\": {\n          \"uri\": \"arn:aws:apigateway:${region}:lambda:path/2015-03-31/functions/${UpdateParticipantLambda}/invocations\",\n          \"responses\": {\n            \"default\": {\n              \"statusCode\": \"200\"\n            }\n          },\n          \"passthroughBehavior\": \"when_no_match\",\n          \"httpMethod\": \"POST\",\n          \"contentHandling\": \"CONVERT_TO_TEXT\",\n          \"type\": \"aws_proxy\"\n        }\n      },\n      \"delete\": {\n        \"parameters\": [\n          {\n            \"name\": \"participant_id\",\n            \"in\": \"path\",\n            \"required\": true,\n            \"schema\": {\n              \"type\": \"string\"\n            }\n          },\n          {\n            \"name\": \"wheel_id\",\n            \"in\": \"path\",\n            \"required\": true,\n            \"schema\": {\n              \"type\": \"string\"\n            }\n          }\n        ],\n        \"x-amazon-apigateway-integration\": {\n          \"uri\": \"arn:aws:apigateway:${region}:lambda:path/2015-03-31/functions/${DeleteParticipantLambda}/invocations\",\n          \"responses\": {\n            \"default\": {\n              \"statusCode\": \"200\"\n            }\n          },\n          \"passthroughBehavior\": \"when_no_match\",\n          \"httpMethod\": \"POST\",\n          \"contentHandling\": \"CONVERT_TO_TEXT\",\n          \"type\": \"aws_proxy\"\n        }\n      }\n    },\n    \"/api/wheel/{wheel_id}/participant/{participant_id}/select\": {\n      \"put\": {\n        \"parameters\": [\n          {\n            \"name\": \"participant_id\",\n            \"in\": \"path\",\n            \"required\": true,\n            \"schema\": {\n              \"type\": \"string\"\n            }\n          },\n          {\n            \"name\": \"wheel_id\",\n            \"in\": \"path\",\n            \"required\": true,\n            \"schema\": {\n              \"type\": \"string\"\n            }\n          }\n        ],\n        \"x-amazon-apigateway-integration\": {\n          \"uri\": \"arn:aws:apigateway:${region}:lambda:path/2015-03-31/functions/${SelectParticipantLambda}/invocations\",\n          \"responses\": {\n            \"default\": {\n              \"statusCode\": \"200\"\n            }\n          },\n          \"passthroughBehavior\": \"when_no_match\",\n          \"httpMethod\": \"POST\",\n          \"contentHandling\": \"CONVERT_TO_TEXT\",\n          \"type\": \"aws_proxy\"\n        }\n      },\n      \"post\": {\n        \"parameters\": [\n          {\n            \"name\": \"participant_id\",\n            \"in\": \"path\",\n            \"required\": true,\n            \"schema\": {\n              \"type\": \"string\"\n            }\n          },\n          {\n            \"name\": \"wheel_id\",\n            \"in\": \"path\",\n            \"required\": true,\n            \"schema\": {\n              \"type\": \"string\"\n            }\n          }\n        ],\n        \"x-amazon-apigateway-integration\": {\n          \"uri\": \"arn:aws:apigateway:${region}:lambda:path/2015-03-31/functions/${SelectParticipantLambda}/invocations\",\n          \"responses\": {\n            \"default\": {\n              \"statusCode\": \"200\"\n            }\n          },\n          \"passthroughBehavior\": \"when_no_match\",\n          \"httpMethod\": \"POST\",\n          \"contentHandling\": \"CONVERT_TO_TEXT\",\n          \"type\": \"aws_proxy\"\n        }\n      }\n    }\n  },\n  \"components\": {\n    \"schemas\": {\n      \"Empty\": {\n        \"title\": \"Empty Schema\",\n        \"type\": \"object\"\n      }\n    }\n  },\n  \"x-amazon-apigateway-binary-media-types\": [\n    \"audio/mpeg\",\n    \"audio/*\",\n    \"image/x-icon\",\n    \"application/font*\",\n    \"font/*\"\n  ]\n}",
            "vars": {
              "ConfigLambda": "arn:aws:lambda:us-west-2:098504033684:function:ConfigLambda",
              "CreateParticipantLambda": "arn:aws:lambda:us-west-2:098504033684:function:CreateParticipantLambda",
              "CreateWheelLambda": "arn:aws:lambda:us-west-2:098504033684:function:CreateWheelLambda",
              "DeleteParticipantLambda": "arn:aws:lambda:us-west-2:098504033684:function:DeleteParticipantLambda",
              "DeleteWheelLambda": "arn:aws:lambda:us-west-2:098504033684:function:DeleteWheelLambda",
              "GetWheelLambda": "arn:aws:lambda:us-west-2:098504033684:function:GetWheelLambda",
              "ListParticipantsLambda": "arn:aws:lambda:us-west-2:098504033684:function:ListParticipantsLambda",
              "ListWheelsLambda": "arn:aws:lambda:us-west-2:098504033684:function:ListWheelsLambda",
              "ResetWheelLambda": "arn:aws:lambda:us-west-2:098504033684:function:ResetWheelLambda",
              "RigParticipantLambda": "arn:aws:lambda:us-west-2:098504033684:function:RigParticipantLambda",
              "SelectParticipantLambda": "arn:aws:lambda:us-west-2:098504033684:function:SelectParticipantLambda",
              "SuggestParticipantLambda": "arn:aws:lambda:us-west-2:098504033684:function:SuggestParticipantLambda",
              "UnrigParticipantLambda": "arn:aws:lambda:us-west-2:098504033684:function:UnrigParticipantLambda",
              "UpdateParticipantLambda": "arn:aws:lambda:us-west-2:098504033684:function:UpdateParticipantLambda",
              "UpdateWheelLambda": "arn:aws:lambda:us-west-2:098504033684:function:UpdateWheelLambda",
              "api_gateway_role": "arn:aws:iam::098504033684:role/AWSOpsWheelApiGatewayRole",
              "region": "us-west-2",
              "static_bucket_name": "awsopswheelsourcebucket-20200405223841571900000003"
            }
          }
        }
      ]
    },
    {
      "module": "module.api_gateway",
      "mode": "managed",
      "type": "aws_api_gateway_deployment",
      "name": "app",
      "provider": "provider.aws",
      "instances": [
        {
          "schema_version": 0,
          "attributes": {
            "created_date": "2020-04-05T22:56:47Z",
            "description": "",
            "execution_arn": "arn:aws:execute-api:us-west-2:098504033684:o6o6owege9/app",
            "id": "64el02",
            "invoke_url": "https://o6o6owege9.execute-api.us-west-2.amazonaws.com/app",
            "rest_api_id": "o6o6owege9",
            "stage_description": "5d1b9a4a41b22f94b2604bde8793c2d2",
            "stage_name": "app",
            "variables": null
          },
          "private": "bnVsbA==",
          "dependencies": [
            "module.S3.aws_kms_key.key",
            "module.S3.aws_s3_bucket.wheel_source_bucket",
            "module.api_gateway.aws_api_gateway_rest_api.wheel_api",
            "module.dynamo.aws_dynamodb_table.participant_table",
            "module.dynamo.aws_dynamodb_table.wheel_table",
            "module.vpc.aws_route_table.private_route_table",
            "module.vpc.aws_route_table_association.route_table_association",
            "module.vpc.aws_security_group.endpoint_security_group",
            "module.vpc.aws_security_group.use_endpoint_security_group",
            "module.vpc.aws_security_group_rule.egress_dynamo",
            "module.vpc.aws_security_group_rule.egress_http",
            "module.vpc.aws_security_group_rule.egress_https",
            "module.vpc.aws_security_group_rule.ingress_http",
            "module.vpc.aws_security_group_rule.ingress_https",
            "module.vpc.aws_subnet.private_subnet",
            "module.vpc.aws_vpc.vpc",
            "module.vpc.aws_vpc_endpoint.dynamodb",
            "module.vpc.aws_vpc_endpoint.execute_api",
            "module.vpc.aws_vpc_endpoint.s3"
          ]
        }
      ]
    },
    {
      "module": "module.api_gateway",
      "mode": "managed",
      "type": "aws_api_gateway_rest_api",
      "name": "wheel_api",
      "provider": "provider.aws",
      "instances": [
        {
          "schema_version": 0,
          "attributes": {
            "api_key_source": "HEADER",
            "arn": "arn:aws:apigateway:us-west-2::/restapis/o6o6owege9",
            "binary_media_types": [],
            "body": "{\n  \"openapi\": \"3.0.1\",\n  \"info\": {\n    \"title\": \"AWSOpsWheel\",\n    \"description\": \"AWS Ops Wheel (see: https://github.com/aws/aws-ops-wheel)\",\n    \"version\": \"0.1\"\n  },\n  \"servers\": [\n    {\n      \"url\": \"https://jw0vqot0y8.execute-api.us-west-2.amazonaws.com/{basePath}\",\n      \"variables\": {\n        \"basePath\": {\n          \"default\": \"/app\"\n        }\n      }\n    }\n  ],\n  \"paths\": {\n    \"/api/wheel/{wheel_id}/participant/{participant_id}/rig\": {\n      \"put\": {\n        \"parameters\": [\n          {\n            \"name\": \"participant_id\",\n            \"in\": \"path\",\n            \"required\": true,\n            \"schema\": {\n              \"type\": \"string\"\n            }\n          },\n          {\n            \"name\": \"wheel_id\",\n            \"in\": \"path\",\n            \"required\": true,\n            \"schema\": {\n              \"type\": \"string\"\n            }\n          }\n        ],\n        \"x-amazon-apigateway-integration\": {\n          \"uri\": \"arn:aws:apigateway:us-west-2:lambda:path/2015-03-31/functions/arn:aws:lambda:us-west-2:098504033684:function:RigParticipantLambda/invocations\",\n          \"responses\": {\n            \"default\": {\n              \"statusCode\": \"200\"\n            }\n          },\n          \"passthroughBehavior\": \"when_no_match\",\n          \"httpMethod\": \"POST\",\n          \"contentHandling\": \"CONVERT_TO_TEXT\",\n          \"type\": \"aws_proxy\"\n        }\n      },\n      \"post\": {\n        \"parameters\": [\n          {\n            \"name\": \"participant_id\",\n            \"in\": \"path\",\n            \"required\": true,\n            \"schema\": {\n              \"type\": \"string\"\n            }\n          },\n          {\n            \"name\": \"wheel_id\",\n            \"in\": \"path\",\n            \"required\": true,\n            \"schema\": {\n              \"type\": \"string\"\n            }\n          }\n        ],\n        \"x-amazon-apigateway-integration\": {\n          \"uri\": \"arn:aws:apigateway:us-west-2:lambda:path/2015-03-31/functions/arn:aws:lambda:us-west-2:098504033684:function:RigParticipantLambda/invocations\",\n          \"responses\": {\n            \"default\": {\n              \"statusCode\": \"200\"\n            }\n          },\n          \"passthroughBehavior\": \"when_no_match\",\n          \"httpMethod\": \"POST\",\n          \"contentHandling\": \"CONVERT_TO_TEXT\",\n          \"type\": \"aws_proxy\"\n        }\n      }\n    },\n    \"/favicon.ico\": {\n      \"get\": {\n        \"responses\": {\n          \"200\": {\n            \"description\": \"200 response\",\n            \"headers\": {\n              \"Content-Length\": {\n                \"schema\": {\n                  \"type\": \"string\"\n                }\n              },\n              \"Content-Type\": {\n                \"schema\": {\n                  \"type\": \"string\"\n                }\n              }\n            },\n            \"content\": {\n              \"image/x-icon\": {\n                \"schema\": {\n                  \"$ref\": \"#/components/schemas/Empty\"\n                }\n              }\n            }\n          }\n        },\n        \"x-amazon-apigateway-integration\": {\n          \"credentials\": \"arn:aws:iam::098504033684:role/AWSOpsWheelApiGatewayRole\",\n          \"uri\": \"arn:aws:apigateway:us-west-2:s3:path/awsopswheelsourcebucket-20200405223841571900000003/favicon.ico\",\n          \"responses\": {\n            \"default\": {\n              \"statusCode\": \"200\"\n            }\n          },\n          \"passthroughBehavior\": \"when_no_match\",\n          \"httpMethod\": \"GET\",\n          \"type\": \"aws\"\n        }\n      }\n    },\n    \"/api/config\": {\n      \"get\": {\n        \"x-amazon-apigateway-integration\": {\n          \"uri\": \"arn:aws:apigateway:us-west-2:lambda:path/2015-03-31/functions/arn:aws:lambda:us-west-2:098504033684:function:ConfigLambda/invocations\",\n          \"responses\": {\n            \"default\": {\n              \"statusCode\": \"200\"\n            }\n          },\n          \"passthroughBehavior\": \"when_no_match\",\n          \"httpMethod\": \"POST\",\n          \"contentHandling\": \"CONVERT_TO_TEXT\",\n          \"type\": \"aws_proxy\"\n        }\n      }\n    },\n    \"/\": {\n      \"x-amazon-apigateway-any-method\": {\n        \"responses\": {\n          \"200\": {\n            \"description\": \"200 response\",\n            \"headers\": {\n              \"Content-Length\": {\n                \"schema\": {\n                  \"type\": \"string\"\n                }\n              },\n              \"Timestamp\": {\n                \"schema\": {\n                  \"type\": \"string\"\n                }\n              },\n              \"Content-Type\": {\n                \"schema\": {\n                  \"type\": \"string\"\n                }\n              }\n            },\n            \"content\": {}\n          },\n          \"400\": {\n            \"description\": \"400 response\",\n            \"content\": {}\n          },\n          \"500\": {\n            \"description\": \"500 response\",\n            \"content\": {}\n          }\n        },\n        \"x-amazon-apigateway-integration\": {\n          \"credentials\": \"arn:aws:iam::098504033684:role/AWSOpsWheelApiGatewayRole\",\n          \"uri\": \"arn:aws:apigateway:us-west-2:s3:path/awsopswheelsourcebucket-20200405223841571900000003/index.production.html\",\n          \"responses\": {\n            \"4\\\\d{2}\": {\n              \"statusCode\": \"400\"\n            },\n            \"default\": {\n              \"statusCode\": \"200\",\n              \"responseParameters\": {\n                \"method.response.header.Content-Type\": \"integration.response.header.Content-Type\",\n                \"method.response.header.Content-Length\": \"integration.response.header.Content-Length\",\n                \"method.response.header.Timestamp\": \"integration.response.header.Date\"\n              }\n            },\n            \"5\\\\d{2}\": {\n              \"statusCode\": \"500\"\n            }\n          },\n          \"passthroughBehavior\": \"when_no_match\",\n          \"httpMethod\": \"GET\",\n          \"type\": \"aws\"\n        }\n      }\n    },\n    \"/static/{item}\": {\n      \"x-amazon-apigateway-any-method\": {\n        \"parameters\": [\n          {\n            \"name\": \"item\",\n            \"in\": \"path\",\n            \"required\": true,\n            \"schema\": {\n              \"type\": \"string\"\n            }\n          }\n        ],\n        \"responses\": {\n          \"200\": {\n            \"description\": \"200 response\",\n            \"headers\": {\n              \"Content-Length\": {\n                \"schema\": {\n                  \"type\": \"string\"\n                }\n              },\n              \"Timestamp\": {\n                \"schema\": {\n                  \"type\": \"string\"\n                }\n              },\n              \"Content-Type\": {\n                \"schema\": {\n                  \"type\": \"string\"\n                }\n              }\n            },\n            \"content\": {\n              \"application/json\": {\n                \"schema\": {\n                  \"$ref\": \"#/components/schemas/Empty\"\n                }\n              }\n            }\n          },\n          \"400\": {\n            \"description\": \"400 response\",\n            \"content\": {}\n          },\n          \"500\": {\n            \"description\": \"500 response\",\n            \"content\": {}\n          }\n        },\n        \"x-amazon-apigateway-integration\": {\n          \"credentials\": \"arn:aws:iam::098504033684:role/AWSOpsWheelApiGatewayRole\",\n          \"uri\": \"arn:aws:apigateway:us-west-2:s3:path/awsopswheelsourcebucket-20200405223841571900000003/{item}\",\n          \"responses\": {\n            \"4\\\\d{2}\": {\n              \"statusCode\": \"400\"\n            },\n            \"default\": {\n              \"statusCode\": \"200\",\n              \"responseParameters\": {\n                \"method.response.header.Content-Type\": \"integration.response.header.Content-Type\",\n                \"method.response.header.Content-Length\": \"integration.response.header.Content-Length\",\n                \"method.response.header.Timestamp\": \"integration.response.header.Date\"\n              }\n            },\n            \"5\\\\d{2}\": {\n              \"statusCode\": \"500\"\n            }\n          },\n          \"requestParameters\": {\n            \"integration.request.path.item\": \"method.request.path.item\"\n          },\n          \"passthroughBehavior\": \"when_no_match\",\n          \"httpMethod\": \"GET\",\n          \"type\": \"aws\"\n        }\n      }\n    },\n    \"/api/wheel/{wheel_id}\": {\n      \"get\": {\n        \"parameters\": [\n          {\n            \"name\": \"wheel_id\",\n            \"in\": \"path\",\n            \"required\": true,\n            \"schema\": {\n              \"type\": \"string\"\n            }\n          }\n        ],\n        \"x-amazon-apigateway-integration\": {\n          \"uri\": \"arn:aws:apigateway:us-west-2:lambda:path/2015-03-31/functions/arn:aws:lambda:us-west-2:098504033684:function:GetWheelLambda/invocations\",\n          \"responses\": {\n            \"default\": {\n              \"statusCode\": \"200\"\n            }\n          },\n          \"passthroughBehavior\": \"when_no_match\",\n          \"httpMethod\": \"POST\",\n          \"contentHandling\": \"CONVERT_TO_TEXT\",\n          \"type\": \"aws_proxy\"\n        }\n      },\n      \"put\": {\n        \"parameters\": [\n          {\n            \"name\": \"wheel_id\",\n            \"in\": \"path\",\n            \"required\": true,\n            \"schema\": {\n              \"type\": \"string\"\n            }\n          }\n        ],\n        \"x-amazon-apigateway-integration\": {\n          \"uri\": \"arn:aws:apigateway:us-west-2:lambda:path/2015-03-31/functions/arn:aws:lambda:us-west-2:098504033684:function:UpdateWheelLambda/invocations\",\n          \"responses\": {\n            \"default\": {\n              \"statusCode\": \"200\"\n            }\n          },\n          \"passthroughBehavior\": \"when_no_match\",\n          \"httpMethod\": \"POST\",\n          \"contentHandling\": \"CONVERT_TO_TEXT\",\n          \"type\": \"aws_proxy\"\n        }\n      },\n      \"post\": {\n        \"parameters\": [\n          {\n            \"name\": \"wheel_id\",\n            \"in\": \"path\",\n            \"required\": true,\n            \"schema\": {\n              \"type\": \"string\"\n            }\n          }\n        ],\n        \"x-amazon-apigateway-integration\": {\n          \"uri\": \"arn:aws:apigateway:us-west-2:lambda:path/2015-03-31/functions/arn:aws:lambda:us-west-2:098504033684:function:UpdateWheelLambda/invocations\",\n          \"responses\": {\n            \"default\": {\n              \"statusCode\": \"200\"\n            }\n          },\n          \"passthroughBehavior\": \"when_no_match\",\n          \"httpMethod\": \"POST\",\n          \"contentHandling\": \"CONVERT_TO_TEXT\",\n          \"type\": \"aws_proxy\"\n        }\n      },\n      \"delete\": {\n        \"parameters\": [\n          {\n            \"name\": \"wheel_id\",\n            \"in\": \"path\",\n            \"required\": true,\n            \"schema\": {\n              \"type\": \"string\"\n            }\n          }\n        ],\n        \"x-amazon-apigateway-integration\": {\n          \"uri\": \"arn:aws:apigateway:us-west-2:lambda:path/2015-03-31/functions/arn:aws:lambda:us-west-2:098504033684:function:DeleteWheelLambda/invocations\",\n          \"responses\": {\n            \"default\": {\n              \"statusCode\": \"200\"\n            }\n          },\n          \"passthroughBehavior\": \"when_no_match\",\n          \"httpMethod\": \"POST\",\n          \"contentHandling\": \"CONVERT_TO_TEXT\",\n          \"type\": \"aws_proxy\"\n        }\n      }\n    },\n    \"/api/wheel/{wheel_id}/unrig\": {\n      \"put\": {\n        \"parameters\": [\n          {\n            \"name\": \"wheel_id\",\n            \"in\": \"path\",\n            \"required\": true,\n            \"schema\": {\n              \"type\": \"string\"\n            }\n          }\n        ],\n        \"x-amazon-apigateway-integration\": {\n          \"uri\": \"arn:aws:apigateway:us-west-2:lambda:path/2015-03-31/functions/arn:aws:lambda:us-west-2:098504033684:function:UnrigParticipantLambda/invocations\",\n          \"responses\": {\n            \"default\": {\n              \"statusCode\": \"200\"\n            }\n          },\n          \"passthroughBehavior\": \"when_no_match\",\n          \"httpMethod\": \"POST\",\n          \"contentHandling\": \"CONVERT_TO_TEXT\",\n          \"type\": \"aws_proxy\"\n        }\n      },\n      \"post\": {\n        \"parameters\": [\n          {\n            \"name\": \"wheel_id\",\n            \"in\": \"path\",\n            \"required\": true,\n            \"schema\": {\n              \"type\": \"string\"\n            }\n          }\n        ],\n        \"x-amazon-apigateway-integration\": {\n          \"uri\": \"arn:aws:apigateway:us-west-2:lambda:path/2015-03-31/functions/arn:aws:lambda:us-west-2:098504033684:function:UnrigParticipantLambda/invocations\",\n          \"responses\": {\n            \"default\": {\n              \"statusCode\": \"200\"\n            }\n          },\n          \"passthroughBehavior\": \"when_no_match\",\n          \"httpMethod\": \"POST\",\n          \"contentHandling\": \"CONVERT_TO_TEXT\",\n          \"type\": \"aws_proxy\"\n        }\n      }\n    },\n    \"/api/wheel/{wheel_id}/participant/suggest\": {\n      \"get\": {\n        \"parameters\": [\n          {\n            \"name\": \"wheel_id\",\n            \"in\": \"path\",\n            \"required\": true,\n            \"schema\": {\n              \"type\": \"string\"\n            }\n          }\n        ],\n        \"x-amazon-apigateway-integration\": {\n          \"uri\": \"arn:aws:apigateway:us-west-2:lambda:path/2015-03-31/functions/arn:aws:lambda:us-west-2:098504033684:function:SuggestParticipantLambda/invocations\",\n          \"responses\": {\n            \"default\": {\n              \"statusCode\": \"200\"\n            }\n          },\n          \"passthroughBehavior\": \"when_no_match\",\n          \"httpMethod\": \"POST\",\n          \"contentHandling\": \"CONVERT_TO_TEXT\",\n          \"type\": \"aws_proxy\"\n        }\n      }\n    },\n    \"/api/wheel/{wheel_id}/reset\": {\n      \"put\": {\n        \"parameters\": [\n          {\n            \"name\": \"wheel_id\",\n            \"in\": \"path\",\n            \"required\": true,\n            \"schema\": {\n              \"type\": \"string\"\n            }\n          }\n        ],\n        \"x-amazon-apigateway-integration\": {\n          \"uri\": \"arn:aws:apigateway:us-west-2:lambda:path/2015-03-31/functions/arn:aws:lambda:us-west-2:098504033684:function:ResetWheelLambda/invocations\",\n          \"responses\": {\n            \"default\": {\n              \"statusCode\": \"200\"\n            }\n          },\n          \"passthroughBehavior\": \"when_no_match\",\n          \"httpMethod\": \"POST\",\n          \"contentHandling\": \"CONVERT_TO_TEXT\",\n          \"type\": \"aws_proxy\"\n        }\n      },\n      \"post\": {\n        \"parameters\": [\n          {\n            \"name\": \"wheel_id\",\n            \"in\": \"path\",\n            \"required\": true,\n            \"schema\": {\n              \"type\": \"string\"\n            }\n          }\n        ],\n        \"x-amazon-apigateway-integration\": {\n          \"uri\": \"arn:aws:apigateway:us-west-2:lambda:path/2015-03-31/functions/arn:aws:lambda:us-west-2:098504033684:function:ResetWheelLambda/invocations\",\n          \"responses\": {\n            \"default\": {\n              \"statusCode\": \"200\"\n            }\n          },\n          \"passthroughBehavior\": \"when_no_match\",\n          \"httpMethod\": \"POST\",\n          \"contentHandling\": \"CONVERT_TO_TEXT\",\n          \"type\": \"aws_proxy\"\n        }\n      }\n    },\n    \"/{item}\": {\n      \"x-amazon-apigateway-any-method\": {\n        \"parameters\": [\n          {\n            \"name\": \"item\",\n            \"in\": \"path\",\n            \"required\": true,\n            \"schema\": {\n              \"type\": \"string\"\n            }\n          }\n        ],\n        \"responses\": {\n          \"200\": {\n            \"description\": \"200 response\",\n            \"headers\": {\n              \"Content-Length\": {\n                \"schema\": {\n                  \"type\": \"string\"\n                }\n              },\n              \"Timestamp\": {\n                \"schema\": {\n                  \"type\": \"string\"\n                }\n              },\n              \"Content-Type\": {\n                \"schema\": {\n                  \"type\": \"string\"\n                }\n              }\n            },\n            \"content\": {\n              \"application/json\": {\n                \"schema\": {\n                  \"$ref\": \"#/components/schemas/Empty\"\n                }\n              }\n            }\n          },\n          \"400\": {\n            \"description\": \"400 response\",\n            \"content\": {}\n          },\n          \"500\": {\n            \"description\": \"500 response\",\n            \"content\": {}\n          }\n        },\n        \"x-amazon-apigateway-integration\": {\n          \"credentials\": \"arn:aws:iam::098504033684:role/AWSOpsWheelApiGatewayRole\",\n          \"uri\": \"arn:aws:apigateway:us-west-2:s3:path/awsopswheelsourcebucket-20200405223841571900000003/{item}\",\n          \"responses\": {\n            \"4\\\\d{2}\": {\n              \"statusCode\": \"400\"\n            },\n            \"default\": {\n              \"statusCode\": \"200\",\n              \"responseParameters\": {\n                \"method.response.header.Content-Type\": \"integration.response.header.Content-Type\",\n                \"method.response.header.Content-Length\": \"integration.response.header.Content-Length\",\n                \"method.response.header.Timestamp\": \"integration.response.header.Date\"\n              }\n            },\n            \"5\\\\d{2}\": {\n              \"statusCode\": \"500\"\n            }\n          },\n          \"requestParameters\": {\n            \"integration.request.path.item\": \"method.request.path.item\"\n          },\n          \"passthroughBehavior\": \"when_no_match\",\n          \"httpMethod\": \"GET\",\n          \"type\": \"aws\"\n        }\n      }\n    },\n    \"/api/wheel\": {\n      \"get\": {\n        \"x-amazon-apigateway-integration\": {\n          \"uri\": \"arn:aws:apigateway:us-west-2:lambda:path/2015-03-31/functions/arn:aws:lambda:us-west-2:098504033684:function:ListWheelsLambda/invocations\",\n          \"responses\": {\n            \"default\": {\n              \"statusCode\": \"200\"\n            }\n          },\n          \"passthroughBehavior\": \"when_no_match\",\n          \"httpMethod\": \"POST\",\n          \"contentHandling\": \"CONVERT_TO_TEXT\",\n          \"type\": \"aws_proxy\"\n        }\n      },\n      \"put\": {\n        \"x-amazon-apigateway-integration\": {\n          \"uri\": \"arn:aws:apigateway:us-west-2:lambda:path/2015-03-31/functions/arn:aws:lambda:us-west-2:098504033684:function:CreateWheelLambda/invocations\",\n          \"responses\": {\n            \"default\": {\n              \"statusCode\": \"200\"\n            }\n          },\n          \"passthroughBehavior\": \"when_no_match\",\n          \"httpMethod\": \"POST\",\n          \"contentHandling\": \"CONVERT_TO_TEXT\",\n          \"type\": \"aws_proxy\"\n        }\n      },\n      \"post\": {\n        \"x-amazon-apigateway-integration\": {\n          \"uri\": \"arn:aws:apigateway:us-west-2:lambda:path/2015-03-31/functions/arn:aws:lambda:us-west-2:098504033684:function:CreateWheelLambda/invocations\",\n          \"responses\": {\n            \"default\": {\n              \"statusCode\": \"200\"\n            }\n          },\n          \"passthroughBehavior\": \"when_no_match\",\n          \"httpMethod\": \"POST\",\n          \"contentHandling\": \"CONVERT_TO_TEXT\",\n          \"type\": \"aws_proxy\"\n        }\n      }\n    },\n    \"/api/wheel/{wheel_id}/participant\": {\n      \"get\": {\n        \"parameters\": [\n          {\n            \"name\": \"wheel_id\",\n            \"in\": \"path\",\n            \"required\": true,\n            \"schema\": {\n              \"type\": \"string\"\n            }\n          }\n        ],\n        \"x-amazon-apigateway-integration\": {\n          \"uri\": \"arn:aws:apigateway:us-west-2:lambda:path/2015-03-31/functions/arn:aws:lambda:us-west-2:098504033684:function:ListParticipantsLambda/invocations\",\n          \"responses\": {\n            \"default\": {\n              \"statusCode\": \"200\"\n            }\n          },\n          \"passthroughBehavior\": \"when_no_match\",\n          \"httpMethod\": \"POST\",\n          \"contentHandling\": \"CONVERT_TO_TEXT\",\n          \"type\": \"aws_proxy\"\n        }\n      },\n      \"put\": {\n        \"parameters\": [\n          {\n            \"name\": \"wheel_id\",\n            \"in\": \"path\",\n            \"required\": true,\n            \"schema\": {\n              \"type\": \"string\"\n            }\n          }\n        ],\n        \"x-amazon-apigateway-integration\": {\n          \"uri\": \"arn:aws:apigateway:us-west-2:lambda:path/2015-03-31/functions/arn:aws:lambda:us-west-2:098504033684:function:CreateParticipantLambda/invocations\",\n          \"responses\": {\n            \"default\": {\n              \"statusCode\": \"200\"\n            }\n          },\n          \"passthroughBehavior\": \"when_no_match\",\n          \"httpMethod\": \"POST\",\n          \"contentHandling\": \"CONVERT_TO_TEXT\",\n          \"type\": \"aws_proxy\"\n        }\n      },\n      \"post\": {\n        \"parameters\": [\n          {\n            \"name\": \"wheel_id\",\n            \"in\": \"path\",\n            \"required\": true,\n            \"schema\": {\n              \"type\": \"string\"\n            }\n          }\n        ],\n        \"x-amazon-apigateway-integration\": {\n          \"uri\": \"arn:aws:apigateway:us-west-2:lambda:path/2015-03-31/functions/arn:aws:lambda:us-west-2:098504033684:function:CreateParticipantLambda/invocations\",\n          \"responses\": {\n            \"default\": {\n              \"statusCode\": \"200\"\n            }\n          },\n          \"passthroughBehavior\": \"when_no_match\",\n          \"httpMethod\": \"POST\",\n          \"contentHandling\": \"CONVERT_TO_TEXT\",\n          \"type\": \"aws_proxy\"\n        }\n      }\n    },\n    \"/api/wheel/{wheel_id}/participant/{participant_id}\": {\n      \"put\": {\n        \"parameters\": [\n          {\n            \"name\": \"participant_id\",\n            \"in\": \"path\",\n            \"required\": true,\n            \"schema\": {\n              \"type\": \"string\"\n            }\n          },\n          {\n            \"name\": \"wheel_id\",\n            \"in\": \"path\",\n            \"required\": true,\n            \"schema\": {\n              \"type\": \"string\"\n            }\n          }\n        ],\n        \"x-amazon-apigateway-integration\": {\n          \"uri\": \"arn:aws:apigateway:us-west-2:lambda:path/2015-03-31/functions/arn:aws:lambda:us-west-2:098504033684:function:UpdateParticipantLambda/invocations\",\n          \"responses\": {\n            \"default\": {\n              \"statusCode\": \"200\"\n            }\n          },\n          \"passthroughBehavior\": \"when_no_match\",\n          \"httpMethod\": \"POST\",\n          \"contentHandling\": \"CONVERT_TO_TEXT\",\n          \"type\": \"aws_proxy\"\n        }\n      },\n      \"post\": {\n        \"parameters\": [\n          {\n            \"name\": \"participant_id\",\n            \"in\": \"path\",\n            \"required\": true,\n            \"schema\": {\n              \"type\": \"string\"\n            }\n          },\n          {\n            \"name\": \"wheel_id\",\n            \"in\": \"path\",\n            \"required\": true,\n            \"schema\": {\n              \"type\": \"string\"\n            }\n          }\n        ],\n        \"x-amazon-apigateway-integration\": {\n          \"uri\": \"arn:aws:apigateway:us-west-2:lambda:path/2015-03-31/functions/arn:aws:lambda:us-west-2:098504033684:function:UpdateParticipantLambda/invocations\",\n          \"responses\": {\n            \"default\": {\n              \"statusCode\": \"200\"\n            }\n          },\n          \"passthroughBehavior\": \"when_no_match\",\n          \"httpMethod\": \"POST\",\n          \"contentHandling\": \"CONVERT_TO_TEXT\",\n          \"type\": \"aws_proxy\"\n        }\n      },\n      \"delete\": {\n        \"parameters\": [\n          {\n            \"name\": \"participant_id\",\n            \"in\": \"path\",\n            \"required\": true,\n            \"schema\": {\n              \"type\": \"string\"\n            }\n          },\n          {\n            \"name\": \"wheel_id\",\n            \"in\": \"path\",\n            \"required\": true,\n            \"schema\": {\n              \"type\": \"string\"\n            }\n          }\n        ],\n        \"x-amazon-apigateway-integration\": {\n          \"uri\": \"arn:aws:apigateway:us-west-2:lambda:path/2015-03-31/functions/arn:aws:lambda:us-west-2:098504033684:function:DeleteParticipantLambda/invocations\",\n          \"responses\": {\n            \"default\": {\n              \"statusCode\": \"200\"\n            }\n          },\n          \"passthroughBehavior\": \"when_no_match\",\n          \"httpMethod\": \"POST\",\n          \"contentHandling\": \"CONVERT_TO_TEXT\",\n          \"type\": \"aws_proxy\"\n        }\n      }\n    },\n    \"/api/wheel/{wheel_id}/participant/{participant_id}/select\": {\n      \"put\": {\n        \"parameters\": [\n          {\n            \"name\": \"participant_id\",\n            \"in\": \"path\",\n            \"required\": true,\n            \"schema\": {\n              \"type\": \"string\"\n            }\n          },\n          {\n            \"name\": \"wheel_id\",\n            \"in\": \"path\",\n            \"required\": true,\n            \"schema\": {\n              \"type\": \"string\"\n            }\n          }\n        ],\n        \"x-amazon-apigateway-integration\": {\n          \"uri\": \"arn:aws:apigateway:us-west-2:lambda:path/2015-03-31/functions/arn:aws:lambda:us-west-2:098504033684:function:SelectParticipantLambda/invocations\",\n          \"responses\": {\n            \"default\": {\n              \"statusCode\": \"200\"\n            }\n          },\n          \"passthroughBehavior\": \"when_no_match\",\n          \"httpMethod\": \"POST\",\n          \"contentHandling\": \"CONVERT_TO_TEXT\",\n          \"type\": \"aws_proxy\"\n        }\n      },\n      \"post\": {\n        \"parameters\": [\n          {\n            \"name\": \"participant_id\",\n            \"in\": \"path\",\n            \"required\": true,\n            \"schema\": {\n              \"type\": \"string\"\n            }\n          },\n          {\n            \"name\": \"wheel_id\",\n            \"in\": \"path\",\n            \"required\": true,\n            \"schema\": {\n              \"type\": \"string\"\n            }\n          }\n        ],\n        \"x-amazon-apigateway-integration\": {\n          \"uri\": \"arn:aws:apigateway:us-west-2:lambda:path/2015-03-31/functions/arn:aws:lambda:us-west-2:098504033684:function:SelectParticipantLambda/invocations\",\n          \"responses\": {\n            \"default\": {\n              \"statusCode\": \"200\"\n            }\n          },\n          \"passthroughBehavior\": \"when_no_match\",\n          \"httpMethod\": \"POST\",\n          \"contentHandling\": \"CONVERT_TO_TEXT\",\n          \"type\": \"aws_proxy\"\n        }\n      }\n    }\n  },\n  \"components\": {\n    \"schemas\": {\n      \"Empty\": {\n        \"title\": \"Empty Schema\",\n        \"type\": \"object\"\n      }\n    }\n  },\n  \"x-amazon-apigateway-binary-media-types\": [\n    \"audio/mpeg\",\n    \"audio/*\",\n    \"image/x-icon\",\n    \"application/font*\",\n    \"font/*\"\n  ]\n}",
            "created_date": "2020-04-05T22:50:12Z",
            "description": "",
            "endpoint_configuration": [
              {
                "types": [
                  "PRIVATE"
                ],
                "vpc_endpoint_ids": [
                  "vpce-05d19278d496c242e"
                ]
              }
            ],
            "execution_arn": "arn:aws:execute-api:us-west-2:098504033684:o6o6owege9",
            "id": "o6o6owege9",
            "minimum_compression_size": -1,
            "name": "AWSOpsWheel",
            "policy": "{\"Version\":\"2008-10-17\",\"Statement\":[{\"Effect\":\"Deny\",\"Principal\":\"*\",\"Action\":\"execute-api:Invoke\",\"Resource\":\"*\",\"Condition\":{\"StringNotEquals\":{\"aws:sourceVpc\":\"vpce-05d19278d496c242e\"}}},{\"Effect\":\"Allow\",\"Principal\":\"*\",\"Action\":\"execute-api:Invoke\",\"Resource\":\"*\"}]}",
            "root_resource_id": "lgziy9rl97",
            "tags": {}
          },
          "private": "bnVsbA==",
          "dependencies": [
            "module.S3.aws_kms_key.key",
            "module.S3.aws_s3_bucket.wheel_source_bucket",
            "module.dynamo.aws_dynamodb_table.participant_table",
            "module.dynamo.aws_dynamodb_table.wheel_table",
            "module.vpc.aws_route_table.private_route_table",
            "module.vpc.aws_route_table_association.route_table_association",
            "module.vpc.aws_security_group.endpoint_security_group",
            "module.vpc.aws_security_group.use_endpoint_security_group",
            "module.vpc.aws_security_group_rule.egress_dynamo",
            "module.vpc.aws_security_group_rule.egress_http",
            "module.vpc.aws_security_group_rule.egress_https",
            "module.vpc.aws_security_group_rule.ingress_http",
            "module.vpc.aws_security_group_rule.ingress_https",
            "module.vpc.aws_subnet.private_subnet",
            "module.vpc.aws_vpc.vpc",
            "module.vpc.aws_vpc_endpoint.dynamodb",
            "module.vpc.aws_vpc_endpoint.execute_api",
            "module.vpc.aws_vpc_endpoint.s3"
          ]
        }
      ]
    },
    {
      "module": "module.dynamo",
      "mode": "managed",
      "type": "aws_dynamodb_table",
      "name": "participant_table",
      "provider": "provider.aws",
      "instances": [
        {
          "schema_version": 1,
          "attributes": {
            "arn": "arn:aws:dynamodb:us-west-2:098504033684:table/participantDynamoDBTable",
            "attribute": [
              {
                "name": "id",
                "type": "S"
              },
              {
                "name": "wheel_id",
                "type": "S"
              }
            ],
            "billing_mode": "PAY_PER_REQUEST",
            "global_secondary_index": [],
            "hash_key": "wheel_id",
            "id": "participantDynamoDBTable",
            "local_secondary_index": [],
            "name": "participantDynamoDBTable",
            "point_in_time_recovery": [
              {
                "enabled": false
              }
            ],
            "range_key": "id",
            "read_capacity": 0,
            "server_side_encryption": [],
            "stream_arn": "",
            "stream_enabled": false,
            "stream_label": "",
            "stream_view_type": "",
            "tags": {},
            "timeouts": null,
            "ttl": [
              {
                "attribute_name": "",
                "enabled": false
              }
            ],
            "write_capacity": 0
          },
          "private": "eyJlMmJmYjczMC1lY2FhLTExZTYtOGY4OC0zNDM2M2JjN2M0YzAiOnsiY3JlYXRlIjo2MDAwMDAwMDAwMDAsImRlbGV0ZSI6NjAwMDAwMDAwMDAwLCJ1cGRhdGUiOjM2MDAwMDAwMDAwMDB9LCJzY2hlbWFfdmVyc2lvbiI6IjEifQ=="
        }
      ]
    },
    {
      "module": "module.dynamo",
      "mode": "managed",
      "type": "aws_dynamodb_table",
      "name": "wheel_table",
      "provider": "provider.aws",
      "instances": [
        {
          "schema_version": 1,
          "attributes": {
            "arn": "arn:aws:dynamodb:us-west-2:098504033684:table/wheelDynamoDBTable",
            "attribute": [
              {
                "name": "id",
                "type": "S"
              }
            ],
            "billing_mode": "PAY_PER_REQUEST",
            "global_secondary_index": [],
            "hash_key": "id",
            "id": "wheelDynamoDBTable",
            "local_secondary_index": [],
            "name": "wheelDynamoDBTable",
            "point_in_time_recovery": [
              {
                "enabled": false
              }
            ],
            "range_key": null,
            "read_capacity": 0,
            "server_side_encryption": [],
            "stream_arn": "",
            "stream_enabled": false,
            "stream_label": "",
            "stream_view_type": "",
            "tags": {},
            "timeouts": null,
            "ttl": [
              {
                "attribute_name": "",
                "enabled": false
              }
            ],
            "write_capacity": 0
          },
          "private": "eyJlMmJmYjczMC1lY2FhLTExZTYtOGY4OC0zNDM2M2JjN2M0YzAiOnsiY3JlYXRlIjo2MDAwMDAwMDAwMDAsImRlbGV0ZSI6NjAwMDAwMDAwMDAwLCJ1cGRhdGUiOjM2MDAwMDAwMDAwMDB9LCJzY2hlbWFfdmVyc2lvbiI6IjEifQ=="
        }
      ]
    },
    {
      "module": "module.ec2_test",
      "mode": "managed",
      "type": "aws_iam_instance_profile",
      "name": "ec2_profile",
      "provider": "provider.aws",
      "instances": [
        {
          "schema_version": 0,
          "attributes": {
            "arn": "arn:aws:iam::098504033684:instance-profile/profile",
            "create_date": "2020-04-05T22:38:38Z",
            "id": "profile",
            "name": "profile",
            "name_prefix": null,
            "path": "/",
            "role": "test_role",
            "roles": [
              "test_role"
            ],
            "unique_id": "AIPARN32MIWKJNMGOMZE7"
          },
          "private": "bnVsbA==",
          "dependencies": [
            "module.ec2_test.aws_iam_role.ec2_role"
          ]
        }
      ]
    },
    {
      "module": "module.api_gateway",
      "mode": "managed",
      "type": "aws_iam_role",
      "name": "api_gateway_role",
      "provider": "provider.aws",
      "instances": [
        {
          "schema_version": 0,
          "attributes": {
            "arn": "arn:aws:iam::098504033684:role/AWSOpsWheelApiGatewayRole",
            "assume_role_policy": "{\"Version\":\"2012-10-17\",\"Statement\":[{\"Effect\":\"Allow\",\"Principal\":{\"Service\":\"apigateway.amazonaws.com\"},\"Action\":\"sts:AssumeRole\"}]}",
            "create_date": "2020-04-05T22:38:38Z",
            "description": "",
            "force_detach_policies": false,
            "id": "AWSOpsWheelApiGatewayRole",
            "max_session_duration": 3600,
            "name": "AWSOpsWheelApiGatewayRole",
            "name_prefix": null,
            "path": "/",
            "permissions_boundary": null,
            "tags": {},
            "unique_id": "AROARN32MIWKPE7V6D5LH"
          },
          "private": "bnVsbA=="
        }
      ]
    },
    {
      "module": "module.ec2_test",
      "mode": "managed",
      "type": "aws_iam_role",
      "name": "ec2_role",
      "provider": "provider.aws",
      "instances": [
        {
          "schema_version": 0,
          "attributes": {
            "arn": "arn:aws:iam::098504033684:role/test_role",
            "assume_role_policy": "{\"Version\":\"2012-10-17\",\"Statement\":[{\"Sid\":\"\",\"Effect\":\"Allow\",\"Principal\":{\"Service\":\"ec2.amazonaws.com\"},\"Action\":\"sts:AssumeRole\"}]}",
            "create_date": "2020-04-05T21:24:55Z",
            "description": "",
            "force_detach_policies": false,
            "id": "test_role",
            "max_session_duration": 3600,
            "name": "test_role",
            "name_prefix": null,
            "path": "/",
            "permissions_boundary": null,
            "tags": {},
            "unique_id": "AROARN32MIWKB4X6IALW6"
          }
        }
      ]
    },
    {
      "module": "module.lambda",
      "mode": "managed",
      "type": "aws_iam_role",
      "name": "lambda_role",
      "provider": "provider.aws",
      "instances": [
        {
          "schema_version": 0,
          "attributes": {
            "arn": "arn:aws:iam::098504033684:role/AWSOpsWheelLambdaRole",
            "assume_role_policy": "{\"Version\":\"2012-10-17\",\"Statement\":[{\"Effect\":\"Allow\",\"Principal\":{\"Service\":\"lambda.amazonaws.com\"},\"Action\":\"sts:AssumeRole\"}]}",
            "create_date": "2020-04-05T22:38:38Z",
            "description": "",
            "force_detach_policies": false,
            "id": "AWSOpsWheelLambdaRole",
            "max_session_duration": 3600,
            "name": "AWSOpsWheelLambdaRole",
            "name_prefix": null,
            "path": "/",
            "permissions_boundary": null,
            "tags": {},
            "unique_id": "AROARN32MIWKCJWLMCK32"
          },
          "private": "bnVsbA=="
        }
      ]
    },
    {
      "module": "module.api_gateway",
      "mode": "managed",
      "type": "aws_iam_role_policy",
      "name": "api_gateway_policy",
      "provider": "provider.aws",
      "instances": [
        {
          "schema_version": 0,
          "attributes": {
            "id": "AWSOpsWheelApiGatewayRole:AWSOpsWheelApiGatewayPolicy",
            "name": "AWSOpsWheelApiGatewayPolicy",
            "name_prefix": null,
            "policy": "{\n    \"Version\": \"2012-10-17\",\n    \"Statement\": [\n        {\n            \"Effect\": \"Allow\",\n            \"Action\": [\n                \"s3:GetObject\"\n            ],\n            \"Resource\": \"arn:aws:s3:::awsopswheelsourcebucket-20200405223841571900000003/*\"\n        },\n        {\n          \"Sid\": \"AllowAccessThroughEndpointOnly\",\n          \"Action\": \"s3:*\",\n          \"Effect\": \"Deny\",\n          \"Resource\": \"*\",\n          \"Condition\": { \"StringNotEquals\" : { \"aws:sourceVpce\": \"vpce-01c3ce90fd1b1439b\" } }\n        }  \n    ]\n}\n",
            "role": "AWSOpsWheelApiGatewayRole"
          },
          "private": "bnVsbA==",
          "dependencies": [
            "module.S3.aws_kms_key.key",
            "module.S3.aws_s3_bucket.wheel_source_bucket",
            "module.api_gateway.aws_iam_role.api_gateway_role",
            "module.dynamo.aws_dynamodb_table.participant_table",
            "module.dynamo.aws_dynamodb_table.wheel_table",
            "module.vpc.aws_route_table.private_route_table",
            "module.vpc.aws_route_table_association.route_table_association",
            "module.vpc.aws_security_group.endpoint_security_group",
            "module.vpc.aws_security_group.use_endpoint_security_group",
            "module.vpc.aws_security_group_rule.egress_dynamo",
            "module.vpc.aws_security_group_rule.egress_http",
            "module.vpc.aws_security_group_rule.egress_https",
            "module.vpc.aws_security_group_rule.ingress_http",
            "module.vpc.aws_security_group_rule.ingress_https",
            "module.vpc.aws_subnet.private_subnet",
            "module.vpc.aws_vpc.vpc",
            "module.vpc.aws_vpc_endpoint.dynamodb",
            "module.vpc.aws_vpc_endpoint.execute_api",
            "module.vpc.aws_vpc_endpoint.s3"
          ]
        }
      ]
    },
    {
      "module": "module.lambda",
      "mode": "managed",
      "type": "aws_iam_role_policy",
      "name": "lambda_policy",
      "provider": "provider.aws",
      "instances": [
        {
          "schema_version": 0,
          "attributes": {
            "id": "AWSOpsWheelLambdaRole:AWSOpsWheelLambdaPolicy",
            "name": "AWSOpsWheelLambdaPolicy",
            "name_prefix": null,
            "policy": "{\n    \"Version\": \"2012-10-17\",\n    \"Statement\": [\n        {\n            \"Sid\": \"DynamoTableAccess\",\n            \"Action\": [\n                \"dynamodb:DeleteItem\",\n                \"dynamodb:GetItem\",\n                \"dynamodb:PutItem\",\n                \"dynamodb:Scan\",\n                \"dynamodb:Query\",\n                \"dynamodb:UpdateItem\",\n                \"dynamodb:BatchWriteItem\"\n            ],\n          \"Resource\":  [ \n            \"arn:aws:dynamodb:us-west-2:098504033684:table/participantDynamoDBTable\",\n            \"arn:aws:dynamodb:us-west-2:098504033684:table/wheelDynamoDBTable\"\n          ],\n          \"Effect\": \"Allow\"\n        },\n        {\n          \"Sid\": \"AllowAccessThroughEndpointOnly\",\n          \"Action\": \"dynamodb:*\",\n          \"Effect\": \"Deny\",\n          \"Resource\": \"*\",\n          \"Condition\": { \"StringNotEquals\" : { \"aws:sourceVpce\": \"vpce-08857763bd6036f58\" } }\n        }  \n    ]\n}\n",
            "role": "AWSOpsWheelLambdaRole"
          },
          "private": "bnVsbA==",
          "dependencies": [
            "module.S3.aws_kms_key.key",
            "module.S3.aws_s3_bucket.wheel_source_bucket",
            "module.dynamo.aws_dynamodb_table.participant_table",
            "module.dynamo.aws_dynamodb_table.wheel_table",
            "module.lambda.aws_iam_role.lambda_role",
            "module.vpc.aws_route_table.private_route_table",
            "module.vpc.aws_route_table_association.route_table_association",
            "module.vpc.aws_security_group.endpoint_security_group",
            "module.vpc.aws_security_group.use_endpoint_security_group",
            "module.vpc.aws_security_group_rule.egress_dynamo",
            "module.vpc.aws_security_group_rule.egress_http",
            "module.vpc.aws_security_group_rule.egress_https",
            "module.vpc.aws_security_group_rule.ingress_http",
            "module.vpc.aws_security_group_rule.ingress_https",
            "module.vpc.aws_subnet.private_subnet",
            "module.vpc.aws_vpc.vpc",
            "module.vpc.aws_vpc_endpoint.dynamodb",
            "module.vpc.aws_vpc_endpoint.execute_api",
            "module.vpc.aws_vpc_endpoint.s3"
          ]
        }
      ]
    },
    {
      "module": "module.lambda",
      "mode": "managed",
      "type": "aws_iam_role_policy_attachment",
      "name": "basic_lambda_attach",
      "provider": "provider.aws",
      "instances": [
        {
          "schema_version": 0,
          "attributes": {
            "id": "AWSOpsWheelLambdaRole-20200405223839011000000001",
            "policy_arn": "arn:aws:iam::aws:policy/service-role/AWSLambdaBasicExecutionRole",
            "role": "AWSOpsWheelLambdaRole"
          },
          "private": "bnVsbA==",
          "dependencies": [
            "module.lambda.aws_iam_role.lambda_role"
          ]
        }
      ]
    },
    {
      "module": "module.lambda",
      "mode": "managed",
      "type": "aws_iam_role_policy_attachment",
      "name": "vpc_access_lambda_attach",
      "provider": "provider.aws",
      "instances": [
        {
          "schema_version": 0,
          "attributes": {
            "id": "AWSOpsWheelLambdaRole-20200405223839021000000002",
            "policy_arn": "arn:aws:iam::aws:policy/service-role/AWSLambdaVPCAccessExecutionRole",
            "role": "AWSOpsWheelLambdaRole"
          },
          "private": "bnVsbA==",
          "dependencies": [
            "module.lambda.aws_iam_role.lambda_role"
          ]
        }
      ]
    },
    {
      "module": "module.ec2_test",
      "mode": "managed",
      "type": "aws_instance",
      "name": "test",
      "provider": "provider.aws",
      "instances": [
        {
          "schema_version": 1,
          "attributes": {
            "ami": "ami-0ce21b51cb31a48b8",
            "arn": "arn:aws:ec2:us-west-2:098504033684:instance/i-0ad9a34e900153ff7",
            "associate_public_ip_address": false,
            "availability_zone": "us-west-2d",
            "cpu_core_count": 1,
            "cpu_threads_per_core": 2,
            "credit_specification": [
              {
                "cpu_credits": "unlimited"
              }
            ],
            "disable_api_termination": false,
            "ebs_block_device": [],
            "ebs_optimized": false,
            "ephemeral_block_device": [],
            "get_password_data": false,
            "hibernation": false,
            "host_id": null,
            "iam_instance_profile": "profile",
            "id": "i-0ad9a34e900153ff7",
            "instance_initiated_shutdown_behavior": null,
            "instance_state": "running",
            "instance_type": "t3.micro",
            "ipv6_address_count": 0,
            "ipv6_addresses": [],
            "key_name": "",
            "metadata_options": [
              {
                "http_endpoint": "enabled",
                "http_put_response_hop_limit": 1,
                "http_tokens": "optional"
              }
            ],
            "monitoring": false,
            "network_interface": [],
            "network_interface_id": null,
            "password_data": "",
            "placement_group": "",
            "primary_network_interface_id": "eni-0aae7f5618efe9b5d",
            "private_dns": "ip-10-0-0-54.us-west-2.compute.internal",
            "private_ip": "10.0.0.54",
            "public_dns": "",
            "public_ip": "",
            "root_block_device": [
              {
                "delete_on_termination": true,
                "encrypted": true,
                "iops": 100,
                "kms_key_id": "arn:aws:kms:us-west-2:098504033684:key/5734b325-94de-4320-81d3-b60b0b720a34",
                "volume_id": "vol-03889e4593b186906",
                "volume_size": 8,
                "volume_type": "gp2"
              }
            ],
            "security_groups": [],
            "source_dest_check": true,
            "subnet_id": "subnet-01b8cf53fc4c72c72",
            "tags": {
              "Name": "test private api (delete me)"
            },
            "tenancy": "default",
            "timeouts": null,
            "user_data": "9e347184c3c84f391398f9bba1e0c96b4ea6b870",
            "user_data_base64": null,
            "volume_tags": {},
            "vpc_security_group_ids": [
              "sg-09be3487b41f29d21"
            ]
          },
          "private": "eyJlMmJmYjczMC1lY2FhLTExZTYtOGY4OC0zNDM2M2JjN2M0YzAiOnsiY3JlYXRlIjo2MDAwMDAwMDAwMDAsImRlbGV0ZSI6MTIwMDAwMDAwMDAwMCwidXBkYXRlIjo2MDAwMDAwMDAwMDB9LCJzY2hlbWFfdmVyc2lvbiI6IjEifQ==",
          "dependencies": [
            "module.S3.aws_kms_key.key",
            "module.S3.aws_s3_bucket.wheel_source_bucket",
            "module.dynamo.aws_dynamodb_table.participant_table",
            "module.dynamo.aws_dynamodb_table.wheel_table",
            "module.ec2_test.aws_iam_instance_profile.ec2_profile",
            "module.ec2_test.aws_iam_role.ec2_role",
            "module.ec2_test.aws_security_group.allow_https",
            "module.vpc.aws_route_table.private_route_table",
            "module.vpc.aws_route_table_association.route_table_association",
            "module.vpc.aws_security_group.endpoint_security_group",
            "module.vpc.aws_security_group.use_endpoint_security_group",
            "module.vpc.aws_security_group_rule.egress_dynamo",
            "module.vpc.aws_security_group_rule.egress_http",
            "module.vpc.aws_security_group_rule.egress_https",
            "module.vpc.aws_security_group_rule.ingress_http",
            "module.vpc.aws_security_group_rule.ingress_https",
            "module.vpc.aws_subnet.private_subnet",
            "module.vpc.aws_vpc.vpc",
            "module.vpc.aws_vpc_endpoint.dynamodb",
            "module.vpc.aws_vpc_endpoint.execute_api",
            "module.vpc.aws_vpc_endpoint.s3"
          ]
        }
      ]
    },
    {
      "module": "module.S3",
      "mode": "managed",
      "type": "aws_kms_key",
      "name": "key",
      "provider": "provider.aws",
      "instances": [
        {
          "schema_version": 0,
          "attributes": {
            "arn": "arn:aws:kms:us-west-2:098504033684:key/99b37852-54c4-4fde-9867-520cf5c35564",
            "customer_master_key_spec": "SYMMETRIC_DEFAULT",
            "deletion_window_in_days": null,
            "description": "awsopswheelsourcebucket key",
            "enable_key_rotation": false,
            "id": "99b37852-54c4-4fde-9867-520cf5c35564",
            "is_enabled": true,
            "key_id": "99b37852-54c4-4fde-9867-520cf5c35564",
            "key_usage": "ENCRYPT_DECRYPT",
            "policy": "{\"Id\":\"key-default-1\",\"Statement\":[{\"Action\":\"kms:*\",\"Effect\":\"Allow\",\"Principal\":{\"AWS\":\"arn:aws:iam::098504033684:root\"},\"Resource\":\"*\",\"Sid\":\"Enable IAM User Permissions\"}],\"Version\":\"2012-10-17\"}",
            "tags": {}
          },
          "private": "bnVsbA=="
        }
      ]
    },
    {
      "module": "module.lambda",
      "mode": "managed",
      "type": "aws_lambda_function",
      "name": "lambda",
      "each": "list",
      "provider": "provider.aws",
      "instances": [
        {
          "index_key": 0,
          "schema_version": 0,
          "attributes": {
            "arn": "arn:aws:lambda:us-west-2:098504033684:function:ConfigLambda",
            "dead_letter_config": [],
            "description": "Return configuration details",
            "environment": [
              {
                "variables": {
                  "APP_CLIENT_ID": "N/A",
                  "PARTICIPANT_TABLE": "participantDynamoDBTable",
                  "USER_POOL_ID": "N/A",
                  "WHEEL_TABLE": "wheelDynamoDBTable"
                }
              }
            ],
            "filename": "./../build/lambda.zip",
            "function_name": "ConfigLambda",
            "handler": "base.config",
            "id": "ConfigLambda",
            "invoke_arn": "arn:aws:apigateway:us-west-2:lambda:path/2015-03-31/functions/arn:aws:lambda:us-west-2:098504033684:function:ConfigLambda/invocations",
            "kms_key_arn": "",
            "last_modified": "2020-04-05T22:50:15.604+0000",
            "layers": [],
            "memory_size": 128,
            "publish": false,
            "qualified_arn": "arn:aws:lambda:us-west-2:098504033684:function:ConfigLambda:$LATEST",
            "reserved_concurrent_executions": -1,
            "role": "arn:aws:iam::098504033684:role/AWSOpsWheelLambdaRole",
            "runtime": "python3.6",
            "s3_bucket": null,
            "s3_key": null,
            "s3_object_version": null,
            "source_code_hash": "pFURw9Cz5u0WIMNuoi7QApO9i559kFa84q2sS4IKPT4=",
            "source_code_size": 9327,
            "tags": {},
            "timeout": 3,
            "timeouts": null,
            "tracing_config": [
              {
                "mode": "PassThrough"
              }
            ],
            "version": "$LATEST",
            "vpc_config": [
              {
                "security_group_ids": [
                  "sg-0b0f10fcace7970ed"
                ],
                "subnet_ids": [
                  "subnet-01b8cf53fc4c72c72"
                ],
                "vpc_id": "vpc-03979ec8dd295d5ee"
              }
            ]
          },
          "private": "eyJlMmJmYjczMC1lY2FhLTExZTYtOGY4OC0zNDM2M2JjN2M0YzAiOnsiY3JlYXRlIjo2MDAwMDAwMDAwMDB9fQ==",
          "dependencies": [
            "module.S3.aws_kms_key.key",
            "module.S3.aws_s3_bucket.wheel_source_bucket",
            "module.dynamo.aws_dynamodb_table.participant_table",
            "module.dynamo.aws_dynamodb_table.wheel_table",
            "module.lambda.aws_iam_role.lambda_role",
            "module.vpc.aws_route_table.private_route_table",
            "module.vpc.aws_route_table_association.route_table_association",
            "module.vpc.aws_security_group.endpoint_security_group",
            "module.vpc.aws_security_group.use_endpoint_security_group",
            "module.vpc.aws_security_group_rule.egress_dynamo",
            "module.vpc.aws_security_group_rule.egress_http",
            "module.vpc.aws_security_group_rule.egress_https",
            "module.vpc.aws_security_group_rule.ingress_http",
            "module.vpc.aws_security_group_rule.ingress_https",
            "module.vpc.aws_subnet.private_subnet",
            "module.vpc.aws_vpc.vpc",
            "module.vpc.aws_vpc_endpoint.dynamodb",
            "module.vpc.aws_vpc_endpoint.execute_api",
            "module.vpc.aws_vpc_endpoint.s3"
          ]
        },
        {
          "index_key": 1,
          "schema_version": 0,
          "attributes": {
            "arn": "arn:aws:lambda:us-west-2:098504033684:function:CreateParticipantLambda",
            "dead_letter_config": [],
            "description": "Create a participant",
            "environment": [
              {
                "variables": {
                  "APP_CLIENT_ID": "N/A",
                  "PARTICIPANT_TABLE": "participantDynamoDBTable",
                  "USER_POOL_ID": "N/A",
                  "WHEEL_TABLE": "wheelDynamoDBTable"
                }
              }
            ],
            "filename": "./../build/lambda.zip",
            "function_name": "CreateParticipantLambda",
            "handler": "wheel_participant.create_participant",
            "id": "CreateParticipantLambda",
            "invoke_arn": "arn:aws:apigateway:us-west-2:lambda:path/2015-03-31/functions/arn:aws:lambda:us-west-2:098504033684:function:CreateParticipantLambda/invocations",
            "kms_key_arn": "",
            "last_modified": "2020-04-05T22:50:15.536+0000",
            "layers": [],
            "memory_size": 128,
            "publish": false,
            "qualified_arn": "arn:aws:lambda:us-west-2:098504033684:function:CreateParticipantLambda:$LATEST",
            "reserved_concurrent_executions": -1,
            "role": "arn:aws:iam::098504033684:role/AWSOpsWheelLambdaRole",
            "runtime": "python3.6",
            "s3_bucket": null,
            "s3_key": null,
            "s3_object_version": null,
            "source_code_hash": "pFURw9Cz5u0WIMNuoi7QApO9i559kFa84q2sS4IKPT4=",
            "source_code_size": 9327,
            "tags": {},
            "timeout": 3,
            "timeouts": null,
            "tracing_config": [
              {
                "mode": "PassThrough"
              }
            ],
            "version": "$LATEST",
            "vpc_config": [
              {
                "security_group_ids": [
                  "sg-0b0f10fcace7970ed"
                ],
                "subnet_ids": [
                  "subnet-01b8cf53fc4c72c72"
                ],
                "vpc_id": "vpc-03979ec8dd295d5ee"
              }
            ]
          },
          "private": "eyJlMmJmYjczMC1lY2FhLTExZTYtOGY4OC0zNDM2M2JjN2M0YzAiOnsiY3JlYXRlIjo2MDAwMDAwMDAwMDB9fQ==",
          "dependencies": [
            "module.S3.aws_kms_key.key",
            "module.S3.aws_s3_bucket.wheel_source_bucket",
            "module.dynamo.aws_dynamodb_table.participant_table",
            "module.dynamo.aws_dynamodb_table.wheel_table",
            "module.lambda.aws_iam_role.lambda_role",
            "module.vpc.aws_route_table.private_route_table",
            "module.vpc.aws_route_table_association.route_table_association",
            "module.vpc.aws_security_group.endpoint_security_group",
            "module.vpc.aws_security_group.use_endpoint_security_group",
            "module.vpc.aws_security_group_rule.egress_dynamo",
            "module.vpc.aws_security_group_rule.egress_http",
            "module.vpc.aws_security_group_rule.egress_https",
            "module.vpc.aws_security_group_rule.ingress_http",
            "module.vpc.aws_security_group_rule.ingress_https",
            "module.vpc.aws_subnet.private_subnet",
            "module.vpc.aws_vpc.vpc",
            "module.vpc.aws_vpc_endpoint.dynamodb",
            "module.vpc.aws_vpc_endpoint.execute_api",
            "module.vpc.aws_vpc_endpoint.s3"
          ]
        },
        {
          "index_key": 2,
          "schema_version": 0,
          "attributes": {
            "arn": "arn:aws:lambda:us-west-2:098504033684:function:CreateWheelLambda",
            "dead_letter_config": [],
            "description": "Create a wheel. Requires a name",
            "environment": [
              {
                "variables": {
                  "APP_CLIENT_ID": "N/A",
                  "PARTICIPANT_TABLE": "participantDynamoDBTable",
                  "USER_POOL_ID": "N/A",
                  "WHEEL_TABLE": "wheelDynamoDBTable"
                }
              }
            ],
            "filename": "./../build/lambda.zip",
            "function_name": "CreateWheelLambda",
            "handler": "wheel.create_wheel",
            "id": "CreateWheelLambda",
            "invoke_arn": "arn:aws:apigateway:us-west-2:lambda:path/2015-03-31/functions/arn:aws:lambda:us-west-2:098504033684:function:CreateWheelLambda/invocations",
            "kms_key_arn": "",
            "last_modified": "2020-04-05T22:50:15.650+0000",
            "layers": [],
            "memory_size": 128,
            "publish": false,
            "qualified_arn": "arn:aws:lambda:us-west-2:098504033684:function:CreateWheelLambda:$LATEST",
            "reserved_concurrent_executions": -1,
            "role": "arn:aws:iam::098504033684:role/AWSOpsWheelLambdaRole",
            "runtime": "python3.6",
            "s3_bucket": null,
            "s3_key": null,
            "s3_object_version": null,
            "source_code_hash": "pFURw9Cz5u0WIMNuoi7QApO9i559kFa84q2sS4IKPT4=",
            "source_code_size": 9327,
            "tags": {},
            "timeout": 3,
            "timeouts": null,
            "tracing_config": [
              {
                "mode": "PassThrough"
              }
            ],
            "version": "$LATEST",
            "vpc_config": [
              {
                "security_group_ids": [
                  "sg-0b0f10fcace7970ed"
                ],
                "subnet_ids": [
                  "subnet-01b8cf53fc4c72c72"
                ],
                "vpc_id": "vpc-03979ec8dd295d5ee"
              }
            ]
          },
          "private": "eyJlMmJmYjczMC1lY2FhLTExZTYtOGY4OC0zNDM2M2JjN2M0YzAiOnsiY3JlYXRlIjo2MDAwMDAwMDAwMDB9fQ==",
          "dependencies": [
            "module.S3.aws_kms_key.key",
            "module.S3.aws_s3_bucket.wheel_source_bucket",
            "module.dynamo.aws_dynamodb_table.participant_table",
            "module.dynamo.aws_dynamodb_table.wheel_table",
            "module.lambda.aws_iam_role.lambda_role",
            "module.vpc.aws_route_table.private_route_table",
            "module.vpc.aws_route_table_association.route_table_association",
            "module.vpc.aws_security_group.endpoint_security_group",
            "module.vpc.aws_security_group.use_endpoint_security_group",
            "module.vpc.aws_security_group_rule.egress_dynamo",
            "module.vpc.aws_security_group_rule.egress_http",
            "module.vpc.aws_security_group_rule.egress_https",
            "module.vpc.aws_security_group_rule.ingress_http",
            "module.vpc.aws_security_group_rule.ingress_https",
            "module.vpc.aws_subnet.private_subnet",
            "module.vpc.aws_vpc.vpc",
            "module.vpc.aws_vpc_endpoint.dynamodb",
            "module.vpc.aws_vpc_endpoint.execute_api",
            "module.vpc.aws_vpc_endpoint.s3"
          ]
        },
        {
          "index_key": 3,
          "schema_version": 0,
          "attributes": {
            "arn": "arn:aws:lambda:us-west-2:098504033684:function:DeleteParticipantLambda",
            "dead_letter_config": [],
            "description": "Deletes the participant from the wheel and redistributes wheel",
            "environment": [
              {
                "variables": {
                  "APP_CLIENT_ID": "N/A",
                  "PARTICIPANT_TABLE": "participantDynamoDBTable",
                  "USER_POOL_ID": "N/A",
                  "WHEEL_TABLE": "wheelDynamoDBTable"
                }
              }
            ],
            "filename": "./../build/lambda.zip",
            "function_name": "DeleteParticipantLambda",
            "handler": "wheel_participant.delete_participant",
            "id": "DeleteParticipantLambda",
            "invoke_arn": "arn:aws:apigateway:us-west-2:lambda:path/2015-03-31/functions/arn:aws:lambda:us-west-2:098504033684:function:DeleteParticipantLambda/invocations",
            "kms_key_arn": "",
            "last_modified": "2020-04-05T22:50:16.781+0000",
            "layers": [],
            "memory_size": 128,
            "publish": false,
            "qualified_arn": "arn:aws:lambda:us-west-2:098504033684:function:DeleteParticipantLambda:$LATEST",
            "reserved_concurrent_executions": -1,
            "role": "arn:aws:iam::098504033684:role/AWSOpsWheelLambdaRole",
            "runtime": "python3.6",
            "s3_bucket": null,
            "s3_key": null,
            "s3_object_version": null,
            "source_code_hash": "pFURw9Cz5u0WIMNuoi7QApO9i559kFa84q2sS4IKPT4=",
            "source_code_size": 9327,
            "tags": {},
            "timeout": 3,
            "timeouts": null,
            "tracing_config": [
              {
                "mode": "PassThrough"
              }
            ],
            "version": "$LATEST",
            "vpc_config": [
              {
                "security_group_ids": [
                  "sg-0b0f10fcace7970ed"
                ],
                "subnet_ids": [
                  "subnet-01b8cf53fc4c72c72"
                ],
                "vpc_id": "vpc-03979ec8dd295d5ee"
              }
            ]
          },
          "private": "eyJlMmJmYjczMC1lY2FhLTExZTYtOGY4OC0zNDM2M2JjN2M0YzAiOnsiY3JlYXRlIjo2MDAwMDAwMDAwMDB9fQ==",
          "dependencies": [
            "module.S3.aws_kms_key.key",
            "module.S3.aws_s3_bucket.wheel_source_bucket",
            "module.dynamo.aws_dynamodb_table.participant_table",
            "module.dynamo.aws_dynamodb_table.wheel_table",
            "module.lambda.aws_iam_role.lambda_role",
            "module.vpc.aws_route_table.private_route_table",
            "module.vpc.aws_route_table_association.route_table_association",
            "module.vpc.aws_security_group.endpoint_security_group",
            "module.vpc.aws_security_group.use_endpoint_security_group",
            "module.vpc.aws_security_group_rule.egress_dynamo",
            "module.vpc.aws_security_group_rule.egress_http",
            "module.vpc.aws_security_group_rule.egress_https",
            "module.vpc.aws_security_group_rule.ingress_http",
            "module.vpc.aws_security_group_rule.ingress_https",
            "module.vpc.aws_subnet.private_subnet",
            "module.vpc.aws_vpc.vpc",
            "module.vpc.aws_vpc_endpoint.dynamodb",
            "module.vpc.aws_vpc_endpoint.execute_api",
            "module.vpc.aws_vpc_endpoint.s3"
          ]
        },
        {
          "index_key": 4,
          "schema_version": 0,
          "attributes": {
            "arn": "arn:aws:lambda:us-west-2:098504033684:function:DeleteWheelLambda",
            "dead_letter_config": [],
            "description": "Deletes the wheel and all of its participants",
            "environment": [
              {
                "variables": {
                  "APP_CLIENT_ID": "N/A",
                  "PARTICIPANT_TABLE": "participantDynamoDBTable",
                  "USER_POOL_ID": "N/A",
                  "WHEEL_TABLE": "wheelDynamoDBTable"
                }
              }
            ],
            "filename": "./../build/lambda.zip",
            "function_name": "DeleteWheelLambda",
            "handler": "wheel.delete_wheel",
            "id": "DeleteWheelLambda",
            "invoke_arn": "arn:aws:apigateway:us-west-2:lambda:path/2015-03-31/functions/arn:aws:lambda:us-west-2:098504033684:function:DeleteWheelLambda/invocations",
            "kms_key_arn": "",
            "last_modified": "2020-04-05T22:50:15.656+0000",
            "layers": [],
            "memory_size": 128,
            "publish": false,
            "qualified_arn": "arn:aws:lambda:us-west-2:098504033684:function:DeleteWheelLambda:$LATEST",
            "reserved_concurrent_executions": -1,
            "role": "arn:aws:iam::098504033684:role/AWSOpsWheelLambdaRole",
            "runtime": "python3.6",
            "s3_bucket": null,
            "s3_key": null,
            "s3_object_version": null,
            "source_code_hash": "pFURw9Cz5u0WIMNuoi7QApO9i559kFa84q2sS4IKPT4=",
            "source_code_size": 9327,
            "tags": {},
            "timeout": 3,
            "timeouts": null,
            "tracing_config": [
              {
                "mode": "PassThrough"
              }
            ],
            "version": "$LATEST",
            "vpc_config": [
              {
                "security_group_ids": [
                  "sg-0b0f10fcace7970ed"
                ],
                "subnet_ids": [
                  "subnet-01b8cf53fc4c72c72"
                ],
                "vpc_id": "vpc-03979ec8dd295d5ee"
              }
            ]
          },
          "private": "eyJlMmJmYjczMC1lY2FhLTExZTYtOGY4OC0zNDM2M2JjN2M0YzAiOnsiY3JlYXRlIjo2MDAwMDAwMDAwMDB9fQ==",
          "dependencies": [
            "module.S3.aws_kms_key.key",
            "module.S3.aws_s3_bucket.wheel_source_bucket",
            "module.dynamo.aws_dynamodb_table.participant_table",
            "module.dynamo.aws_dynamodb_table.wheel_table",
            "module.lambda.aws_iam_role.lambda_role",
            "module.vpc.aws_route_table.private_route_table",
            "module.vpc.aws_route_table_association.route_table_association",
            "module.vpc.aws_security_group.endpoint_security_group",
            "module.vpc.aws_security_group.use_endpoint_security_group",
            "module.vpc.aws_security_group_rule.egress_dynamo",
            "module.vpc.aws_security_group_rule.egress_http",
            "module.vpc.aws_security_group_rule.egress_https",
            "module.vpc.aws_security_group_rule.ingress_http",
            "module.vpc.aws_security_group_rule.ingress_https",
            "module.vpc.aws_subnet.private_subnet",
            "module.vpc.aws_vpc.vpc",
            "module.vpc.aws_vpc_endpoint.dynamodb",
            "module.vpc.aws_vpc_endpoint.execute_api",
            "module.vpc.aws_vpc_endpoint.s3"
          ]
        },
        {
          "index_key": 5,
          "schema_version": 0,
          "attributes": {
            "arn": "arn:aws:lambda:us-west-2:098504033684:function:GetWheelLambda",
            "dead_letter_config": [],
            "description": "Returns the wheel object corresponding to the given wheel_id",
            "environment": [
              {
                "variables": {
                  "APP_CLIENT_ID": "N/A",
                  "PARTICIPANT_TABLE": "participantDynamoDBTable",
                  "USER_POOL_ID": "N/A",
                  "WHEEL_TABLE": "wheelDynamoDBTable"
                }
              }
            ],
            "filename": "./../build/lambda.zip",
            "function_name": "GetWheelLambda",
            "handler": "wheel.get_wheel",
            "id": "GetWheelLambda",
            "invoke_arn": "arn:aws:apigateway:us-west-2:lambda:path/2015-03-31/functions/arn:aws:lambda:us-west-2:098504033684:function:GetWheelLambda/invocations",
            "kms_key_arn": "",
            "last_modified": "2020-04-05T22:50:17.002+0000",
            "layers": [],
            "memory_size": 128,
            "publish": false,
            "qualified_arn": "arn:aws:lambda:us-west-2:098504033684:function:GetWheelLambda:$LATEST",
            "reserved_concurrent_executions": -1,
            "role": "arn:aws:iam::098504033684:role/AWSOpsWheelLambdaRole",
            "runtime": "python3.6",
            "s3_bucket": null,
            "s3_key": null,
            "s3_object_version": null,
            "source_code_hash": "pFURw9Cz5u0WIMNuoi7QApO9i559kFa84q2sS4IKPT4=",
            "source_code_size": 9327,
            "tags": {},
            "timeout": 3,
            "timeouts": null,
            "tracing_config": [
              {
                "mode": "PassThrough"
              }
            ],
            "version": "$LATEST",
            "vpc_config": [
              {
                "security_group_ids": [
                  "sg-0b0f10fcace7970ed"
                ],
                "subnet_ids": [
                  "subnet-01b8cf53fc4c72c72"
                ],
                "vpc_id": "vpc-03979ec8dd295d5ee"
              }
            ]
          },
          "private": "eyJlMmJmYjczMC1lY2FhLTExZTYtOGY4OC0zNDM2M2JjN2M0YzAiOnsiY3JlYXRlIjo2MDAwMDAwMDAwMDB9fQ==",
          "dependencies": [
            "module.S3.aws_kms_key.key",
            "module.S3.aws_s3_bucket.wheel_source_bucket",
            "module.dynamo.aws_dynamodb_table.participant_table",
            "module.dynamo.aws_dynamodb_table.wheel_table",
            "module.lambda.aws_iam_role.lambda_role",
            "module.vpc.aws_route_table.private_route_table",
            "module.vpc.aws_route_table_association.route_table_association",
            "module.vpc.aws_security_group.endpoint_security_group",
            "module.vpc.aws_security_group.use_endpoint_security_group",
            "module.vpc.aws_security_group_rule.egress_dynamo",
            "module.vpc.aws_security_group_rule.egress_http",
            "module.vpc.aws_security_group_rule.egress_https",
            "module.vpc.aws_security_group_rule.ingress_http",
            "module.vpc.aws_security_group_rule.ingress_https",
            "module.vpc.aws_subnet.private_subnet",
            "module.vpc.aws_vpc.vpc",
            "module.vpc.aws_vpc_endpoint.dynamodb",
            "module.vpc.aws_vpc_endpoint.execute_api",
            "module.vpc.aws_vpc_endpoint.s3"
          ]
        },
        {
          "index_key": 6,
          "schema_version": 0,
          "attributes": {
            "arn": "arn:aws:lambda:us-west-2:098504033684:function:ListParticipantsLambda",
            "dead_letter_config": [],
            "description": "Gets the participants for the specified wheel_id",
            "environment": [
              {
                "variables": {
                  "APP_CLIENT_ID": "N/A",
                  "PARTICIPANT_TABLE": "participantDynamoDBTable",
                  "USER_POOL_ID": "N/A",
                  "WHEEL_TABLE": "wheelDynamoDBTable"
                }
              }
            ],
            "filename": "./../build/lambda.zip",
            "function_name": "ListParticipantsLambda",
            "handler": "wheel_participant.list_participants",
            "id": "ListParticipantsLambda",
            "invoke_arn": "arn:aws:apigateway:us-west-2:lambda:path/2015-03-31/functions/arn:aws:lambda:us-west-2:098504033684:function:ListParticipantsLambda/invocations",
            "kms_key_arn": "",
            "last_modified": "2020-04-05T22:50:15.623+0000",
            "layers": [],
            "memory_size": 128,
            "publish": false,
            "qualified_arn": "arn:aws:lambda:us-west-2:098504033684:function:ListParticipantsLambda:$LATEST",
            "reserved_concurrent_executions": -1,
            "role": "arn:aws:iam::098504033684:role/AWSOpsWheelLambdaRole",
            "runtime": "python3.6",
            "s3_bucket": null,
            "s3_key": null,
            "s3_object_version": null,
            "source_code_hash": "pFURw9Cz5u0WIMNuoi7QApO9i559kFa84q2sS4IKPT4=",
            "source_code_size": 9327,
            "tags": {},
            "timeout": 3,
            "timeouts": null,
            "tracing_config": [
              {
                "mode": "PassThrough"
              }
            ],
            "version": "$LATEST",
            "vpc_config": [
              {
                "security_group_ids": [
                  "sg-0b0f10fcace7970ed"
                ],
                "subnet_ids": [
                  "subnet-01b8cf53fc4c72c72"
                ],
                "vpc_id": "vpc-03979ec8dd295d5ee"
              }
            ]
          },
          "private": "eyJlMmJmYjczMC1lY2FhLTExZTYtOGY4OC0zNDM2M2JjN2M0YzAiOnsiY3JlYXRlIjo2MDAwMDAwMDAwMDB9fQ==",
          "dependencies": [
            "module.S3.aws_kms_key.key",
            "module.S3.aws_s3_bucket.wheel_source_bucket",
            "module.dynamo.aws_dynamodb_table.participant_table",
            "module.dynamo.aws_dynamodb_table.wheel_table",
            "module.lambda.aws_iam_role.lambda_role",
            "module.vpc.aws_route_table.private_route_table",
            "module.vpc.aws_route_table_association.route_table_association",
            "module.vpc.aws_security_group.endpoint_security_group",
            "module.vpc.aws_security_group.use_endpoint_security_group",
            "module.vpc.aws_security_group_rule.egress_dynamo",
            "module.vpc.aws_security_group_rule.egress_http",
            "module.vpc.aws_security_group_rule.egress_https",
            "module.vpc.aws_security_group_rule.ingress_http",
            "module.vpc.aws_security_group_rule.ingress_https",
            "module.vpc.aws_subnet.private_subnet",
            "module.vpc.aws_vpc.vpc",
            "module.vpc.aws_vpc_endpoint.dynamodb",
            "module.vpc.aws_vpc_endpoint.execute_api",
            "module.vpc.aws_vpc_endpoint.s3"
          ]
        },
        {
          "index_key": 7,
          "schema_version": 0,
          "attributes": {
            "arn": "arn:aws:lambda:us-west-2:098504033684:function:ListWheelsLambda",
            "dead_letter_config": [],
            "description": "Get all available wheels",
            "environment": [
              {
                "variables": {
                  "APP_CLIENT_ID": "N/A",
                  "PARTICIPANT_TABLE": "participantDynamoDBTable",
                  "USER_POOL_ID": "N/A",
                  "WHEEL_TABLE": "wheelDynamoDBTable"
                }
              }
            ],
            "filename": "./../build/lambda.zip",
            "function_name": "ListWheelsLambda",
            "handler": "wheel.list_wheels",
            "id": "ListWheelsLambda",
            "invoke_arn": "arn:aws:apigateway:us-west-2:lambda:path/2015-03-31/functions/arn:aws:lambda:us-west-2:098504033684:function:ListWheelsLambda/invocations",
            "kms_key_arn": "",
            "last_modified": "2020-04-05T22:50:15.580+0000",
            "layers": [],
            "memory_size": 128,
            "publish": false,
            "qualified_arn": "arn:aws:lambda:us-west-2:098504033684:function:ListWheelsLambda:$LATEST",
            "reserved_concurrent_executions": -1,
            "role": "arn:aws:iam::098504033684:role/AWSOpsWheelLambdaRole",
            "runtime": "python3.6",
            "s3_bucket": null,
            "s3_key": null,
            "s3_object_version": null,
            "source_code_hash": "pFURw9Cz5u0WIMNuoi7QApO9i559kFa84q2sS4IKPT4=",
            "source_code_size": 9327,
            "tags": {},
            "timeout": 3,
            "timeouts": null,
            "tracing_config": [
              {
                "mode": "PassThrough"
              }
            ],
            "version": "$LATEST",
            "vpc_config": [
              {
                "security_group_ids": [
                  "sg-0b0f10fcace7970ed"
                ],
                "subnet_ids": [
                  "subnet-01b8cf53fc4c72c72"
                ],
                "vpc_id": "vpc-03979ec8dd295d5ee"
              }
            ]
          },
          "private": "eyJlMmJmYjczMC1lY2FhLTExZTYtOGY4OC0zNDM2M2JjN2M0YzAiOnsiY3JlYXRlIjo2MDAwMDAwMDAwMDB9fQ==",
          "dependencies": [
            "module.S3.aws_kms_key.key",
            "module.S3.aws_s3_bucket.wheel_source_bucket",
            "module.dynamo.aws_dynamodb_table.participant_table",
            "module.dynamo.aws_dynamodb_table.wheel_table",
            "module.lambda.aws_iam_role.lambda_role",
            "module.vpc.aws_route_table.private_route_table",
            "module.vpc.aws_route_table_association.route_table_association",
            "module.vpc.aws_security_group.endpoint_security_group",
            "module.vpc.aws_security_group.use_endpoint_security_group",
            "module.vpc.aws_security_group_rule.egress_dynamo",
            "module.vpc.aws_security_group_rule.egress_http",
            "module.vpc.aws_security_group_rule.egress_https",
            "module.vpc.aws_security_group_rule.ingress_http",
            "module.vpc.aws_security_group_rule.ingress_https",
            "module.vpc.aws_subnet.private_subnet",
            "module.vpc.aws_vpc.vpc",
            "module.vpc.aws_vpc_endpoint.dynamodb",
            "module.vpc.aws_vpc_endpoint.execute_api",
            "module.vpc.aws_vpc_endpoint.s3"
          ]
        },
        {
          "index_key": 8,
          "schema_version": 0,
          "attributes": {
            "arn": "arn:aws:lambda:us-west-2:098504033684:function:ResetWheelLambda",
            "dead_letter_config": [],
            "description": "Resets the weights of all participants of the wheel",
            "environment": [
              {
                "variables": {
                  "APP_CLIENT_ID": "N/A",
                  "PARTICIPANT_TABLE": "participantDynamoDBTable",
                  "USER_POOL_ID": "N/A",
                  "WHEEL_TABLE": "wheelDynamoDBTable"
                }
              }
            ],
            "filename": "./../build/lambda.zip",
            "function_name": "ResetWheelLambda",
            "handler": "wheel.reset_wheel",
            "id": "ResetWheelLambda",
            "invoke_arn": "arn:aws:apigateway:us-west-2:lambda:path/2015-03-31/functions/arn:aws:lambda:us-west-2:098504033684:function:ResetWheelLambda/invocations",
            "kms_key_arn": "",
            "last_modified": "2020-04-05T22:50:15.629+0000",
            "layers": [],
            "memory_size": 128,
            "publish": false,
            "qualified_arn": "arn:aws:lambda:us-west-2:098504033684:function:ResetWheelLambda:$LATEST",
            "reserved_concurrent_executions": -1,
            "role": "arn:aws:iam::098504033684:role/AWSOpsWheelLambdaRole",
            "runtime": "python3.6",
            "s3_bucket": null,
            "s3_key": null,
            "s3_object_version": null,
            "source_code_hash": "pFURw9Cz5u0WIMNuoi7QApO9i559kFa84q2sS4IKPT4=",
            "source_code_size": 9327,
            "tags": {},
            "timeout": 3,
            "timeouts": null,
            "tracing_config": [
              {
                "mode": "PassThrough"
              }
            ],
            "version": "$LATEST",
            "vpc_config": [
              {
                "security_group_ids": [
                  "sg-0b0f10fcace7970ed"
                ],
                "subnet_ids": [
                  "subnet-01b8cf53fc4c72c72"
                ],
                "vpc_id": "vpc-03979ec8dd295d5ee"
              }
            ]
          },
          "private": "eyJlMmJmYjczMC1lY2FhLTExZTYtOGY4OC0zNDM2M2JjN2M0YzAiOnsiY3JlYXRlIjo2MDAwMDAwMDAwMDB9fQ==",
          "dependencies": [
            "module.S3.aws_kms_key.key",
            "module.S3.aws_s3_bucket.wheel_source_bucket",
            "module.dynamo.aws_dynamodb_table.participant_table",
            "module.dynamo.aws_dynamodb_table.wheel_table",
            "module.lambda.aws_iam_role.lambda_role",
            "module.vpc.aws_route_table.private_route_table",
            "module.vpc.aws_route_table_association.route_table_association",
            "module.vpc.aws_security_group.endpoint_security_group",
            "module.vpc.aws_security_group.use_endpoint_security_group",
            "module.vpc.aws_security_group_rule.egress_dynamo",
            "module.vpc.aws_security_group_rule.egress_http",
            "module.vpc.aws_security_group_rule.egress_https",
            "module.vpc.aws_security_group_rule.ingress_http",
            "module.vpc.aws_security_group_rule.ingress_https",
            "module.vpc.aws_subnet.private_subnet",
            "module.vpc.aws_vpc.vpc",
            "module.vpc.aws_vpc_endpoint.dynamodb",
            "module.vpc.aws_vpc_endpoint.execute_api",
            "module.vpc.aws_vpc_endpoint.s3"
          ]
        },
        {
          "index_key": 9,
          "schema_version": 0,
          "attributes": {
            "arn": "arn:aws:lambda:us-west-2:098504033684:function:RigParticipantLambda",
            "dead_letter_config": [],
            "description": "Rig the specified wheel for the specified participant.  Default behavior is comical rigging (hidden == False) but hidden can be specified to indicate deceptive rigging (hidden == True)",
            "environment": [
              {
                "variables": {
                  "APP_CLIENT_ID": "N/A",
                  "PARTICIPANT_TABLE": "participantDynamoDBTable",
                  "USER_POOL_ID": "N/A",
                  "WHEEL_TABLE": "wheelDynamoDBTable"
                }
              }
            ],
            "filename": "./../build/lambda.zip",
            "function_name": "RigParticipantLambda",
            "handler": "wheel_participant.rig_participant",
            "id": "RigParticipantLambda",
            "invoke_arn": "arn:aws:apigateway:us-west-2:lambda:path/2015-03-31/functions/arn:aws:lambda:us-west-2:098504033684:function:RigParticipantLambda/invocations",
            "kms_key_arn": "",
            "last_modified": "2020-04-05T22:50:16.859+0000",
            "layers": [],
            "memory_size": 128,
            "publish": false,
            "qualified_arn": "arn:aws:lambda:us-west-2:098504033684:function:RigParticipantLambda:$LATEST",
            "reserved_concurrent_executions": -1,
            "role": "arn:aws:iam::098504033684:role/AWSOpsWheelLambdaRole",
            "runtime": "python3.6",
            "s3_bucket": null,
            "s3_key": null,
            "s3_object_version": null,
            "source_code_hash": "pFURw9Cz5u0WIMNuoi7QApO9i559kFa84q2sS4IKPT4=",
            "source_code_size": 9327,
            "tags": {},
            "timeout": 3,
            "timeouts": null,
            "tracing_config": [
              {
                "mode": "PassThrough"
              }
            ],
            "version": "$LATEST",
            "vpc_config": [
              {
                "security_group_ids": [
                  "sg-0b0f10fcace7970ed"
                ],
                "subnet_ids": [
                  "subnet-01b8cf53fc4c72c72"
                ],
                "vpc_id": "vpc-03979ec8dd295d5ee"
              }
            ]
          },
          "private": "eyJlMmJmYjczMC1lY2FhLTExZTYtOGY4OC0zNDM2M2JjN2M0YzAiOnsiY3JlYXRlIjo2MDAwMDAwMDAwMDB9fQ==",
          "dependencies": [
            "module.S3.aws_kms_key.key",
            "module.S3.aws_s3_bucket.wheel_source_bucket",
            "module.dynamo.aws_dynamodb_table.participant_table",
            "module.dynamo.aws_dynamodb_table.wheel_table",
            "module.lambda.aws_iam_role.lambda_role",
            "module.vpc.aws_route_table.private_route_table",
            "module.vpc.aws_route_table_association.route_table_association",
            "module.vpc.aws_security_group.endpoint_security_group",
            "module.vpc.aws_security_group.use_endpoint_security_group",
            "module.vpc.aws_security_group_rule.egress_dynamo",
            "module.vpc.aws_security_group_rule.egress_http",
            "module.vpc.aws_security_group_rule.egress_https",
            "module.vpc.aws_security_group_rule.ingress_http",
            "module.vpc.aws_security_group_rule.ingress_https",
            "module.vpc.aws_subnet.private_subnet",
            "module.vpc.aws_vpc.vpc",
            "module.vpc.aws_vpc_endpoint.dynamodb",
            "module.vpc.aws_vpc_endpoint.execute_api",
            "module.vpc.aws_vpc_endpoint.s3"
          ]
        },
        {
          "index_key": 10,
          "schema_version": 0,
          "attributes": {
            "arn": "arn:aws:lambda:us-west-2:098504033684:function:SelectParticipantLambda",
            "dead_letter_config": [],
            "description": "Indicates selection of a participant by the wheel.  This willc ause updates to the weights for all participants or removal of rigging if the wheel is rigged.",
            "environment": [
              {
                "variables": {
                  "APP_CLIENT_ID": "N/A",
                  "PARTICIPANT_TABLE": "participantDynamoDBTable",
                  "USER_POOL_ID": "N/A",
                  "WHEEL_TABLE": "wheelDynamoDBTable"
                }
              }
            ],
            "filename": "./../build/lambda.zip",
            "function_name": "SelectParticipantLambda",
            "handler": "wheel_participant.select_participant",
            "id": "SelectParticipantLambda",
            "invoke_arn": "arn:aws:apigateway:us-west-2:lambda:path/2015-03-31/functions/arn:aws:lambda:us-west-2:098504033684:function:SelectParticipantLambda/invocations",
            "kms_key_arn": "",
            "last_modified": "2020-04-05T22:50:17.001+0000",
            "layers": [],
            "memory_size": 128,
            "publish": false,
            "qualified_arn": "arn:aws:lambda:us-west-2:098504033684:function:SelectParticipantLambda:$LATEST",
            "reserved_concurrent_executions": -1,
            "role": "arn:aws:iam::098504033684:role/AWSOpsWheelLambdaRole",
            "runtime": "python3.6",
            "s3_bucket": null,
            "s3_key": null,
            "s3_object_version": null,
            "source_code_hash": "pFURw9Cz5u0WIMNuoi7QApO9i559kFa84q2sS4IKPT4=",
            "source_code_size": 9327,
            "tags": {},
            "timeout": 3,
            "timeouts": null,
            "tracing_config": [
              {
                "mode": "PassThrough"
              }
            ],
            "version": "$LATEST",
            "vpc_config": [
              {
                "security_group_ids": [
                  "sg-0b0f10fcace7970ed"
                ],
                "subnet_ids": [
                  "subnet-01b8cf53fc4c72c72"
                ],
                "vpc_id": "vpc-03979ec8dd295d5ee"
              }
            ]
          },
          "private": "eyJlMmJmYjczMC1lY2FhLTExZTYtOGY4OC0zNDM2M2JjN2M0YzAiOnsiY3JlYXRlIjo2MDAwMDAwMDAwMDB9fQ==",
          "dependencies": [
            "module.S3.aws_kms_key.key",
            "module.S3.aws_s3_bucket.wheel_source_bucket",
            "module.dynamo.aws_dynamodb_table.participant_table",
            "module.dynamo.aws_dynamodb_table.wheel_table",
            "module.lambda.aws_iam_role.lambda_role",
            "module.vpc.aws_route_table.private_route_table",
            "module.vpc.aws_route_table_association.route_table_association",
            "module.vpc.aws_security_group.endpoint_security_group",
            "module.vpc.aws_security_group.use_endpoint_security_group",
            "module.vpc.aws_security_group_rule.egress_dynamo",
            "module.vpc.aws_security_group_rule.egress_http",
            "module.vpc.aws_security_group_rule.egress_https",
            "module.vpc.aws_security_group_rule.ingress_http",
            "module.vpc.aws_security_group_rule.ingress_https",
            "module.vpc.aws_subnet.private_subnet",
            "module.vpc.aws_vpc.vpc",
            "module.vpc.aws_vpc_endpoint.dynamodb",
            "module.vpc.aws_vpc_endpoint.execute_api",
            "module.vpc.aws_vpc_endpoint.s3"
          ]
        },
        {
          "index_key": 11,
          "schema_version": 0,
          "attributes": {
            "arn": "arn:aws:lambda:us-west-2:098504033684:function:SuggestParticipantLambda",
            "dead_letter_config": [],
            "description": "Returns a suggested participant to be selected by the next wheel spin.",
            "environment": [
              {
                "variables": {
                  "APP_CLIENT_ID": "N/A",
                  "PARTICIPANT_TABLE": "participantDynamoDBTable",
                  "USER_POOL_ID": "N/A",
                  "WHEEL_TABLE": "wheelDynamoDBTable"
                }
              }
            ],
            "filename": "./../build/lambda.zip",
            "function_name": "SuggestParticipantLambda",
            "handler": "wheel_participant.suggest_participant",
            "id": "SuggestParticipantLambda",
            "invoke_arn": "arn:aws:apigateway:us-west-2:lambda:path/2015-03-31/functions/arn:aws:lambda:us-west-2:098504033684:function:SuggestParticipantLambda/invocations",
            "kms_key_arn": "",
            "last_modified": "2020-04-05T22:50:15.622+0000",
            "layers": [],
            "memory_size": 128,
            "publish": false,
            "qualified_arn": "arn:aws:lambda:us-west-2:098504033684:function:SuggestParticipantLambda:$LATEST",
            "reserved_concurrent_executions": -1,
            "role": "arn:aws:iam::098504033684:role/AWSOpsWheelLambdaRole",
            "runtime": "python3.6",
            "s3_bucket": null,
            "s3_key": null,
            "s3_object_version": null,
            "source_code_hash": "pFURw9Cz5u0WIMNuoi7QApO9i559kFa84q2sS4IKPT4=",
            "source_code_size": 9327,
            "tags": {},
            "timeout": 3,
            "timeouts": null,
            "tracing_config": [
              {
                "mode": "PassThrough"
              }
            ],
            "version": "$LATEST",
            "vpc_config": [
              {
                "security_group_ids": [
                  "sg-0b0f10fcace7970ed"
                ],
                "subnet_ids": [
                  "subnet-01b8cf53fc4c72c72"
                ],
                "vpc_id": "vpc-03979ec8dd295d5ee"
              }
            ]
          },
          "private": "eyJlMmJmYjczMC1lY2FhLTExZTYtOGY4OC0zNDM2M2JjN2M0YzAiOnsiY3JlYXRlIjo2MDAwMDAwMDAwMDB9fQ==",
          "dependencies": [
            "module.S3.aws_kms_key.key",
            "module.S3.aws_s3_bucket.wheel_source_bucket",
            "module.dynamo.aws_dynamodb_table.participant_table",
            "module.dynamo.aws_dynamodb_table.wheel_table",
            "module.lambda.aws_iam_role.lambda_role",
            "module.vpc.aws_route_table.private_route_table",
            "module.vpc.aws_route_table_association.route_table_association",
            "module.vpc.aws_security_group.endpoint_security_group",
            "module.vpc.aws_security_group.use_endpoint_security_group",
            "module.vpc.aws_security_group_rule.egress_dynamo",
            "module.vpc.aws_security_group_rule.egress_http",
            "module.vpc.aws_security_group_rule.egress_https",
            "module.vpc.aws_security_group_rule.ingress_http",
            "module.vpc.aws_security_group_rule.ingress_https",
            "module.vpc.aws_subnet.private_subnet",
            "module.vpc.aws_vpc.vpc",
            "module.vpc.aws_vpc_endpoint.dynamodb",
            "module.vpc.aws_vpc_endpoint.execute_api",
            "module.vpc.aws_vpc_endpoint.s3"
          ]
        },
        {
          "index_key": 12,
          "schema_version": 0,
          "attributes": {
            "arn": "arn:aws:lambda:us-west-2:098504033684:function:UnrigParticipantLambda",
            "dead_letter_config": [],
            "description": "Remove rigging for the specified wheel",
            "environment": [
              {
                "variables": {
                  "APP_CLIENT_ID": "N/A",
                  "PARTICIPANT_TABLE": "participantDynamoDBTable",
                  "USER_POOL_ID": "N/A",
                  "WHEEL_TABLE": "wheelDynamoDBTable"
                }
              }
            ],
            "filename": "./../build/lambda.zip",
            "function_name": "UnrigParticipantLambda",
            "handler": "wheel.unrig_participant",
            "id": "UnrigParticipantLambda",
            "invoke_arn": "arn:aws:apigateway:us-west-2:lambda:path/2015-03-31/functions/arn:aws:lambda:us-west-2:098504033684:function:UnrigParticipantLambda/invocations",
            "kms_key_arn": "",
            "last_modified": "2020-04-05T22:50:16.767+0000",
            "layers": [],
            "memory_size": 128,
            "publish": false,
            "qualified_arn": "arn:aws:lambda:us-west-2:098504033684:function:UnrigParticipantLambda:$LATEST",
            "reserved_concurrent_executions": -1,
            "role": "arn:aws:iam::098504033684:role/AWSOpsWheelLambdaRole",
            "runtime": "python3.6",
            "s3_bucket": null,
            "s3_key": null,
            "s3_object_version": null,
            "source_code_hash": "pFURw9Cz5u0WIMNuoi7QApO9i559kFa84q2sS4IKPT4=",
            "source_code_size": 9327,
            "tags": {},
            "timeout": 3,
            "timeouts": null,
            "tracing_config": [
              {
                "mode": "PassThrough"
              }
            ],
            "version": "$LATEST",
            "vpc_config": [
              {
                "security_group_ids": [
                  "sg-0b0f10fcace7970ed"
                ],
                "subnet_ids": [
                  "subnet-01b8cf53fc4c72c72"
                ],
                "vpc_id": "vpc-03979ec8dd295d5ee"
              }
            ]
          },
          "private": "eyJlMmJmYjczMC1lY2FhLTExZTYtOGY4OC0zNDM2M2JjN2M0YzAiOnsiY3JlYXRlIjo2MDAwMDAwMDAwMDB9fQ==",
          "dependencies": [
            "module.S3.aws_kms_key.key",
            "module.S3.aws_s3_bucket.wheel_source_bucket",
            "module.dynamo.aws_dynamodb_table.participant_table",
            "module.dynamo.aws_dynamodb_table.wheel_table",
            "module.lambda.aws_iam_role.lambda_role",
            "module.vpc.aws_route_table.private_route_table",
            "module.vpc.aws_route_table_association.route_table_association",
            "module.vpc.aws_security_group.endpoint_security_group",
            "module.vpc.aws_security_group.use_endpoint_security_group",
            "module.vpc.aws_security_group_rule.egress_dynamo",
            "module.vpc.aws_security_group_rule.egress_http",
            "module.vpc.aws_security_group_rule.egress_https",
            "module.vpc.aws_security_group_rule.ingress_http",
            "module.vpc.aws_security_group_rule.ingress_https",
            "module.vpc.aws_subnet.private_subnet",
            "module.vpc.aws_vpc.vpc",
            "module.vpc.aws_vpc_endpoint.dynamodb",
            "module.vpc.aws_vpc_endpoint.execute_api",
            "module.vpc.aws_vpc_endpoint.s3"
          ]
        },
        {
          "index_key": 13,
          "schema_version": 0,
          "attributes": {
            "arn": "arn:aws:lambda:us-west-2:098504033684:function:UpdateParticipantLambda",
            "dead_letter_config": [],
            "description": "Update a participant's name and/or url",
            "environment": [
              {
                "variables": {
                  "APP_CLIENT_ID": "N/A",
                  "PARTICIPANT_TABLE": "participantDynamoDBTable",
                  "USER_POOL_ID": "N/A",
                  "WHEEL_TABLE": "wheelDynamoDBTable"
                }
              }
            ],
            "filename": "./../build/lambda.zip",
            "function_name": "UpdateParticipantLambda",
            "handler": "wheel_participant.update_participant",
            "id": "UpdateParticipantLambda",
            "invoke_arn": "arn:aws:apigateway:us-west-2:lambda:path/2015-03-31/functions/arn:aws:lambda:us-west-2:098504033684:function:UpdateParticipantLambda/invocations",
            "kms_key_arn": "",
            "last_modified": "2020-04-05T22:50:15.612+0000",
            "layers": [],
            "memory_size": 128,
            "publish": false,
            "qualified_arn": "arn:aws:lambda:us-west-2:098504033684:function:UpdateParticipantLambda:$LATEST",
            "reserved_concurrent_executions": -1,
            "role": "arn:aws:iam::098504033684:role/AWSOpsWheelLambdaRole",
            "runtime": "python3.6",
            "s3_bucket": null,
            "s3_key": null,
            "s3_object_version": null,
            "source_code_hash": "pFURw9Cz5u0WIMNuoi7QApO9i559kFa84q2sS4IKPT4=",
            "source_code_size": 9327,
            "tags": {},
            "timeout": 3,
            "timeouts": null,
            "tracing_config": [
              {
                "mode": "PassThrough"
              }
            ],
            "version": "$LATEST",
            "vpc_config": [
              {
                "security_group_ids": [
                  "sg-0b0f10fcace7970ed"
                ],
                "subnet_ids": [
                  "subnet-01b8cf53fc4c72c72"
                ],
                "vpc_id": "vpc-03979ec8dd295d5ee"
              }
            ]
          },
          "private": "eyJlMmJmYjczMC1lY2FhLTExZTYtOGY4OC0zNDM2M2JjN2M0YzAiOnsiY3JlYXRlIjo2MDAwMDAwMDAwMDB9fQ==",
          "dependencies": [
            "module.S3.aws_kms_key.key",
            "module.S3.aws_s3_bucket.wheel_source_bucket",
            "module.dynamo.aws_dynamodb_table.participant_table",
            "module.dynamo.aws_dynamodb_table.wheel_table",
            "module.lambda.aws_iam_role.lambda_role",
            "module.vpc.aws_route_table.private_route_table",
            "module.vpc.aws_route_table_association.route_table_association",
            "module.vpc.aws_security_group.endpoint_security_group",
            "module.vpc.aws_security_group.use_endpoint_security_group",
            "module.vpc.aws_security_group_rule.egress_dynamo",
            "module.vpc.aws_security_group_rule.egress_http",
            "module.vpc.aws_security_group_rule.egress_https",
            "module.vpc.aws_security_group_rule.ingress_http",
            "module.vpc.aws_security_group_rule.ingress_https",
            "module.vpc.aws_subnet.private_subnet",
            "module.vpc.aws_vpc.vpc",
            "module.vpc.aws_vpc_endpoint.dynamodb",
            "module.vpc.aws_vpc_endpoint.execute_api",
            "module.vpc.aws_vpc_endpoint.s3"
          ]
        },
        {
          "index_key": 14,
          "schema_version": 0,
          "attributes": {
            "arn": "arn:aws:lambda:us-west-2:098504033684:function:UpdateWheelLambda",
            "dead_letter_config": [],
            "description": "Update the name of the wheel and/or refresh its participant count",
            "environment": [
              {
                "variables": {
                  "APP_CLIENT_ID": "N/A",
                  "PARTICIPANT_TABLE": "participantDynamoDBTable",
                  "USER_POOL_ID": "N/A",
                  "WHEEL_TABLE": "wheelDynamoDBTable"
                }
              }
            ],
            "filename": "./../build/lambda.zip",
            "function_name": "UpdateWheelLambda",
            "handler": "wheel.update_wheel",
            "id": "UpdateWheelLambda",
            "invoke_arn": "arn:aws:apigateway:us-west-2:lambda:path/2015-03-31/functions/arn:aws:lambda:us-west-2:098504033684:function:UpdateWheelLambda/invocations",
            "kms_key_arn": "",
            "last_modified": "2020-04-05T22:50:15.588+0000",
            "layers": [],
            "memory_size": 128,
            "publish": false,
            "qualified_arn": "arn:aws:lambda:us-west-2:098504033684:function:UpdateWheelLambda:$LATEST",
            "reserved_concurrent_executions": -1,
            "role": "arn:aws:iam::098504033684:role/AWSOpsWheelLambdaRole",
            "runtime": "python3.6",
            "s3_bucket": null,
            "s3_key": null,
            "s3_object_version": null,
            "source_code_hash": "pFURw9Cz5u0WIMNuoi7QApO9i559kFa84q2sS4IKPT4=",
            "source_code_size": 9327,
            "tags": {},
            "timeout": 3,
            "timeouts": null,
            "tracing_config": [
              {
                "mode": "PassThrough"
              }
            ],
            "version": "$LATEST",
            "vpc_config": [
              {
                "security_group_ids": [
                  "sg-0b0f10fcace7970ed"
                ],
                "subnet_ids": [
                  "subnet-01b8cf53fc4c72c72"
                ],
                "vpc_id": "vpc-03979ec8dd295d5ee"
              }
            ]
          },
          "private": "eyJlMmJmYjczMC1lY2FhLTExZTYtOGY4OC0zNDM2M2JjN2M0YzAiOnsiY3JlYXRlIjo2MDAwMDAwMDAwMDB9fQ==",
          "dependencies": [
            "module.S3.aws_kms_key.key",
            "module.S3.aws_s3_bucket.wheel_source_bucket",
            "module.dynamo.aws_dynamodb_table.participant_table",
            "module.dynamo.aws_dynamodb_table.wheel_table",
            "module.lambda.aws_iam_role.lambda_role",
            "module.vpc.aws_route_table.private_route_table",
            "module.vpc.aws_route_table_association.route_table_association",
            "module.vpc.aws_security_group.endpoint_security_group",
            "module.vpc.aws_security_group.use_endpoint_security_group",
            "module.vpc.aws_security_group_rule.egress_dynamo",
            "module.vpc.aws_security_group_rule.egress_http",
            "module.vpc.aws_security_group_rule.egress_https",
            "module.vpc.aws_security_group_rule.ingress_http",
            "module.vpc.aws_security_group_rule.ingress_https",
            "module.vpc.aws_subnet.private_subnet",
            "module.vpc.aws_vpc.vpc",
            "module.vpc.aws_vpc_endpoint.dynamodb",
            "module.vpc.aws_vpc_endpoint.execute_api",
            "module.vpc.aws_vpc_endpoint.s3"
          ]
        }
      ]
    },
    {
      "module": "module.api_gateway",
      "mode": "managed",
      "type": "aws_lambda_permission",
      "name": "lambda_permission",
      "each": "list",
      "provider": "provider.aws",
      "instances": [
        {
          "index_key": 0,
          "schema_version": 0,
          "attributes": {
            "action": "lambda:InvokeFunction",
            "event_source_token": null,
            "function_name": "ConfigLambda",
            "id": "AllowApiGatewayToInvokeLambda",
            "principal": "apigateway.amazonaws.com",
            "qualifier": "",
            "source_account": null,
            "source_arn": "arn:aws:execute-api:us-west-2:098504033684:o6o6owege9/*/*/*",
            "statement_id": "AllowApiGatewayToInvokeLambda",
            "statement_id_prefix": null
          },
          "private": "bnVsbA==",
          "dependencies": [
            "module.S3.aws_kms_key.key",
            "module.S3.aws_s3_bucket.wheel_source_bucket",
            "module.api_gateway.aws_api_gateway_rest_api.wheel_api",
            "module.api_gateway.aws_iam_role.api_gateway_role",
            "module.dynamo.aws_dynamodb_table.participant_table",
            "module.dynamo.aws_dynamodb_table.wheel_table",
            "module.lambda.aws_iam_role.lambda_role",
            "module.lambda.aws_iam_role_policy.lambda_policy",
            "module.lambda.aws_iam_role_policy_attachment.basic_lambda_attach",
            "module.lambda.aws_iam_role_policy_attachment.vpc_access_lambda_attach",
            "module.lambda.aws_lambda_function.lambda",
            "module.vpc.aws_route_table.private_route_table",
            "module.vpc.aws_route_table_association.route_table_association",
            "module.vpc.aws_security_group.endpoint_security_group",
            "module.vpc.aws_security_group.use_endpoint_security_group",
            "module.vpc.aws_security_group_rule.egress_dynamo",
            "module.vpc.aws_security_group_rule.egress_http",
            "module.vpc.aws_security_group_rule.egress_https",
            "module.vpc.aws_security_group_rule.ingress_http",
            "module.vpc.aws_security_group_rule.ingress_https",
            "module.vpc.aws_subnet.private_subnet",
            "module.vpc.aws_vpc.vpc",
            "module.vpc.aws_vpc_endpoint.dynamodb",
            "module.vpc.aws_vpc_endpoint.execute_api",
            "module.vpc.aws_vpc_endpoint.s3"
          ]
        },
        {
          "index_key": 1,
          "schema_version": 0,
          "attributes": {
            "action": "lambda:InvokeFunction",
            "event_source_token": null,
            "function_name": "CreateParticipantLambda",
            "id": "AllowApiGatewayToInvokeLambda",
            "principal": "apigateway.amazonaws.com",
            "qualifier": "",
            "source_account": null,
            "source_arn": "arn:aws:execute-api:us-west-2:098504033684:o6o6owege9/*/*/*",
            "statement_id": "AllowApiGatewayToInvokeLambda",
            "statement_id_prefix": null
          },
          "private": "bnVsbA==",
          "dependencies": [
            "module.S3.aws_kms_key.key",
            "module.S3.aws_s3_bucket.wheel_source_bucket",
            "module.api_gateway.aws_api_gateway_rest_api.wheel_api",
            "module.api_gateway.aws_iam_role.api_gateway_role",
            "module.dynamo.aws_dynamodb_table.participant_table",
            "module.dynamo.aws_dynamodb_table.wheel_table",
            "module.lambda.aws_iam_role.lambda_role",
            "module.lambda.aws_iam_role_policy.lambda_policy",
            "module.lambda.aws_iam_role_policy_attachment.basic_lambda_attach",
            "module.lambda.aws_iam_role_policy_attachment.vpc_access_lambda_attach",
            "module.lambda.aws_lambda_function.lambda",
            "module.vpc.aws_route_table.private_route_table",
            "module.vpc.aws_route_table_association.route_table_association",
            "module.vpc.aws_security_group.endpoint_security_group",
            "module.vpc.aws_security_group.use_endpoint_security_group",
            "module.vpc.aws_security_group_rule.egress_dynamo",
            "module.vpc.aws_security_group_rule.egress_http",
            "module.vpc.aws_security_group_rule.egress_https",
            "module.vpc.aws_security_group_rule.ingress_http",
            "module.vpc.aws_security_group_rule.ingress_https",
            "module.vpc.aws_subnet.private_subnet",
            "module.vpc.aws_vpc.vpc",
            "module.vpc.aws_vpc_endpoint.dynamodb",
            "module.vpc.aws_vpc_endpoint.execute_api",
            "module.vpc.aws_vpc_endpoint.s3"
          ]
        },
        {
          "index_key": 2,
          "schema_version": 0,
          "attributes": {
            "action": "lambda:InvokeFunction",
            "event_source_token": null,
            "function_name": "CreateWheelLambda",
            "id": "AllowApiGatewayToInvokeLambda",
            "principal": "apigateway.amazonaws.com",
            "qualifier": "",
            "source_account": null,
            "source_arn": "arn:aws:execute-api:us-west-2:098504033684:o6o6owege9/*/*/*",
            "statement_id": "AllowApiGatewayToInvokeLambda",
            "statement_id_prefix": null
          },
          "private": "bnVsbA==",
          "dependencies": [
            "module.S3.aws_kms_key.key",
            "module.S3.aws_s3_bucket.wheel_source_bucket",
            "module.api_gateway.aws_api_gateway_rest_api.wheel_api",
            "module.api_gateway.aws_iam_role.api_gateway_role",
            "module.dynamo.aws_dynamodb_table.participant_table",
            "module.dynamo.aws_dynamodb_table.wheel_table",
            "module.lambda.aws_iam_role.lambda_role",
            "module.lambda.aws_iam_role_policy.lambda_policy",
            "module.lambda.aws_iam_role_policy_attachment.basic_lambda_attach",
            "module.lambda.aws_iam_role_policy_attachment.vpc_access_lambda_attach",
            "module.lambda.aws_lambda_function.lambda",
            "module.vpc.aws_route_table.private_route_table",
            "module.vpc.aws_route_table_association.route_table_association",
            "module.vpc.aws_security_group.endpoint_security_group",
            "module.vpc.aws_security_group.use_endpoint_security_group",
            "module.vpc.aws_security_group_rule.egress_dynamo",
            "module.vpc.aws_security_group_rule.egress_http",
            "module.vpc.aws_security_group_rule.egress_https",
            "module.vpc.aws_security_group_rule.ingress_http",
            "module.vpc.aws_security_group_rule.ingress_https",
            "module.vpc.aws_subnet.private_subnet",
            "module.vpc.aws_vpc.vpc",
            "module.vpc.aws_vpc_endpoint.dynamodb",
            "module.vpc.aws_vpc_endpoint.execute_api",
            "module.vpc.aws_vpc_endpoint.s3"
          ]
        },
        {
          "index_key": 3,
          "schema_version": 0,
          "attributes": {
            "action": "lambda:InvokeFunction",
            "event_source_token": null,
            "function_name": "DeleteParticipantLambda",
            "id": "AllowApiGatewayToInvokeLambda",
            "principal": "apigateway.amazonaws.com",
            "qualifier": "",
            "source_account": null,
            "source_arn": "arn:aws:execute-api:us-west-2:098504033684:o6o6owege9/*/*/*",
            "statement_id": "AllowApiGatewayToInvokeLambda",
            "statement_id_prefix": null
          },
          "private": "bnVsbA==",
          "dependencies": [
            "module.S3.aws_kms_key.key",
            "module.S3.aws_s3_bucket.wheel_source_bucket",
            "module.api_gateway.aws_api_gateway_rest_api.wheel_api",
            "module.api_gateway.aws_iam_role.api_gateway_role",
            "module.dynamo.aws_dynamodb_table.participant_table",
            "module.dynamo.aws_dynamodb_table.wheel_table",
            "module.lambda.aws_iam_role.lambda_role",
            "module.lambda.aws_iam_role_policy.lambda_policy",
            "module.lambda.aws_iam_role_policy_attachment.basic_lambda_attach",
            "module.lambda.aws_iam_role_policy_attachment.vpc_access_lambda_attach",
            "module.lambda.aws_lambda_function.lambda",
            "module.vpc.aws_route_table.private_route_table",
            "module.vpc.aws_route_table_association.route_table_association",
            "module.vpc.aws_security_group.endpoint_security_group",
            "module.vpc.aws_security_group.use_endpoint_security_group",
            "module.vpc.aws_security_group_rule.egress_dynamo",
            "module.vpc.aws_security_group_rule.egress_http",
            "module.vpc.aws_security_group_rule.egress_https",
            "module.vpc.aws_security_group_rule.ingress_http",
            "module.vpc.aws_security_group_rule.ingress_https",
            "module.vpc.aws_subnet.private_subnet",
            "module.vpc.aws_vpc.vpc",
            "module.vpc.aws_vpc_endpoint.dynamodb",
            "module.vpc.aws_vpc_endpoint.execute_api",
            "module.vpc.aws_vpc_endpoint.s3"
          ]
        },
        {
          "index_key": 4,
          "schema_version": 0,
          "attributes": {
            "action": "lambda:InvokeFunction",
            "event_source_token": null,
            "function_name": "DeleteWheelLambda",
            "id": "AllowApiGatewayToInvokeLambda",
            "principal": "apigateway.amazonaws.com",
            "qualifier": "",
            "source_account": null,
            "source_arn": "arn:aws:execute-api:us-west-2:098504033684:o6o6owege9/*/*/*",
            "statement_id": "AllowApiGatewayToInvokeLambda",
            "statement_id_prefix": null
          },
          "private": "bnVsbA==",
          "dependencies": [
            "module.S3.aws_kms_key.key",
            "module.S3.aws_s3_bucket.wheel_source_bucket",
            "module.api_gateway.aws_api_gateway_rest_api.wheel_api",
            "module.api_gateway.aws_iam_role.api_gateway_role",
            "module.dynamo.aws_dynamodb_table.participant_table",
            "module.dynamo.aws_dynamodb_table.wheel_table",
            "module.lambda.aws_iam_role.lambda_role",
            "module.lambda.aws_iam_role_policy.lambda_policy",
            "module.lambda.aws_iam_role_policy_attachment.basic_lambda_attach",
            "module.lambda.aws_iam_role_policy_attachment.vpc_access_lambda_attach",
            "module.lambda.aws_lambda_function.lambda",
            "module.vpc.aws_route_table.private_route_table",
            "module.vpc.aws_route_table_association.route_table_association",
            "module.vpc.aws_security_group.endpoint_security_group",
            "module.vpc.aws_security_group.use_endpoint_security_group",
            "module.vpc.aws_security_group_rule.egress_dynamo",
            "module.vpc.aws_security_group_rule.egress_http",
            "module.vpc.aws_security_group_rule.egress_https",
            "module.vpc.aws_security_group_rule.ingress_http",
            "module.vpc.aws_security_group_rule.ingress_https",
            "module.vpc.aws_subnet.private_subnet",
            "module.vpc.aws_vpc.vpc",
            "module.vpc.aws_vpc_endpoint.dynamodb",
            "module.vpc.aws_vpc_endpoint.execute_api",
            "module.vpc.aws_vpc_endpoint.s3"
          ]
        },
        {
          "index_key": 5,
          "schema_version": 0,
          "attributes": {
            "action": "lambda:InvokeFunction",
            "event_source_token": null,
            "function_name": "GetWheelLambda",
            "id": "AllowApiGatewayToInvokeLambda",
            "principal": "apigateway.amazonaws.com",
            "qualifier": "",
            "source_account": null,
            "source_arn": "arn:aws:execute-api:us-west-2:098504033684:o6o6owege9/*/*/*",
            "statement_id": "AllowApiGatewayToInvokeLambda",
            "statement_id_prefix": null
          },
          "private": "bnVsbA==",
          "dependencies": [
            "module.S3.aws_kms_key.key",
            "module.S3.aws_s3_bucket.wheel_source_bucket",
            "module.api_gateway.aws_api_gateway_rest_api.wheel_api",
            "module.api_gateway.aws_iam_role.api_gateway_role",
            "module.dynamo.aws_dynamodb_table.participant_table",
            "module.dynamo.aws_dynamodb_table.wheel_table",
            "module.lambda.aws_iam_role.lambda_role",
            "module.lambda.aws_iam_role_policy.lambda_policy",
            "module.lambda.aws_iam_role_policy_attachment.basic_lambda_attach",
            "module.lambda.aws_iam_role_policy_attachment.vpc_access_lambda_attach",
            "module.lambda.aws_lambda_function.lambda",
            "module.vpc.aws_route_table.private_route_table",
            "module.vpc.aws_route_table_association.route_table_association",
            "module.vpc.aws_security_group.endpoint_security_group",
            "module.vpc.aws_security_group.use_endpoint_security_group",
            "module.vpc.aws_security_group_rule.egress_dynamo",
            "module.vpc.aws_security_group_rule.egress_http",
            "module.vpc.aws_security_group_rule.egress_https",
            "module.vpc.aws_security_group_rule.ingress_http",
            "module.vpc.aws_security_group_rule.ingress_https",
            "module.vpc.aws_subnet.private_subnet",
            "module.vpc.aws_vpc.vpc",
            "module.vpc.aws_vpc_endpoint.dynamodb",
            "module.vpc.aws_vpc_endpoint.execute_api",
            "module.vpc.aws_vpc_endpoint.s3"
          ]
        },
        {
          "index_key": 6,
          "schema_version": 0,
          "attributes": {
            "action": "lambda:InvokeFunction",
            "event_source_token": null,
            "function_name": "ListParticipantsLambda",
            "id": "AllowApiGatewayToInvokeLambda",
            "principal": "apigateway.amazonaws.com",
            "qualifier": "",
            "source_account": null,
            "source_arn": "arn:aws:execute-api:us-west-2:098504033684:o6o6owege9/*/*/*",
            "statement_id": "AllowApiGatewayToInvokeLambda",
            "statement_id_prefix": null
          },
          "private": "bnVsbA==",
          "dependencies": [
            "module.S3.aws_kms_key.key",
            "module.S3.aws_s3_bucket.wheel_source_bucket",
            "module.api_gateway.aws_api_gateway_rest_api.wheel_api",
            "module.api_gateway.aws_iam_role.api_gateway_role",
            "module.dynamo.aws_dynamodb_table.participant_table",
            "module.dynamo.aws_dynamodb_table.wheel_table",
            "module.lambda.aws_iam_role.lambda_role",
            "module.lambda.aws_iam_role_policy.lambda_policy",
            "module.lambda.aws_iam_role_policy_attachment.basic_lambda_attach",
            "module.lambda.aws_iam_role_policy_attachment.vpc_access_lambda_attach",
            "module.lambda.aws_lambda_function.lambda",
            "module.vpc.aws_route_table.private_route_table",
            "module.vpc.aws_route_table_association.route_table_association",
            "module.vpc.aws_security_group.endpoint_security_group",
            "module.vpc.aws_security_group.use_endpoint_security_group",
            "module.vpc.aws_security_group_rule.egress_dynamo",
            "module.vpc.aws_security_group_rule.egress_http",
            "module.vpc.aws_security_group_rule.egress_https",
            "module.vpc.aws_security_group_rule.ingress_http",
            "module.vpc.aws_security_group_rule.ingress_https",
            "module.vpc.aws_subnet.private_subnet",
            "module.vpc.aws_vpc.vpc",
            "module.vpc.aws_vpc_endpoint.dynamodb",
            "module.vpc.aws_vpc_endpoint.execute_api",
            "module.vpc.aws_vpc_endpoint.s3"
          ]
        },
        {
          "index_key": 7,
          "schema_version": 0,
          "attributes": {
            "action": "lambda:InvokeFunction",
            "event_source_token": null,
            "function_name": "ListWheelsLambda",
            "id": "AllowApiGatewayToInvokeLambda",
            "principal": "apigateway.amazonaws.com",
            "qualifier": "",
            "source_account": null,
            "source_arn": "arn:aws:execute-api:us-west-2:098504033684:o6o6owege9/*/*/*",
            "statement_id": "AllowApiGatewayToInvokeLambda",
            "statement_id_prefix": null
          },
          "private": "bnVsbA==",
          "dependencies": [
            "module.S3.aws_kms_key.key",
            "module.S3.aws_s3_bucket.wheel_source_bucket",
            "module.api_gateway.aws_api_gateway_rest_api.wheel_api",
            "module.api_gateway.aws_iam_role.api_gateway_role",
            "module.dynamo.aws_dynamodb_table.participant_table",
            "module.dynamo.aws_dynamodb_table.wheel_table",
            "module.lambda.aws_iam_role.lambda_role",
            "module.lambda.aws_iam_role_policy.lambda_policy",
            "module.lambda.aws_iam_role_policy_attachment.basic_lambda_attach",
            "module.lambda.aws_iam_role_policy_attachment.vpc_access_lambda_attach",
            "module.lambda.aws_lambda_function.lambda",
            "module.vpc.aws_route_table.private_route_table",
            "module.vpc.aws_route_table_association.route_table_association",
            "module.vpc.aws_security_group.endpoint_security_group",
            "module.vpc.aws_security_group.use_endpoint_security_group",
            "module.vpc.aws_security_group_rule.egress_dynamo",
            "module.vpc.aws_security_group_rule.egress_http",
            "module.vpc.aws_security_group_rule.egress_https",
            "module.vpc.aws_security_group_rule.ingress_http",
            "module.vpc.aws_security_group_rule.ingress_https",
            "module.vpc.aws_subnet.private_subnet",
            "module.vpc.aws_vpc.vpc",
            "module.vpc.aws_vpc_endpoint.dynamodb",
            "module.vpc.aws_vpc_endpoint.execute_api",
            "module.vpc.aws_vpc_endpoint.s3"
          ]
        },
        {
          "index_key": 8,
          "schema_version": 0,
          "attributes": {
            "action": "lambda:InvokeFunction",
            "event_source_token": null,
            "function_name": "ResetWheelLambda",
            "id": "AllowApiGatewayToInvokeLambda",
            "principal": "apigateway.amazonaws.com",
            "qualifier": "",
            "source_account": null,
            "source_arn": "arn:aws:execute-api:us-west-2:098504033684:o6o6owege9/*/*/*",
            "statement_id": "AllowApiGatewayToInvokeLambda",
            "statement_id_prefix": null
          },
          "private": "bnVsbA==",
          "dependencies": [
            "module.S3.aws_kms_key.key",
            "module.S3.aws_s3_bucket.wheel_source_bucket",
            "module.api_gateway.aws_api_gateway_rest_api.wheel_api",
            "module.api_gateway.aws_iam_role.api_gateway_role",
            "module.dynamo.aws_dynamodb_table.participant_table",
            "module.dynamo.aws_dynamodb_table.wheel_table",
            "module.lambda.aws_iam_role.lambda_role",
            "module.lambda.aws_iam_role_policy.lambda_policy",
            "module.lambda.aws_iam_role_policy_attachment.basic_lambda_attach",
            "module.lambda.aws_iam_role_policy_attachment.vpc_access_lambda_attach",
            "module.lambda.aws_lambda_function.lambda",
            "module.vpc.aws_route_table.private_route_table",
            "module.vpc.aws_route_table_association.route_table_association",
            "module.vpc.aws_security_group.endpoint_security_group",
            "module.vpc.aws_security_group.use_endpoint_security_group",
            "module.vpc.aws_security_group_rule.egress_dynamo",
            "module.vpc.aws_security_group_rule.egress_http",
            "module.vpc.aws_security_group_rule.egress_https",
            "module.vpc.aws_security_group_rule.ingress_http",
            "module.vpc.aws_security_group_rule.ingress_https",
            "module.vpc.aws_subnet.private_subnet",
            "module.vpc.aws_vpc.vpc",
            "module.vpc.aws_vpc_endpoint.dynamodb",
            "module.vpc.aws_vpc_endpoint.execute_api",
            "module.vpc.aws_vpc_endpoint.s3"
          ]
        },
        {
          "index_key": 9,
          "schema_version": 0,
          "attributes": {
            "action": "lambda:InvokeFunction",
            "event_source_token": null,
            "function_name": "RigParticipantLambda",
            "id": "AllowApiGatewayToInvokeLambda",
            "principal": "apigateway.amazonaws.com",
            "qualifier": "",
            "source_account": null,
            "source_arn": "arn:aws:execute-api:us-west-2:098504033684:o6o6owege9/*/*/*",
            "statement_id": "AllowApiGatewayToInvokeLambda",
            "statement_id_prefix": null
          },
          "private": "bnVsbA==",
          "dependencies": [
            "module.S3.aws_kms_key.key",
            "module.S3.aws_s3_bucket.wheel_source_bucket",
            "module.api_gateway.aws_api_gateway_rest_api.wheel_api",
            "module.api_gateway.aws_iam_role.api_gateway_role",
            "module.dynamo.aws_dynamodb_table.participant_table",
            "module.dynamo.aws_dynamodb_table.wheel_table",
            "module.lambda.aws_iam_role.lambda_role",
            "module.lambda.aws_iam_role_policy.lambda_policy",
            "module.lambda.aws_iam_role_policy_attachment.basic_lambda_attach",
            "module.lambda.aws_iam_role_policy_attachment.vpc_access_lambda_attach",
            "module.lambda.aws_lambda_function.lambda",
            "module.vpc.aws_route_table.private_route_table",
            "module.vpc.aws_route_table_association.route_table_association",
            "module.vpc.aws_security_group.endpoint_security_group",
            "module.vpc.aws_security_group.use_endpoint_security_group",
            "module.vpc.aws_security_group_rule.egress_dynamo",
            "module.vpc.aws_security_group_rule.egress_http",
            "module.vpc.aws_security_group_rule.egress_https",
            "module.vpc.aws_security_group_rule.ingress_http",
            "module.vpc.aws_security_group_rule.ingress_https",
            "module.vpc.aws_subnet.private_subnet",
            "module.vpc.aws_vpc.vpc",
            "module.vpc.aws_vpc_endpoint.dynamodb",
            "module.vpc.aws_vpc_endpoint.execute_api",
            "module.vpc.aws_vpc_endpoint.s3"
          ]
        },
        {
          "index_key": 10,
          "schema_version": 0,
          "attributes": {
            "action": "lambda:InvokeFunction",
            "event_source_token": null,
            "function_name": "SelectParticipantLambda",
            "id": "AllowApiGatewayToInvokeLambda",
            "principal": "apigateway.amazonaws.com",
            "qualifier": "",
            "source_account": null,
            "source_arn": "arn:aws:execute-api:us-west-2:098504033684:o6o6owege9/*/*/*",
            "statement_id": "AllowApiGatewayToInvokeLambda",
            "statement_id_prefix": null
          },
          "private": "bnVsbA==",
          "dependencies": [
            "module.S3.aws_kms_key.key",
            "module.S3.aws_s3_bucket.wheel_source_bucket",
            "module.api_gateway.aws_api_gateway_rest_api.wheel_api",
            "module.api_gateway.aws_iam_role.api_gateway_role",
            "module.dynamo.aws_dynamodb_table.participant_table",
            "module.dynamo.aws_dynamodb_table.wheel_table",
            "module.lambda.aws_iam_role.lambda_role",
            "module.lambda.aws_iam_role_policy.lambda_policy",
            "module.lambda.aws_iam_role_policy_attachment.basic_lambda_attach",
            "module.lambda.aws_iam_role_policy_attachment.vpc_access_lambda_attach",
            "module.lambda.aws_lambda_function.lambda",
            "module.vpc.aws_route_table.private_route_table",
            "module.vpc.aws_route_table_association.route_table_association",
            "module.vpc.aws_security_group.endpoint_security_group",
            "module.vpc.aws_security_group.use_endpoint_security_group",
            "module.vpc.aws_security_group_rule.egress_dynamo",
            "module.vpc.aws_security_group_rule.egress_http",
            "module.vpc.aws_security_group_rule.egress_https",
            "module.vpc.aws_security_group_rule.ingress_http",
            "module.vpc.aws_security_group_rule.ingress_https",
            "module.vpc.aws_subnet.private_subnet",
            "module.vpc.aws_vpc.vpc",
            "module.vpc.aws_vpc_endpoint.dynamodb",
            "module.vpc.aws_vpc_endpoint.execute_api",
            "module.vpc.aws_vpc_endpoint.s3"
          ]
        },
        {
          "index_key": 11,
          "schema_version": 0,
          "attributes": {
            "action": "lambda:InvokeFunction",
            "event_source_token": null,
            "function_name": "SuggestParticipantLambda",
            "id": "AllowApiGatewayToInvokeLambda",
            "principal": "apigateway.amazonaws.com",
            "qualifier": "",
            "source_account": null,
            "source_arn": "arn:aws:execute-api:us-west-2:098504033684:o6o6owege9/*/*/*",
            "statement_id": "AllowApiGatewayToInvokeLambda",
            "statement_id_prefix": null
          },
          "private": "bnVsbA==",
          "dependencies": [
            "module.S3.aws_kms_key.key",
            "module.S3.aws_s3_bucket.wheel_source_bucket",
            "module.api_gateway.aws_api_gateway_rest_api.wheel_api",
            "module.api_gateway.aws_iam_role.api_gateway_role",
            "module.dynamo.aws_dynamodb_table.participant_table",
            "module.dynamo.aws_dynamodb_table.wheel_table",
            "module.lambda.aws_iam_role.lambda_role",
            "module.lambda.aws_iam_role_policy.lambda_policy",
            "module.lambda.aws_iam_role_policy_attachment.basic_lambda_attach",
            "module.lambda.aws_iam_role_policy_attachment.vpc_access_lambda_attach",
            "module.lambda.aws_lambda_function.lambda",
            "module.vpc.aws_route_table.private_route_table",
            "module.vpc.aws_route_table_association.route_table_association",
            "module.vpc.aws_security_group.endpoint_security_group",
            "module.vpc.aws_security_group.use_endpoint_security_group",
            "module.vpc.aws_security_group_rule.egress_dynamo",
            "module.vpc.aws_security_group_rule.egress_http",
            "module.vpc.aws_security_group_rule.egress_https",
            "module.vpc.aws_security_group_rule.ingress_http",
            "module.vpc.aws_security_group_rule.ingress_https",
            "module.vpc.aws_subnet.private_subnet",
            "module.vpc.aws_vpc.vpc",
            "module.vpc.aws_vpc_endpoint.dynamodb",
            "module.vpc.aws_vpc_endpoint.execute_api",
            "module.vpc.aws_vpc_endpoint.s3"
          ]
        },
        {
          "index_key": 12,
          "schema_version": 0,
          "attributes": {
            "action": "lambda:InvokeFunction",
            "event_source_token": null,
            "function_name": "UnrigParticipantLambda",
            "id": "AllowApiGatewayToInvokeLambda",
            "principal": "apigateway.amazonaws.com",
            "qualifier": "",
            "source_account": null,
            "source_arn": "arn:aws:execute-api:us-west-2:098504033684:o6o6owege9/*/*/*",
            "statement_id": "AllowApiGatewayToInvokeLambda",
            "statement_id_prefix": null
          },
          "private": "bnVsbA==",
          "dependencies": [
            "module.S3.aws_kms_key.key",
            "module.S3.aws_s3_bucket.wheel_source_bucket",
            "module.api_gateway.aws_api_gateway_rest_api.wheel_api",
            "module.api_gateway.aws_iam_role.api_gateway_role",
            "module.dynamo.aws_dynamodb_table.participant_table",
            "module.dynamo.aws_dynamodb_table.wheel_table",
            "module.lambda.aws_iam_role.lambda_role",
            "module.lambda.aws_iam_role_policy.lambda_policy",
            "module.lambda.aws_iam_role_policy_attachment.basic_lambda_attach",
            "module.lambda.aws_iam_role_policy_attachment.vpc_access_lambda_attach",
            "module.lambda.aws_lambda_function.lambda",
            "module.vpc.aws_route_table.private_route_table",
            "module.vpc.aws_route_table_association.route_table_association",
            "module.vpc.aws_security_group.endpoint_security_group",
            "module.vpc.aws_security_group.use_endpoint_security_group",
            "module.vpc.aws_security_group_rule.egress_dynamo",
            "module.vpc.aws_security_group_rule.egress_http",
            "module.vpc.aws_security_group_rule.egress_https",
            "module.vpc.aws_security_group_rule.ingress_http",
            "module.vpc.aws_security_group_rule.ingress_https",
            "module.vpc.aws_subnet.private_subnet",
            "module.vpc.aws_vpc.vpc",
            "module.vpc.aws_vpc_endpoint.dynamodb",
            "module.vpc.aws_vpc_endpoint.execute_api",
            "module.vpc.aws_vpc_endpoint.s3"
          ]
        },
        {
          "index_key": 13,
          "schema_version": 0,
          "attributes": {
            "action": "lambda:InvokeFunction",
            "event_source_token": null,
            "function_name": "UpdateParticipantLambda",
            "id": "AllowApiGatewayToInvokeLambda",
            "principal": "apigateway.amazonaws.com",
            "qualifier": "",
            "source_account": null,
            "source_arn": "arn:aws:execute-api:us-west-2:098504033684:o6o6owege9/*/*/*",
            "statement_id": "AllowApiGatewayToInvokeLambda",
            "statement_id_prefix": null
          },
          "private": "bnVsbA==",
          "dependencies": [
            "module.S3.aws_kms_key.key",
            "module.S3.aws_s3_bucket.wheel_source_bucket",
            "module.api_gateway.aws_api_gateway_rest_api.wheel_api",
            "module.api_gateway.aws_iam_role.api_gateway_role",
            "module.dynamo.aws_dynamodb_table.participant_table",
            "module.dynamo.aws_dynamodb_table.wheel_table",
            "module.lambda.aws_iam_role.lambda_role",
            "module.lambda.aws_iam_role_policy.lambda_policy",
            "module.lambda.aws_iam_role_policy_attachment.basic_lambda_attach",
            "module.lambda.aws_iam_role_policy_attachment.vpc_access_lambda_attach",
            "module.lambda.aws_lambda_function.lambda",
            "module.vpc.aws_route_table.private_route_table",
            "module.vpc.aws_route_table_association.route_table_association",
            "module.vpc.aws_security_group.endpoint_security_group",
            "module.vpc.aws_security_group.use_endpoint_security_group",
            "module.vpc.aws_security_group_rule.egress_dynamo",
            "module.vpc.aws_security_group_rule.egress_http",
            "module.vpc.aws_security_group_rule.egress_https",
            "module.vpc.aws_security_group_rule.ingress_http",
            "module.vpc.aws_security_group_rule.ingress_https",
            "module.vpc.aws_subnet.private_subnet",
            "module.vpc.aws_vpc.vpc",
            "module.vpc.aws_vpc_endpoint.dynamodb",
            "module.vpc.aws_vpc_endpoint.execute_api",
            "module.vpc.aws_vpc_endpoint.s3"
          ]
        },
        {
          "index_key": 14,
          "schema_version": 0,
          "attributes": {
            "action": "lambda:InvokeFunction",
            "event_source_token": null,
            "function_name": "UpdateWheelLambda",
            "id": "AllowApiGatewayToInvokeLambda",
            "principal": "apigateway.amazonaws.com",
            "qualifier": "",
            "source_account": null,
            "source_arn": "arn:aws:execute-api:us-west-2:098504033684:o6o6owege9/*/*/*",
            "statement_id": "AllowApiGatewayToInvokeLambda",
            "statement_id_prefix": null
          },
          "private": "bnVsbA==",
          "dependencies": [
            "module.S3.aws_kms_key.key",
            "module.S3.aws_s3_bucket.wheel_source_bucket",
            "module.api_gateway.aws_api_gateway_rest_api.wheel_api",
            "module.api_gateway.aws_iam_role.api_gateway_role",
            "module.dynamo.aws_dynamodb_table.participant_table",
            "module.dynamo.aws_dynamodb_table.wheel_table",
            "module.lambda.aws_iam_role.lambda_role",
            "module.lambda.aws_iam_role_policy.lambda_policy",
            "module.lambda.aws_iam_role_policy_attachment.basic_lambda_attach",
            "module.lambda.aws_iam_role_policy_attachment.vpc_access_lambda_attach",
            "module.lambda.aws_lambda_function.lambda",
            "module.vpc.aws_route_table.private_route_table",
            "module.vpc.aws_route_table_association.route_table_association",
            "module.vpc.aws_security_group.endpoint_security_group",
            "module.vpc.aws_security_group.use_endpoint_security_group",
            "module.vpc.aws_security_group_rule.egress_dynamo",
            "module.vpc.aws_security_group_rule.egress_http",
            "module.vpc.aws_security_group_rule.egress_https",
            "module.vpc.aws_security_group_rule.ingress_http",
            "module.vpc.aws_security_group_rule.ingress_https",
            "module.vpc.aws_subnet.private_subnet",
            "module.vpc.aws_vpc.vpc",
            "module.vpc.aws_vpc_endpoint.dynamodb",
            "module.vpc.aws_vpc_endpoint.execute_api",
            "module.vpc.aws_vpc_endpoint.s3"
          ]
        }
      ]
    },
    {
      "module": "module.vpc",
      "mode": "managed",
      "type": "aws_route_table",
      "name": "private_route_table",
      "provider": "provider.aws",
      "instances": [
        {
          "schema_version": 0,
          "attributes": {
            "id": "rtb-09233f370ea9baca7",
            "owner_id": "098504033684",
            "propagating_vgws": [],
            "route": [],
            "tags": {
              "Name": "Private subnet route table"
            },
            "vpc_id": "vpc-03979ec8dd295d5ee"
          },
          "private": "bnVsbA==",
          "dependencies": [
            "module.vpc.aws_vpc.vpc"
          ]
        }
      ]
    },
    {
      "module": "module.vpc",
      "mode": "managed",
      "type": "aws_route_table_association",
      "name": "route_table_association",
      "provider": "provider.aws",
      "instances": [
        {
          "schema_version": 0,
          "attributes": {
            "gateway_id": null,
            "id": "rtbassoc-0ef89a71dec51bb79",
            "route_table_id": "rtb-09233f370ea9baca7",
            "subnet_id": "subnet-01b8cf53fc4c72c72"
          },
          "private": "bnVsbA==",
          "dependencies": [
            "module.vpc.aws_route_table.private_route_table",
            "module.vpc.aws_subnet.private_subnet",
            "module.vpc.aws_vpc.vpc"
          ]
        }
      ]
    },
    {
      "module": "module.S3",
      "mode": "managed",
      "type": "aws_s3_bucket",
      "name": "wheel_source_bucket",
      "provider": "provider.aws",
      "instances": [
        {
          "schema_version": 0,
          "attributes": {
            "acceleration_status": "",
            "acl": "private",
            "arn": "arn:aws:s3:::awsopswheelsourcebucket-20200405223841571900000003",
            "bucket": "awsopswheelsourcebucket-20200405223841571900000003",
            "bucket_domain_name": "awsopswheelsourcebucket-20200405223841571900000003.s3.amazonaws.com",
            "bucket_prefix": "awsopswheelsourcebucket-",
            "bucket_regional_domain_name": "awsopswheelsourcebucket-20200405223841571900000003.s3.us-west-2.amazonaws.com",
            "cors_rule": [],
            "force_destroy": false,
            "grant": [],
            "hosted_zone_id": "Z3BJ6K6RIION7M",
            "id": "awsopswheelsourcebucket-20200405223841571900000003",
            "lifecycle_rule": [],
            "logging": [],
            "object_lock_configuration": [],
            "policy": null,
            "region": "us-west-2",
            "replication_configuration": [],
            "request_payer": "BucketOwner",
            "server_side_encryption_configuration": [
              {
                "rule": [
                  {
                    "apply_server_side_encryption_by_default": [
                      {
                        "kms_master_key_id": "arn:aws:kms:us-west-2:098504033684:key/99b37852-54c4-4fde-9867-520cf5c35564",
                        "sse_algorithm": "aws:kms"
                      }
                    ]
                  }
                ]
              }
            ],
            "tags": {},
            "versioning": [
              {
                "enabled": true,
                "mfa_delete": false
              }
            ],
            "website": [],
            "website_domain": null,
            "website_endpoint": null
          },
          "private": "bnVsbA==",
          "dependencies": [
            "module.S3.aws_kms_key.key"
          ]
        }
      ]
    },
    {
      "module": "module.ui",
      "mode": "managed",
      "type": "aws_s3_bucket_object",
      "name": "upload_files",
      "each": "map",
      "provider": "provider.aws",
      "instances": [
        {
          "index_key": "448c34a56d699c29117adc64c43affeb.woff2",
          "schema_version": 0,
          "attributes": {
            "acl": "private",
            "bucket": "awsopswheelsourcebucket-20200405223841571900000003",
            "cache_control": "",
            "content": null,
            "content_base64": null,
            "content_disposition": "",
            "content_encoding": "",
            "content_language": "",
            "content_type": "font/woff2",
            "etag": "9e00f7cf99cd1f0d01f7a9ce2f91b32e",
            "force_destroy": false,
            "id": "448c34a56d699c29117adc64c43affeb.woff2",
            "key": "448c34a56d699c29117adc64c43affeb.woff2",
            "kms_key_id": "",
            "metadata": {},
            "object_lock_legal_hold_status": "",
            "object_lock_mode": "",
            "object_lock_retain_until_date": "",
            "server_side_encryption": "aws:kms",
            "source": "ui/../../ui/../build/static/448c34a56d699c29117adc64c43affeb.woff2",
            "storage_class": "STANDARD",
            "tags": {},
            "version_id": "u8iE4.pIhqvvGet3a_dvW9R9bhtctuPW",
            "website_redirect": ""
          },
          "private": "bnVsbA==",
          "dependencies": [
            "module.S3.aws_kms_key.key",
            "module.S3.aws_s3_bucket.wheel_source_bucket"
          ]
        },
        {
          "index_key": "674f50d287a8c48dc19ba404d20fe713.eot",
          "schema_version": 0,
          "attributes": {
            "acl": "private",
            "bucket": "awsopswheelsourcebucket-20200405223841571900000003",
            "cache_control": "",
            "content": null,
            "content_base64": null,
            "content_disposition": "",
            "content_encoding": "",
            "content_language": "",
            "content_type": "application/vnd.ms-fontobject",
            "etag": "b1a3f075b9457757eec2279c6eb8537c",
            "force_destroy": false,
            "id": "674f50d287a8c48dc19ba404d20fe713.eot",
            "key": "674f50d287a8c48dc19ba404d20fe713.eot",
            "kms_key_id": "",
            "metadata": {},
            "object_lock_legal_hold_status": "",
            "object_lock_mode": "",
            "object_lock_retain_until_date": "",
            "server_side_encryption": "aws:kms",
            "source": "ui/../../ui/../build/static/674f50d287a8c48dc19ba404d20fe713.eot",
            "storage_class": "STANDARD",
            "tags": {},
            "version_id": "hS0mujVIfmHHVhDGFB5TdH8U23xP6bgQ",
            "website_redirect": ""
          },
          "private": "bnVsbA==",
          "dependencies": [
            "module.S3.aws_kms_key.key",
            "module.S3.aws_s3_bucket.wheel_source_bucket"
          ]
        },
        {
          "index_key": "89889688147bd7575d6327160d64e760.svg",
          "schema_version": 0,
          "attributes": {
            "acl": "private",
            "bucket": "awsopswheelsourcebucket-20200405223841571900000003",
            "cache_control": "",
            "content": null,
            "content_base64": null,
            "content_disposition": "",
            "content_encoding": "",
            "content_language": "",
            "content_type": "image/svg+xml",
            "etag": "1a592a2cd74232421f8ba184d59f762f",
            "force_destroy": false,
            "id": "89889688147bd7575d6327160d64e760.svg",
            "key": "89889688147bd7575d6327160d64e760.svg",
            "kms_key_id": "",
            "metadata": {},
            "object_lock_legal_hold_status": "",
            "object_lock_mode": "",
            "object_lock_retain_until_date": "",
            "server_side_encryption": "aws:kms",
            "source": "ui/../../ui/../build/static/89889688147bd7575d6327160d64e760.svg",
            "storage_class": "STANDARD",
            "tags": {},
            "version_id": "sMstFN1XzHhkzSQVnqdyBRJhUhe2Jql2",
            "website_redirect": ""
          },
          "private": "bnVsbA==",
          "dependencies": [
            "module.S3.aws_kms_key.key",
            "module.S3.aws_s3_bucket.wheel_source_bucket"
          ]
        },
        {
          "index_key": "912ec66d7572ff821749319396470bde.svg",
          "schema_version": 0,
          "attributes": {
            "acl": "private",
            "bucket": "awsopswheelsourcebucket-20200405223841571900000003",
            "cache_control": "",
            "content": null,
            "content_base64": null,
            "content_disposition": "",
            "content_encoding": "",
            "content_language": "",
            "content_type": "image/svg+xml",
            "etag": "f8b0815a3cfa61df33328bb7c3490d15",
            "force_destroy": false,
            "id": "912ec66d7572ff821749319396470bde.svg",
            "key": "912ec66d7572ff821749319396470bde.svg",
            "kms_key_id": "",
            "metadata": {},
            "object_lock_legal_hold_status": "",
            "object_lock_mode": "",
            "object_lock_retain_until_date": "",
            "server_side_encryption": "aws:kms",
            "source": "ui/../../ui/../build/static/912ec66d7572ff821749319396470bde.svg",
            "storage_class": "STANDARD",
            "tags": {},
            "version_id": "44Ixys714v_ySqnlD6Iw8tRMoZdCfFUi",
            "website_redirect": ""
          },
          "private": "bnVsbA==",
          "dependencies": [
            "module.S3.aws_kms_key.key",
            "module.S3.aws_s3_bucket.wheel_source_bucket"
          ]
        },
        {
          "index_key": "af7ae505a9eed503f8b8e6982036873e.woff2",
          "schema_version": 0,
          "attributes": {
            "acl": "private",
            "bucket": "awsopswheelsourcebucket-20200405223841571900000003",
            "cache_control": "",
            "content": null,
            "content_base64": null,
            "content_disposition": "",
            "content_encoding": "",
            "content_language": "",
            "content_type": "font/woff2",
            "etag": "765373b620325ad8f0530825db496672",
            "force_destroy": false,
            "id": "af7ae505a9eed503f8b8e6982036873e.woff2",
            "key": "af7ae505a9eed503f8b8e6982036873e.woff2",
            "kms_key_id": "",
            "metadata": {},
            "object_lock_legal_hold_status": "",
            "object_lock_mode": "",
            "object_lock_retain_until_date": "",
            "server_side_encryption": "aws:kms",
            "source": "ui/../../ui/../build/static/af7ae505a9eed503f8b8e6982036873e.woff2",
            "storage_class": "STANDARD",
            "tags": {},
            "version_id": "JMwYiXm__GFwyKONsFWLT2xy4oGKI.hE",
            "website_redirect": ""
          },
          "private": "bnVsbA==",
          "dependencies": [
            "module.S3.aws_kms_key.key",
            "module.S3.aws_s3_bucket.wheel_source_bucket"
          ]
        },
        {
          "index_key": "app.production.js",
          "schema_version": 0,
          "attributes": {
            "acl": "private",
            "bucket": "awsopswheelsourcebucket-20200405223841571900000003",
            "cache_control": "",
            "content": null,
            "content_base64": null,
            "content_disposition": "",
            "content_encoding": "",
            "content_language": "",
            "content_type": "application/javascript",
            "etag": "3625bf9dd43d1d2ea62c0ad680ae9b84",
            "force_destroy": false,
            "id": "app.production.js",
            "key": "app.production.js",
            "kms_key_id": "",
            "metadata": {},
            "object_lock_legal_hold_status": "",
            "object_lock_mode": "",
            "object_lock_retain_until_date": "",
            "server_side_encryption": "aws:kms",
            "source": "ui/../../ui/../build/static/app.production.js",
            "storage_class": "STANDARD",
            "tags": {},
            "version_id": "9QyU.ZXl3IFDztAFE8.RL7RPZMJ07hTv",
            "website_redirect": ""
          },
          "private": "bnVsbA==",
          "dependencies": [
            "module.S3.aws_kms_key.key",
            "module.S3.aws_s3_bucket.wheel_source_bucket"
          ]
        },
        {
          "index_key": "app.production.js.map",
          "schema_version": 0,
          "attributes": {
            "acl": "private",
            "bucket": "awsopswheelsourcebucket-20200405223841571900000003",
            "cache_control": "",
            "content": null,
            "content_base64": null,
            "content_disposition": "",
            "content_encoding": "",
            "content_language": "",
            "content_type": "application/javascript",
            "etag": "04ef59f4166a13e61f5bac9d45f8bf01",
            "force_destroy": false,
            "id": "app.production.js.map",
            "key": "app.production.js.map",
            "kms_key_id": "",
            "metadata": {},
            "object_lock_legal_hold_status": "",
            "object_lock_mode": "",
            "object_lock_retain_until_date": "",
            "server_side_encryption": "aws:kms",
            "source": "ui/../../ui/../build/static/app.production.js.map",
            "storage_class": "STANDARD",
            "tags": {},
            "version_id": "ctNf_LjNp1Rddm9kCVYhn.7a8t3HBRGB",
            "website_redirect": ""
          },
          "private": "bnVsbA==",
          "dependencies": [
            "module.S3.aws_kms_key.key",
            "module.S3.aws_s3_bucket.wheel_source_bucket"
          ]
        },
        {
          "index_key": "b06871f281fee6b241d60582ae9369b9.ttf",
          "schema_version": 0,
          "attributes": {
            "acl": "private",
            "bucket": "awsopswheelsourcebucket-20200405223841571900000003",
            "cache_control": "",
            "content": null,
            "content_base64": null,
            "content_disposition": "",
            "content_encoding": "",
            "content_language": "",
            "content_type": "font/ttf",
            "etag": "f3796230954cfb35fb78a4826eabec93",
            "force_destroy": false,
            "id": "b06871f281fee6b241d60582ae9369b9.ttf",
            "key": "b06871f281fee6b241d60582ae9369b9.ttf",
            "kms_key_id": "",
            "metadata": {},
            "object_lock_legal_hold_status": "",
            "object_lock_mode": "",
            "object_lock_retain_until_date": "",
            "server_side_encryption": "aws:kms",
            "source": "ui/../../ui/../build/static/b06871f281fee6b241d60582ae9369b9.ttf",
            "storage_class": "STANDARD",
            "tags": {},
            "version_id": "1qrkLg7zW_6v4qaPQjfbTdlavQoWVVKe",
            "website_redirect": ""
          },
          "private": "bnVsbA==",
          "dependencies": [
            "module.S3.aws_kms_key.key",
            "module.S3.aws_s3_bucket.wheel_source_bucket"
          ]
        },
        {
          "index_key": "d1a5cacaf7fbbf400159.css",
          "schema_version": 0,
          "attributes": {
            "acl": "private",
            "bucket": "awsopswheelsourcebucket-20200405223841571900000003",
            "cache_control": "",
            "content": null,
            "content_base64": null,
            "content_disposition": "",
            "content_encoding": "",
            "content_language": "",
            "content_type": "text/css",
            "etag": "af26c1f6f05008f65cc6e28911e2fa2a",
            "force_destroy": false,
            "id": "d1a5cacaf7fbbf400159.css",
            "key": "d1a5cacaf7fbbf400159.css",
            "kms_key_id": "",
            "metadata": {},
            "object_lock_legal_hold_status": "",
            "object_lock_mode": "",
            "object_lock_retain_until_date": "",
            "server_side_encryption": "aws:kms",
            "source": "ui/../../ui/../build/static/d1a5cacaf7fbbf400159.css",
            "storage_class": "STANDARD",
            "tags": {},
            "version_id": "tJCMvTbhh78rhMLo9Uearunl9YyCib1a",
            "website_redirect": ""
          },
          "private": "bnVsbA==",
          "dependencies": [
            "module.S3.aws_kms_key.key",
            "module.S3.aws_s3_bucket.wheel_source_bucket"
          ]
        },
        {
          "index_key": "d1a5cacaf7fbbf400159.css.map",
          "schema_version": 0,
          "attributes": {
            "acl": "private",
            "bucket": "awsopswheelsourcebucket-20200405223841571900000003",
            "cache_control": "",
            "content": null,
            "content_base64": null,
            "content_disposition": "",
            "content_encoding": "",
            "content_language": "",
            "content_type": "application/javascript",
            "etag": "91645151c8fae007c76fe05e276e9e79",
            "force_destroy": false,
            "id": "d1a5cacaf7fbbf400159.css.map",
            "key": "d1a5cacaf7fbbf400159.css.map",
            "kms_key_id": "",
            "metadata": {},
            "object_lock_legal_hold_status": "",
            "object_lock_mode": "",
            "object_lock_retain_until_date": "",
            "server_side_encryption": "aws:kms",
            "source": "ui/../../ui/../build/static/d1a5cacaf7fbbf400159.css.map",
            "storage_class": "STANDARD",
            "tags": {},
            "version_id": "2iBMetOafOlh.B_Zj5x91eqHJLkHlgq5",
            "website_redirect": ""
          },
          "private": "bnVsbA==",
          "dependencies": [
            "module.S3.aws_kms_key.key",
            "module.S3.aws_s3_bucket.wheel_source_bucket"
          ]
        },
        {
          "index_key": "e18bbf611f2a2e43afc071aa2f4e1512.ttf",
          "schema_version": 0,
          "attributes": {
            "acl": "private",
            "bucket": "awsopswheelsourcebucket-20200405223841571900000003",
            "cache_control": "",
            "content": null,
            "content_base64": null,
            "content_disposition": "",
            "content_encoding": "",
            "content_language": "",
            "content_type": "font/ttf",
            "etag": "9906e8ce23768650dd9d3a8adcac1013",
            "force_destroy": false,
            "id": "e18bbf611f2a2e43afc071aa2f4e1512.ttf",
            "key": "e18bbf611f2a2e43afc071aa2f4e1512.ttf",
            "kms_key_id": "",
            "metadata": {},
            "object_lock_legal_hold_status": "",
            "object_lock_mode": "",
            "object_lock_retain_until_date": "",
            "server_side_encryption": "aws:kms",
            "source": "ui/../../ui/../build/static/e18bbf611f2a2e43afc071aa2f4e1512.ttf",
            "storage_class": "STANDARD",
            "tags": {},
            "version_id": "leBEjZTnKQKoPe5WHv_3fP37CCyz45mH",
            "website_redirect": ""
          },
          "private": "bnVsbA==",
          "dependencies": [
            "module.S3.aws_kms_key.key",
            "module.S3.aws_s3_bucket.wheel_source_bucket"
          ]
        },
        {
          "index_key": "f4769f9bdb7466be65088239c12046d1.eot",
          "schema_version": 0,
          "attributes": {
            "acl": "private",
            "bucket": "awsopswheelsourcebucket-20200405223841571900000003",
            "cache_control": "",
            "content": null,
            "content_base64": null,
            "content_disposition": "",
            "content_encoding": "",
            "content_language": "",
            "content_type": "application/vnd.ms-fontobject",
            "etag": "e87f9243686bd9daab1d740da445cc71",
            "force_destroy": false,
            "id": "f4769f9bdb7466be65088239c12046d1.eot",
            "key": "f4769f9bdb7466be65088239c12046d1.eot",
            "kms_key_id": "",
            "metadata": {},
            "object_lock_legal_hold_status": "",
            "object_lock_mode": "",
            "object_lock_retain_until_date": "",
            "server_side_encryption": "aws:kms",
            "source": "ui/../../ui/../build/static/f4769f9bdb7466be65088239c12046d1.eot",
            "storage_class": "STANDARD",
            "tags": {},
            "version_id": "MaOuF9tcvWoDSJMqSPvzAab3rnN6W3vR",
            "website_redirect": ""
          },
          "private": "bnVsbA==",
          "dependencies": [
            "module.S3.aws_kms_key.key",
            "module.S3.aws_s3_bucket.wheel_source_bucket"
          ]
        },
        {
          "index_key": "fa2772327f55d8198301fdb8bcfc8158.woff",
          "schema_version": 0,
          "attributes": {
            "acl": "private",
            "bucket": "awsopswheelsourcebucket-20200405223841571900000003",
            "cache_control": "",
            "content": null,
            "content_base64": null,
            "content_disposition": "",
            "content_encoding": "",
            "content_language": "",
            "content_type": "font/woff",
            "etag": "0233ad32ad210d6aa2f8bf1560d45d41",
            "force_destroy": false,
            "id": "fa2772327f55d8198301fdb8bcfc8158.woff",
            "key": "fa2772327f55d8198301fdb8bcfc8158.woff",
            "kms_key_id": "",
            "metadata": {},
            "object_lock_legal_hold_status": "",
            "object_lock_mode": "",
            "object_lock_retain_until_date": "",
            "server_side_encryption": "aws:kms",
            "source": "ui/../../ui/../build/static/fa2772327f55d8198301fdb8bcfc8158.woff",
            "storage_class": "STANDARD",
            "tags": {},
            "version_id": "FAeo_zB3N5hjj1Gt2LMbfo5HAH1HK9cr",
            "website_redirect": ""
          },
          "private": "bnVsbA==",
          "dependencies": [
            "module.S3.aws_kms_key.key",
            "module.S3.aws_s3_bucket.wheel_source_bucket"
          ]
        },
        {
          "index_key": "favicon.ico",
          "schema_version": 0,
          "attributes": {
            "acl": "private",
            "bucket": "awsopswheelsourcebucket-20200405223841571900000003",
            "cache_control": "",
            "content": null,
            "content_base64": null,
            "content_disposition": "",
            "content_encoding": "",
            "content_language": "",
            "content_type": "image/x-icon",
            "etag": "34bd810a9f2d562fbdb4c14d603bc1ae",
            "force_destroy": false,
            "id": "favicon.ico",
            "key": "favicon.ico",
            "kms_key_id": "",
            "metadata": {},
            "object_lock_legal_hold_status": "",
            "object_lock_mode": "",
            "object_lock_retain_until_date": "",
            "server_side_encryption": "aws:kms",
            "source": "ui/../../ui/../build/static/favicon.ico",
            "storage_class": "STANDARD",
            "tags": {},
            "version_id": "CMmqgKPRGNl_Cov_3F7fQ.cT2JkDz7nu",
            "website_redirect": ""
          },
          "private": "bnVsbA==",
          "dependencies": [
            "module.S3.aws_kms_key.key",
            "module.S3.aws_s3_bucket.wheel_source_bucket"
          ]
        },
        {
          "index_key": "fee66e712a8a08eef5805a46892932ad.woff",
          "schema_version": 0,
          "attributes": {
            "acl": "private",
            "bucket": "awsopswheelsourcebucket-20200405223841571900000003",
            "cache_control": "",
            "content": null,
            "content_base64": null,
            "content_disposition": "",
            "content_encoding": "",
            "content_language": "",
            "content_type": "font/woff",
            "etag": "26332cae13fa617b570c3980e6f7ce70",
            "force_destroy": false,
            "id": "fee66e712a8a08eef5805a46892932ad.woff",
            "key": "fee66e712a8a08eef5805a46892932ad.woff",
            "kms_key_id": "",
            "metadata": {},
            "object_lock_legal_hold_status": "",
            "object_lock_mode": "",
            "object_lock_retain_until_date": "",
            "server_side_encryption": "aws:kms",
            "source": "ui/../../ui/../build/static/fee66e712a8a08eef5805a46892932ad.woff",
            "storage_class": "STANDARD",
            "tags": {},
            "version_id": "_TmV0bbNl_ntpliDwBg0srzDp_kd6gF2",
            "website_redirect": ""
          },
          "private": "bnVsbA==",
          "dependencies": [
            "module.S3.aws_kms_key.key",
            "module.S3.aws_s3_bucket.wheel_source_bucket"
          ]
        },
        {
          "index_key": "index.production.html",
          "schema_version": 0,
          "attributes": {
            "acl": "private",
            "bucket": "awsopswheelsourcebucket-20200405223841571900000003",
            "cache_control": "",
            "content": null,
            "content_base64": null,
            "content_disposition": "",
            "content_encoding": "",
            "content_language": "",
            "content_type": "text/html",
            "etag": "faf013a8582c500006aedf474f8bfba2",
            "force_destroy": false,
            "id": "index.production.html",
            "key": "index.production.html",
            "kms_key_id": "",
            "metadata": {},
            "object_lock_legal_hold_status": "",
            "object_lock_mode": "",
            "object_lock_retain_until_date": "",
            "server_side_encryption": "aws:kms",
            "source": "ui/../../ui/../build/static/index.production.html",
            "storage_class": "STANDARD",
            "tags": {},
            "version_id": "PUpGB4PRzmhp_26q8ORGfIJJ_FtK7aFe",
            "website_redirect": ""
          },
          "private": "bnVsbA==",
          "dependencies": [
            "module.S3.aws_kms_key.key",
            "module.S3.aws_s3_bucket.wheel_source_bucket"
          ]
        },
        {
          "index_key": "wheel_click.mp3",
          "schema_version": 0,
          "attributes": {
            "acl": "private",
            "bucket": "awsopswheelsourcebucket-20200405223841571900000003",
            "cache_control": "",
            "content": null,
            "content_base64": null,
            "content_disposition": "",
            "content_encoding": "",
            "content_language": "",
            "content_type": "audio/mpeg",
            "etag": "c7d560b9f34dce3e9a764a00fb5b9a60",
            "force_destroy": false,
            "id": "wheel_click.mp3",
            "key": "wheel_click.mp3",
            "kms_key_id": "",
            "metadata": {},
            "object_lock_legal_hold_status": "",
            "object_lock_mode": "",
            "object_lock_retain_until_date": "",
            "server_side_encryption": "aws:kms",
            "source": "ui/../../ui/../build/static/wheel_click.mp3",
            "storage_class": "STANDARD",
            "tags": {},
            "version_id": "kzBcdPPmWuuvnktlZsSxXiWzVKqjF3NL",
            "website_redirect": ""
          },
          "private": "bnVsbA==",
          "dependencies": [
            "module.S3.aws_kms_key.key",
            "module.S3.aws_s3_bucket.wheel_source_bucket"
          ]
        }
      ]
    },
    {
      "module": "module.ec2_test",
      "mode": "managed",
      "type": "aws_security_group",
      "name": "allow_https",
      "provider": "provider.aws",
      "instances": [
        {
          "schema_version": 1,
          "attributes": {
            "arn": "arn:aws:ec2:us-west-2:098504033684:security-group/sg-09be3487b41f29d21",
            "description": "Allow https outbound traffic",
            "egress": [
              {
                "cidr_blocks": [
                  "0.0.0.0/0"
                ],
                "description": "https",
                "from_port": 443,
                "ipv6_cidr_blocks": [],
                "prefix_list_ids": [],
                "protocol": "tcp",
                "security_groups": [],
                "self": false,
                "to_port": 443
              }
            ],
            "id": "sg-09be3487b41f29d21",
            "ingress": [],
            "name": "allow_https",
            "name_prefix": null,
            "owner_id": "098504033684",
            "revoke_rules_on_delete": false,
            "tags": {},
            "timeouts": null,
            "vpc_id": "vpc-03979ec8dd295d5ee"
          },
          "private": "eyJlMmJmYjczMC1lY2FhLTExZTYtOGY4OC0zNDM2M2JjN2M0YzAiOnsiY3JlYXRlIjo2MDAwMDAwMDAwMDAsImRlbGV0ZSI6NjAwMDAwMDAwMDAwfSwic2NoZW1hX3ZlcnNpb24iOiIxIn0=",
          "dependencies": [
            "module.S3.aws_kms_key.key",
            "module.S3.aws_s3_bucket.wheel_source_bucket",
            "module.dynamo.aws_dynamodb_table.participant_table",
            "module.dynamo.aws_dynamodb_table.wheel_table",
            "module.vpc.aws_route_table.private_route_table",
            "module.vpc.aws_route_table_association.route_table_association",
            "module.vpc.aws_security_group.endpoint_security_group",
            "module.vpc.aws_security_group.use_endpoint_security_group",
            "module.vpc.aws_security_group_rule.egress_dynamo",
            "module.vpc.aws_security_group_rule.egress_http",
            "module.vpc.aws_security_group_rule.egress_https",
            "module.vpc.aws_security_group_rule.ingress_http",
            "module.vpc.aws_security_group_rule.ingress_https",
            "module.vpc.aws_subnet.private_subnet",
            "module.vpc.aws_vpc.vpc",
            "module.vpc.aws_vpc_endpoint.dynamodb",
            "module.vpc.aws_vpc_endpoint.execute_api",
            "module.vpc.aws_vpc_endpoint.s3"
          ]
        }
      ]
    },
    {
      "module": "module.vpc",
      "mode": "managed",
      "type": "aws_security_group",
      "name": "endpoint_security_group",
      "provider": "provider.aws",
      "instances": [
        {
          "schema_version": 1,
          "attributes": {
            "arn": "arn:aws:ec2:us-west-2:098504033684:security-group/sg-03dd76cd456d64b4b",
            "description": "Endpoint Security Group",
            "egress": [],
            "id": "sg-03dd76cd456d64b4b",
            "ingress": [
              {
                "cidr_blocks": [],
                "description": "",
                "from_port": 443,
                "ipv6_cidr_blocks": [],
                "prefix_list_ids": [],
                "protocol": "tcp",
                "security_groups": [
                  "sg-0b0f10fcace7970ed"
                ],
                "self": false,
                "to_port": 443
              },
              {
                "cidr_blocks": [],
                "description": "",
                "from_port": 80,
                "ipv6_cidr_blocks": [],
                "prefix_list_ids": [],
                "protocol": "tcp",
                "security_groups": [
                  "sg-0b0f10fcace7970ed"
                ],
                "self": false,
                "to_port": 80
              }
            ],
            "name": "endpoint_security_group",
            "name_prefix": null,
            "owner_id": "098504033684",
            "revoke_rules_on_delete": false,
            "tags": {},
            "timeouts": null,
            "vpc_id": "vpc-03979ec8dd295d5ee"
          },
          "private": "eyJlMmJmYjczMC1lY2FhLTExZTYtOGY4OC0zNDM2M2JjN2M0YzAiOnsiY3JlYXRlIjo2MDAwMDAwMDAwMDAsImRlbGV0ZSI6NjAwMDAwMDAwMDAwfSwic2NoZW1hX3ZlcnNpb24iOiIxIn0=",
          "dependencies": [
            "module.vpc.aws_vpc.vpc"
          ]
        }
      ]
    },
    {
      "module": "module.vpc",
      "mode": "managed",
      "type": "aws_security_group",
      "name": "use_endpoint_security_group",
      "provider": "provider.aws",
      "instances": [
        {
          "schema_version": 1,
          "attributes": {
            "arn": "arn:aws:ec2:us-west-2:098504033684:security-group/sg-0b0f10fcace7970ed",
            "description": "Security Group that allows use of VPC endpoints",
            "egress": [
              {
                "cidr_blocks": [
                  "52.94.28.0/23",
                  "52.94.10.0/24"
                ],
                "description": "DynamoDB service",
                "from_port": 443,
                "ipv6_cidr_blocks": [],
                "prefix_list_ids": [],
                "protocol": "tcp",
                "security_groups": [],
                "self": false,
                "to_port": 443
              },
              {
                "cidr_blocks": [],
                "description": "",
                "from_port": 443,
                "ipv6_cidr_blocks": [],
                "prefix_list_ids": [],
                "protocol": "tcp",
                "security_groups": [
                  "sg-03dd76cd456d64b4b"
                ],
                "self": false,
                "to_port": 443
              },
              {
                "cidr_blocks": [],
                "description": "",
                "from_port": 80,
                "ipv6_cidr_blocks": [],
                "prefix_list_ids": [],
                "protocol": "tcp",
                "security_groups": [
                  "sg-03dd76cd456d64b4b"
                ],
                "self": false,
                "to_port": 80
              }
            ],
            "id": "sg-0b0f10fcace7970ed",
            "ingress": [],
            "name": "use_endpoint_security_group",
            "name_prefix": null,
            "owner_id": "098504033684",
            "revoke_rules_on_delete": false,
            "tags": {},
            "timeouts": null,
            "vpc_id": "vpc-03979ec8dd295d5ee"
          },
          "private": "eyJlMmJmYjczMC1lY2FhLTExZTYtOGY4OC0zNDM2M2JjN2M0YzAiOnsiY3JlYXRlIjo2MDAwMDAwMDAwMDAsImRlbGV0ZSI6NjAwMDAwMDAwMDAwfSwic2NoZW1hX3ZlcnNpb24iOiIxIn0=",
          "dependencies": [
            "module.vpc.aws_vpc.vpc"
          ]
        }
      ]
    },
    {
      "module": "module.vpc",
      "mode": "managed",
      "type": "aws_security_group_rule",
      "name": "egress_dynamo",
      "provider": "provider.aws",
      "instances": [
        {
          "schema_version": 2,
          "attributes": {
            "cidr_blocks": [
              "52.94.28.0/23",
              "52.94.10.0/24"
            ],
            "description": "DynamoDB service",
            "from_port": 443,
            "id": "sgrule-2225257908",
            "ipv6_cidr_blocks": [],
            "prefix_list_ids": [],
            "protocol": "tcp",
            "security_group_id": "sg-0b0f10fcace7970ed",
            "self": false,
            "source_security_group_id": null,
            "to_port": 443,
            "type": "egress"
          },
          "private": "eyJzY2hlbWFfdmVyc2lvbiI6IjIifQ==",
          "dependencies": [
            "module.dynamo.aws_dynamodb_table.participant_table",
            "module.dynamo.aws_dynamodb_table.wheel_table",
            "module.vpc.aws_route_table.private_route_table",
            "module.vpc.aws_security_group.use_endpoint_security_group",
            "module.vpc.aws_vpc.vpc",
            "module.vpc.aws_vpc_endpoint.dynamodb"
          ]
        }
      ]
    },
    {
      "module": "module.vpc",
      "mode": "managed",
      "type": "aws_security_group_rule",
      "name": "egress_http",
      "provider": "provider.aws",
      "instances": [
        {
          "schema_version": 2,
          "attributes": {
            "cidr_blocks": [],
            "description": "",
            "from_port": 80,
            "id": "sgrule-260418833",
            "ipv6_cidr_blocks": [],
            "prefix_list_ids": [],
            "protocol": "tcp",
            "security_group_id": "sg-0b0f10fcace7970ed",
            "self": false,
            "source_security_group_id": "sg-03dd76cd456d64b4b",
            "to_port": 80,
            "type": "egress"
          },
          "private": "eyJzY2hlbWFfdmVyc2lvbiI6IjIifQ==",
          "dependencies": [
            "module.vpc.aws_security_group.endpoint_security_group",
            "module.vpc.aws_security_group.use_endpoint_security_group",
            "module.vpc.aws_vpc.vpc"
          ]
        }
      ]
    },
    {
      "module": "module.vpc",
      "mode": "managed",
      "type": "aws_security_group_rule",
      "name": "egress_https",
      "provider": "provider.aws",
      "instances": [
        {
          "schema_version": 2,
          "attributes": {
            "cidr_blocks": [],
            "description": "",
            "from_port": 443,
            "id": "sgrule-2708207541",
            "ipv6_cidr_blocks": [],
            "prefix_list_ids": [],
            "protocol": "tcp",
            "security_group_id": "sg-0b0f10fcace7970ed",
            "self": false,
            "source_security_group_id": "sg-03dd76cd456d64b4b",
            "to_port": 443,
            "type": "egress"
          },
          "private": "eyJzY2hlbWFfdmVyc2lvbiI6IjIifQ==",
          "dependencies": [
            "module.vpc.aws_security_group.endpoint_security_group",
            "module.vpc.aws_security_group.use_endpoint_security_group",
            "module.vpc.aws_vpc.vpc"
          ]
        }
      ]
    },
    {
      "module": "module.vpc",
      "mode": "managed",
      "type": "aws_security_group_rule",
      "name": "ingress_http",
      "provider": "provider.aws",
      "instances": [
        {
          "schema_version": 2,
          "attributes": {
            "cidr_blocks": [],
            "description": "",
            "from_port": 80,
            "id": "sgrule-1359304018",
            "ipv6_cidr_blocks": [],
            "prefix_list_ids": [],
            "protocol": "tcp",
            "security_group_id": "sg-03dd76cd456d64b4b",
            "self": false,
            "source_security_group_id": "sg-0b0f10fcace7970ed",
            "to_port": 80,
            "type": "ingress"
          },
          "private": "eyJzY2hlbWFfdmVyc2lvbiI6IjIifQ==",
          "dependencies": [
            "module.vpc.aws_security_group.endpoint_security_group",
            "module.vpc.aws_security_group.use_endpoint_security_group",
            "module.vpc.aws_vpc.vpc"
          ]
        }
      ]
    },
    {
      "module": "module.vpc",
      "mode": "managed",
      "type": "aws_security_group_rule",
      "name": "ingress_https",
      "provider": "provider.aws",
      "instances": [
        {
          "schema_version": 2,
          "attributes": {
            "cidr_blocks": [],
            "description": "",
            "from_port": 443,
            "id": "sgrule-2707262716",
            "ipv6_cidr_blocks": [],
            "prefix_list_ids": [],
            "protocol": "tcp",
            "security_group_id": "sg-03dd76cd456d64b4b",
            "self": false,
            "source_security_group_id": "sg-0b0f10fcace7970ed",
            "to_port": 443,
            "type": "ingress"
          },
          "private": "eyJzY2hlbWFfdmVyc2lvbiI6IjIifQ==",
          "dependencies": [
            "module.vpc.aws_security_group.endpoint_security_group",
            "module.vpc.aws_security_group.use_endpoint_security_group",
            "module.vpc.aws_vpc.vpc"
          ]
        }
      ]
    },
    {
      "module": "module.vpc",
      "mode": "managed",
      "type": "aws_subnet",
      "name": "private_subnet",
      "provider": "provider.aws",
      "instances": [
        {
          "schema_version": 1,
          "attributes": {
            "arn": "arn:aws:ec2:us-west-2:098504033684:subnet/subnet-01b8cf53fc4c72c72",
            "assign_ipv6_address_on_creation": false,
            "availability_zone": "us-west-2d",
            "availability_zone_id": "usw2-az4",
            "cidr_block": "10.0.0.0/24",
            "id": "subnet-01b8cf53fc4c72c72",
            "ipv6_cidr_block": "",
            "ipv6_cidr_block_association_id": "",
            "map_public_ip_on_launch": false,
            "owner_id": "098504033684",
            "tags": {},
            "timeouts": null,
            "vpc_id": "vpc-03979ec8dd295d5ee"
          },
          "private": "eyJlMmJmYjczMC1lY2FhLTExZTYtOGY4OC0zNDM2M2JjN2M0YzAiOnsiY3JlYXRlIjo2MDAwMDAwMDAwMDAsImRlbGV0ZSI6MTIwMDAwMDAwMDAwMH0sInNjaGVtYV92ZXJzaW9uIjoiMSJ9",
          "dependencies": [
            "module.vpc.aws_vpc.vpc"
          ]
        }
      ]
    },
    {
      "module": "module.vpc",
      "mode": "managed",
      "type": "aws_vpc",
      "name": "vpc",
      "provider": "provider.aws",
      "instances": [
        {
          "schema_version": 1,
          "attributes": {
            "arn": "arn:aws:ec2:us-west-2:098504033684:vpc/vpc-03979ec8dd295d5ee",
            "assign_generated_ipv6_cidr_block": false,
            "cidr_block": "10.0.0.0/16",
            "default_network_acl_id": "acl-05fe75390f9da88e5",
            "default_route_table_id": "rtb-0ba4a0f7b1f2ccd19",
            "default_security_group_id": "sg-0fae44e10b532465e",
            "dhcp_options_id": "dopt-a436c4dd",
            "enable_classiclink": false,
            "enable_classiclink_dns_support": false,
            "enable_dns_hostnames": true,
            "enable_dns_support": true,
            "id": "vpc-03979ec8dd295d5ee",
            "instance_tenancy": "default",
            "ipv6_association_id": "",
            "ipv6_cidr_block": "",
            "main_route_table_id": "rtb-0ba4a0f7b1f2ccd19",
            "owner_id": "098504033684",
            "tags": {}
          },
          "private": "eyJzY2hlbWFfdmVyc2lvbiI6IjEifQ=="
        }
      ]
    },
    {
      "module": "module.vpc",
      "mode": "managed",
      "type": "aws_vpc_endpoint",
      "name": "dynamodb",
      "provider": "provider.aws",
      "instances": [
        {
          "schema_version": 0,
          "attributes": {
            "auto_accept": null,
            "cidr_blocks": [
              "52.94.28.0/23",
              "52.94.10.0/24"
            ],
            "dns_entry": [],
            "id": "vpce-08857763bd6036f58",
            "network_interface_ids": [],
            "owner_id": "098504033684",
            "policy": "{\"Statement\":[{\"Action\":[\"dynamodb:DeleteItem\",\"dynamodb:GetItem\",\"dynamodb:PutItem\",\"dynamodb:Scan\",\"dynamodb:Query\",\"dynamodb:UpdateItem\",\"dynamodb:BatchWriteItem\"],\"Effect\":\"Allow\",\"Principal\":\"*\",\"Resource\":[\"arn:aws:dynamodb:us-west-2:098504033684:table/participantDynamoDBTable\",\"arn:aws:dynamodb:us-west-2:098504033684:table/wheelDynamoDBTable\"]}],\"Version\":\"2012-10-17\"}",
            "prefix_list_id": "pl-00a54069",
            "private_dns_enabled": false,
            "requester_managed": false,
            "route_table_ids": [
              "rtb-09233f370ea9baca7"
            ],
            "security_group_ids": [],
            "service_name": "com.amazonaws.us-west-2.dynamodb",
            "state": "available",
            "subnet_ids": [],
            "tags": {},
            "timeouts": null,
            "vpc_endpoint_type": "Gateway",
            "vpc_id": "vpc-03979ec8dd295d5ee"
          },
          "private": "eyJlMmJmYjczMC1lY2FhLTExZTYtOGY4OC0zNDM2M2JjN2M0YzAiOnsiY3JlYXRlIjo2MDAwMDAwMDAwMDAsImRlbGV0ZSI6NjAwMDAwMDAwMDAwLCJ1cGRhdGUiOjYwMDAwMDAwMDAwMH19",
          "dependencies": [
            "module.dynamo.aws_dynamodb_table.participant_table",
            "module.dynamo.aws_dynamodb_table.wheel_table",
            "module.vpc.aws_route_table.private_route_table",
            "module.vpc.aws_vpc.vpc"
          ]
        }
      ]
    },
    {
      "module": "module.vpc",
      "mode": "managed",
      "type": "aws_vpc_endpoint",
      "name": "execute_api",
      "provider": "provider.aws",
      "instances": [
        {
          "schema_version": 0,
          "attributes": {
            "auto_accept": null,
            "cidr_blocks": [],
            "dns_entry": [
              {
                "dns_name": "vpce-05d19278d496c242e-w4y7fjm8.execute-api.us-west-2.vpce.amazonaws.com",
                "hosted_zone_id": "Z1YSA3EXCYUU9Z"
              },
              {
                "dns_name": "vpce-05d19278d496c242e-w4y7fjm8-us-west-2d.execute-api.us-west-2.vpce.amazonaws.com",
                "hosted_zone_id": "Z1YSA3EXCYUU9Z"
              },
              {
                "dns_name": "execute-api.us-west-2.amazonaws.com",
                "hosted_zone_id": "Z10044442DD40G6PAV48K"
              },
              {
                "dns_name": "*.execute-api.us-west-2.amazonaws.com",
                "hosted_zone_id": "Z10044442DD40G6PAV48K"
              }
            ],
            "id": "vpce-05d19278d496c242e",
            "network_interface_ids": [
              "eni-065b3384de48eed05"
            ],
            "owner_id": "098504033684",
            "policy": "{\"Statement\":[{\"Action\":\"*\",\"Effect\":\"Allow\",\"Principal\":\"*\",\"Resource\":\"*\"}]}",
            "prefix_list_id": null,
            "private_dns_enabled": true,
            "requester_managed": false,
            "route_table_ids": [],
            "security_group_ids": [
              "sg-03dd76cd456d64b4b"
            ],
            "service_name": "com.amazonaws.us-west-2.execute-api",
            "state": "available",
            "subnet_ids": [
              "subnet-01b8cf53fc4c72c72"
            ],
            "tags": {},
            "timeouts": null,
            "vpc_endpoint_type": "Interface",
            "vpc_id": "vpc-03979ec8dd295d5ee"
          },
          "private": "eyJlMmJmYjczMC1lY2FhLTExZTYtOGY4OC0zNDM2M2JjN2M0YzAiOnsiY3JlYXRlIjo2MDAwMDAwMDAwMDAsImRlbGV0ZSI6NjAwMDAwMDAwMDAwLCJ1cGRhdGUiOjYwMDAwMDAwMDAwMH19",
          "dependencies": [
            "module.vpc.aws_security_group.endpoint_security_group",
            "module.vpc.aws_subnet.private_subnet",
            "module.vpc.aws_vpc.vpc"
          ]
        }
      ]
    },
    {
      "module": "module.vpc",
      "mode": "managed",
      "type": "aws_vpc_endpoint",
      "name": "s3",
      "provider": "provider.aws",
      "instances": [
        {
          "schema_version": 0,
          "attributes": {
            "auto_accept": null,
            "cidr_blocks": [
              "54.231.160.0/19",
              "52.218.128.0/17",
              "52.92.32.0/22"
            ],
            "dns_entry": [],
            "id": "vpce-01c3ce90fd1b1439b",
            "network_interface_ids": [],
            "owner_id": "098504033684",
            "policy": "{\"Statement\":[{\"Action\":\"s3:GetObject\",\"Effect\":\"Allow\",\"Principal\":\"*\",\"Resource\":\"arn:aws:s3:::awsopswheelsourcebucket-20200405223841571900000003/*\"}],\"Version\":\"2012-10-17\"}",
            "prefix_list_id": "pl-68a54001",
            "private_dns_enabled": false,
            "requester_managed": false,
            "route_table_ids": [
              "rtb-09233f370ea9baca7"
            ],
            "security_group_ids": [],
            "service_name": "com.amazonaws.us-west-2.s3",
            "state": "available",
            "subnet_ids": [],
            "tags": {},
            "timeouts": null,
            "vpc_endpoint_type": "Gateway",
            "vpc_id": "vpc-03979ec8dd295d5ee"
          },
          "private": "eyJlMmJmYjczMC1lY2FhLTExZTYtOGY4OC0zNDM2M2JjN2M0YzAiOnsiY3JlYXRlIjo2MDAwMDAwMDAwMDAsImRlbGV0ZSI6NjAwMDAwMDAwMDAwLCJ1cGRhdGUiOjYwMDAwMDAwMDAwMH19",
          "dependencies": [
            "module.S3.aws_kms_key.key",
            "module.S3.aws_s3_bucket.wheel_source_bucket",
            "module.vpc.aws_route_table.private_route_table",
            "module.vpc.aws_vpc.vpc"
          ]
        }
      ]
    }
  ]
}
