{
  "version": 4,
  "terraform_version": "0.12.20",
  "serial": 870,
  "lineage": "57ae0696-4f36-2407-77d4-bf2e6070fdc6",
  "outputs": {},
  "resources": [
    {
      "module": "module.lambda",
      "mode": "data",
      "type": "archive_file",
      "name": "lambda_zip",
      "provider": "provider.archive",
      "instances": [
        {
          "schema_version": 0,
          "attributes": {
            "excludes": null,
            "id": "52e838a4913853be6d314b607c653767dcf23e0a",
            "output_base64sha256": "pFURw9Cz5u0WIMNuoi7QApO9i559kFa84q2sS4IKPT4=",
            "output_md5": "57819259ed63b88200e2f0a61a1ddd0c",
            "output_path": "./../build/lambda.zip",
            "output_sha": "52e838a4913853be6d314b607c653767dcf23e0a",
            "output_size": 9327,
            "source": [],
            "source_content": null,
            "source_content_filename": null,
            "source_dir": "./../lambda/python",
            "source_file": null,
            "type": "zip"
          }
        }
      ]
    },
    {
      "module": "module.lambda",
      "mode": "data",
      "type": "aws_caller_identity",
      "name": "current",
      "provider": "provider.aws",
      "instances": [
        {
          "schema_version": 0,
          "attributes": {
            "account_id": "098504033684",
            "arn": "arn:aws:iam::098504033684:user/AWSOpsWheelDevelopmentUser",
            "id": "2020-04-03 13:25:55.053843805 +0000 UTC",
            "user_id": "AIDARN32MIWKISVGENI5K"
          }
        }
      ]
    },
    {
      "module": "module.vpc",
      "mode": "data",
      "type": "aws_prefix_list",
      "name": "dynamo",
      "provider": "provider.aws",
      "instances": [
        {
          "schema_version": 0,
          "attributes": {
            "cidr_blocks": [
              "52.94.28.0/23",
              "52.94.10.0/24"
            ],
            "filter": null,
            "id": "pl-00a54069",
            "name": "com.amazonaws.us-west-2.dynamodb",
            "prefix_list_id": "pl-00a54069"
          }
        }
      ]
    },
    {
      "module": "module.vpc",
      "mode": "data",
      "type": "aws_region",
      "name": "current",
      "provider": "provider.aws",
      "instances": [
        {
          "schema_version": 0,
          "attributes": {
            "current": null,
            "description": "US West (Oregon)",
            "endpoint": "ec2.us-west-2.amazonaws.com",
            "id": "us-west-2",
            "name": "us-west-2"
          }
        }
      ]
    },
    {
      "module": "module.api_gateway",
      "mode": "data",
      "type": "aws_region",
      "name": "current",
      "provider": "provider.aws",
      "instances": [
        {
          "schema_version": 0,
          "attributes": {
            "current": null,
            "description": "US West (Oregon)",
            "endpoint": "ec2.us-west-2.amazonaws.com",
            "id": "us-west-2",
            "name": "us-west-2"
          }
        }
      ]
    },
    {
      "module": "module.ui",
      "mode": "data",
      "type": "external",
      "name": "frontend_build",
      "provider": "provider.external",
      "instances": [
        {
          "schema_version": 0,
          "attributes": {
            "id": "-",
            "program": [
              "bash",
              "-c",
              "(npm ci \u0026\u0026 npm run build-prod) \u003e\u00262 \u0026\u0026 echo \"{\\\"dest\\\": \\\"../build/static\\\"}\"\n"
            ],
            "query": null,
            "result": {
              "dest": "../build/static"
            },
            "working_dir": "ui/../../ui"
          }
        }
      ]
    },
    {
      "module": "module.api_gateway",
      "mode": "data",
      "type": "template_file",
      "name": "body",
      "provider": "provider.template",
      "instances": []
    },
    {
      "module": "module.api_gateway",
      "mode": "managed",
      "type": "aws_api_gateway_deployment",
      "name": "app",
      "provider": "provider.aws",
      "instances": []
    },
    {
      "module": "module.api_gateway",
      "mode": "managed",
      "type": "aws_api_gateway_rest_api",
      "name": "wheel_api",
      "provider": "provider.aws",
      "instances": []
    },
    {
      "module": "module.dynamo",
      "mode": "managed",
      "type": "aws_dynamodb_table",
      "name": "participant_table",
      "provider": "provider.aws",
      "instances": [
        {
          "schema_version": 1,
          "attributes": {
            "arn": "arn:aws:dynamodb:us-west-2:098504033684:table/participantDynamoDBTable",
            "attribute": [
              {
                "name": "id",
                "type": "S"
              },
              {
                "name": "wheel_id",
                "type": "S"
              }
            ],
            "billing_mode": "PAY_PER_REQUEST",
            "global_secondary_index": [],
            "hash_key": "wheel_id",
            "id": "participantDynamoDBTable",
            "local_secondary_index": [],
            "name": "participantDynamoDBTable",
            "point_in_time_recovery": [
              {
                "enabled": false
              }
            ],
            "range_key": "id",
            "read_capacity": 0,
            "server_side_encryption": [],
            "stream_arn": "",
            "stream_enabled": false,
            "stream_label": "",
            "stream_view_type": "",
            "tags": null,
            "timeouts": null,
            "ttl": [
              {
                "attribute_name": "",
                "enabled": false
              }
            ],
            "write_capacity": 0
          },
          "private": "eyJlMmJmYjczMC1lY2FhLTExZTYtOGY4OC0zNDM2M2JjN2M0YzAiOnsiY3JlYXRlIjo2MDAwMDAwMDAwMDAsImRlbGV0ZSI6NjAwMDAwMDAwMDAwLCJ1cGRhdGUiOjM2MDAwMDAwMDAwMDB9LCJzY2hlbWFfdmVyc2lvbiI6IjEifQ=="
        }
      ]
    },
    {
      "module": "module.dynamo",
      "mode": "managed",
      "type": "aws_dynamodb_table",
      "name": "wheel_table",
      "provider": "provider.aws",
      "instances": [
        {
          "schema_version": 1,
          "attributes": {
            "arn": "arn:aws:dynamodb:us-west-2:098504033684:table/wheelDynamoDBTable",
            "attribute": [
              {
                "name": "id",
                "type": "S"
              }
            ],
            "billing_mode": "PAY_PER_REQUEST",
            "global_secondary_index": [],
            "hash_key": "id",
            "id": "wheelDynamoDBTable",
            "local_secondary_index": [],
            "name": "wheelDynamoDBTable",
            "point_in_time_recovery": [
              {
                "enabled": false
              }
            ],
            "range_key": null,
            "read_capacity": 0,
            "server_side_encryption": [],
            "stream_arn": "",
            "stream_enabled": false,
            "stream_label": "",
            "stream_view_type": "",
            "tags": null,
            "timeouts": null,
            "ttl": [
              {
                "attribute_name": "",
                "enabled": false
              }
            ],
            "write_capacity": 0
          },
          "private": "eyJlMmJmYjczMC1lY2FhLTExZTYtOGY4OC0zNDM2M2JjN2M0YzAiOnsiY3JlYXRlIjo2MDAwMDAwMDAwMDAsImRlbGV0ZSI6NjAwMDAwMDAwMDAwLCJ1cGRhdGUiOjM2MDAwMDAwMDAwMDB9LCJzY2hlbWFfdmVyc2lvbiI6IjEifQ=="
        }
      ]
    },
    {
      "module": "module.lambda",
      "mode": "managed",
      "type": "aws_iam_role",
      "name": "lambda_role",
      "provider": "provider.aws",
      "instances": [
        {
          "schema_version": 0,
          "attributes": {
            "arn": "arn:aws:iam::098504033684:role/AWSOpsWheelLambdaRole",
            "assume_role_policy": "{\"Version\":\"2012-10-17\",\"Statement\":[{\"Effect\":\"Allow\",\"Principal\":{\"Service\":\"lambda.amazonaws.com\"},\"Action\":\"sts:AssumeRole\"}]}",
            "create_date": "2020-04-03T13:26:46Z",
            "description": "",
            "force_detach_policies": false,
            "id": "AWSOpsWheelLambdaRole",
            "max_session_duration": 3600,
            "name": "AWSOpsWheelLambdaRole",
            "name_prefix": null,
            "path": "/",
            "permissions_boundary": null,
            "tags": null,
            "unique_id": "AROARN32MIWKKOH6LXKIU"
          },
          "private": "bnVsbA=="
        }
      ]
    },
    {
      "module": "module.lambda",
      "mode": "managed",
      "type": "aws_iam_role_policy",
      "name": "lambda_policy",
      "provider": "provider.aws",
      "instances": [
        {
          "schema_version": 0,
          "attributes": {
            "id": "AWSOpsWheelLambdaRole:AWSOpsWheelLambdaPolicy",
            "name": "AWSOpsWheelLambdaPolicy",
            "name_prefix": null,
            "policy": "{\n    \"Version\": \"2012-10-17\",\n    \"Statement\": [\n        {\n            \"Action\": [\n                \"dynamodb:DeleteItem\",\n                \"dynamodb:GetItem\",\n                \"dynamodb:PutItem\",\n                \"dynamodb:Scan\",\n                \"dynamodb:Query\",\n                \"dynamodb:UpdateItem\",\n                \"dynamodb:BatchWriteItem\"\n            ],\n            \"Resource\": \"arn:aws:dynamodb:us-west-2:098504033684:table/*\",\n            \"Effect\": \"Allow\"\n        }\n    ]\n}\n",
            "role": "AWSOpsWheelLambdaRole"
          },
          "private": "bnVsbA==",
          "dependencies": [
            "module.lambda.aws_iam_role.lambda_role"
          ]
        }
      ]
    },
    {
      "module": "module.lambda",
      "mode": "managed",
      "type": "aws_iam_role_policy_attachment",
      "name": "basic_lambda_attach",
      "provider": "provider.aws",
      "instances": [
        {
          "schema_version": 0,
          "attributes": {
            "id": "AWSOpsWheelLambdaRole-20200403132647639600000001",
            "policy_arn": "arn:aws:iam::aws:policy/service-role/AWSLambdaBasicExecutionRole",
            "role": "AWSOpsWheelLambdaRole"
          },
          "private": "bnVsbA==",
          "dependencies": [
            "module.lambda.aws_iam_role.lambda_role"
          ]
        }
      ]
    },
    {
      "module": "module.S3",
      "mode": "managed",
      "type": "aws_kms_key",
      "name": "key",
      "provider": "provider.aws",
      "instances": [
        {
          "schema_version": 0,
          "attributes": {
            "arn": "arn:aws:kms:us-west-2:098504033684:key/416b5058-b695-432d-bdbc-b691029efbf4",
            "customer_master_key_spec": "SYMMETRIC_DEFAULT",
            "deletion_window_in_days": null,
            "description": "awsopswheelsourcebucket key",
            "enable_key_rotation": false,
            "id": "416b5058-b695-432d-bdbc-b691029efbf4",
            "is_enabled": true,
            "key_id": "416b5058-b695-432d-bdbc-b691029efbf4",
            "key_usage": "ENCRYPT_DECRYPT",
            "policy": "{\"Id\":\"key-default-1\",\"Statement\":[{\"Action\":\"kms:*\",\"Effect\":\"Allow\",\"Principal\":{\"AWS\":\"arn:aws:iam::098504033684:root\"},\"Resource\":\"*\",\"Sid\":\"Enable IAM User Permissions\"}],\"Version\":\"2012-10-17\"}",
            "tags": null
          },
          "private": "bnVsbA=="
        }
      ]
    },
    {
      "module": "module.lambda",
      "mode": "managed",
      "type": "aws_lambda_function",
      "name": "lambda",
      "each": "list",
      "provider": "provider.aws",
      "instances": []
    },
    {
      "module": "module.vpc",
      "mode": "managed",
      "type": "aws_route_table",
      "name": "private_route_table",
      "provider": "provider.aws",
      "instances": [
        {
          "schema_version": 0,
          "attributes": {
            "id": "rtb-0df5f7aa6036b8b52",
            "owner_id": "098504033684",
            "propagating_vgws": [],
            "route": [],
            "tags": {
              "Name": "Private subnet route table"
            },
            "vpc_id": "vpc-03979ec8dd295d5ee"
          },
          "private": "bnVsbA==",
          "dependencies": [
            "module.vpc.aws_vpc.vpc"
          ]
        }
      ]
    },
    {
      "module": "module.vpc",
      "mode": "managed",
      "type": "aws_route_table_association",
      "name": "a",
      "provider": "provider.aws",
      "instances": [
        {
          "schema_version": 0,
          "attributes": {
            "gateway_id": null,
            "id": "rtbassoc-02ebe100f05182856",
            "route_table_id": "rtb-0df5f7aa6036b8b52",
            "subnet_id": "subnet-01b8cf53fc4c72c72"
          },
          "private": "bnVsbA==",
          "dependencies": [
            "module.vpc.aws_route_table.private_route_table",
            "module.vpc.aws_subnet.private_subnet",
            "module.vpc.aws_vpc.vpc"
          ]
        }
      ]
    },
    {
      "module": "module.S3",
      "mode": "managed",
      "type": "aws_s3_bucket",
      "name": "wheel_source_bucket",
      "provider": "provider.aws",
      "instances": [
        {
          "schema_version": 0,
          "attributes": {
            "acceleration_status": "",
            "acl": "private",
            "arn": "arn:aws:s3:::awsopswheelsourcebucket-20200403132649869700000002",
            "bucket": "awsopswheelsourcebucket-20200403132649869700000002",
            "bucket_domain_name": "awsopswheelsourcebucket-20200403132649869700000002.s3.amazonaws.com",
            "bucket_prefix": "awsopswheelsourcebucket-",
            "bucket_regional_domain_name": "awsopswheelsourcebucket-20200403132649869700000002.s3.us-west-2.amazonaws.com",
            "cors_rule": [],
            "force_destroy": false,
            "grant": [],
            "hosted_zone_id": "Z3BJ6K6RIION7M",
            "id": "awsopswheelsourcebucket-20200403132649869700000002",
            "lifecycle_rule": [],
            "logging": [],
            "object_lock_configuration": [],
            "policy": null,
            "region": "us-west-2",
            "replication_configuration": [],
            "request_payer": "BucketOwner",
            "server_side_encryption_configuration": [
              {
                "rule": [
                  {
                    "apply_server_side_encryption_by_default": [
                      {
                        "kms_master_key_id": "arn:aws:kms:us-west-2:098504033684:key/416b5058-b695-432d-bdbc-b691029efbf4",
                        "sse_algorithm": "aws:kms"
                      }
                    ]
                  }
                ]
              }
            ],
            "tags": null,
            "versioning": [
              {
                "enabled": true,
                "mfa_delete": false
              }
            ],
            "website": [],
            "website_domain": null,
            "website_endpoint": null
          },
          "private": "bnVsbA==",
          "dependencies": [
            "module.S3.aws_kms_key.key"
          ]
        }
      ]
    },
    {
      "module": "module.ui",
      "mode": "managed",
      "type": "aws_s3_bucket_object",
      "name": "upload_files",
      "each": "map",
      "provider": "provider.aws",
      "instances": [
        {
          "index_key": "448c34a56d699c29117adc64c43affeb.woff2",
          "schema_version": 0,
          "attributes": {
            "acl": "private",
            "bucket": "awsopswheelsourcebucket-20200403132649869700000002",
            "cache_control": "",
            "content": null,
            "content_base64": null,
            "content_disposition": "",
            "content_encoding": "",
            "content_language": "",
            "content_type": "font/woff2",
            "etag": "b59d772af93d64b2ee002039dfba65bd",
            "force_destroy": false,
            "id": "448c34a56d699c29117adc64c43affeb.woff2",
            "key": "448c34a56d699c29117adc64c43affeb.woff2",
            "kms_key_id": "arn:aws:kms:us-west-2:098504033684:key/416b5058-b695-432d-bdbc-b691029efbf4",
            "metadata": null,
            "object_lock_legal_hold_status": "",
            "object_lock_mode": "",
            "object_lock_retain_until_date": "",
            "server_side_encryption": "aws:kms",
            "source": "ui/../../ui/../build/static/448c34a56d699c29117adc64c43affeb.woff2",
            "storage_class": "STANDARD",
            "tags": null,
            "version_id": "U3PgaCabYAs4ZNLwKFUQpp1qJyV6nLEf",
            "website_redirect": ""
          },
          "private": "bnVsbA==",
          "dependencies": [
            "module.S3.aws_kms_key.key",
            "module.S3.aws_s3_bucket.wheel_source_bucket"
          ]
        },
        {
          "index_key": "674f50d287a8c48dc19ba404d20fe713.eot",
          "schema_version": 0,
          "attributes": {
            "acl": "private",
            "bucket": "awsopswheelsourcebucket-20200403132649869700000002",
            "cache_control": "",
            "content": null,
            "content_base64": null,
            "content_disposition": "",
            "content_encoding": "",
            "content_language": "",
            "content_type": "application/vnd.ms-fontobject",
            "etag": "48d33599ba025c8d6980df1575d7340f",
            "force_destroy": false,
            "id": "674f50d287a8c48dc19ba404d20fe713.eot",
            "key": "674f50d287a8c48dc19ba404d20fe713.eot",
            "kms_key_id": "arn:aws:kms:us-west-2:098504033684:key/416b5058-b695-432d-bdbc-b691029efbf4",
            "metadata": null,
            "object_lock_legal_hold_status": "",
            "object_lock_mode": "",
            "object_lock_retain_until_date": "",
            "server_side_encryption": "aws:kms",
            "source": "ui/../../ui/../build/static/674f50d287a8c48dc19ba404d20fe713.eot",
            "storage_class": "STANDARD",
            "tags": null,
            "version_id": "DCF2eCfn_0gi8qXi8FpEkJu782OEbByA",
            "website_redirect": ""
          },
          "private": "bnVsbA==",
          "dependencies": [
            "module.S3.aws_kms_key.key",
            "module.S3.aws_s3_bucket.wheel_source_bucket"
          ]
        },
        {
          "index_key": "89889688147bd7575d6327160d64e760.svg",
          "schema_version": 0,
          "attributes": {
            "acl": "private",
            "bucket": "awsopswheelsourcebucket-20200403132649869700000002",
            "cache_control": "",
            "content": null,
            "content_base64": null,
            "content_disposition": "",
            "content_encoding": "",
            "content_language": "",
            "content_type": "image/svg+xml",
            "etag": "671bcecf22d6253e01312ba2f2374932",
            "force_destroy": false,
            "id": "89889688147bd7575d6327160d64e760.svg",
            "key": "89889688147bd7575d6327160d64e760.svg",
            "kms_key_id": "arn:aws:kms:us-west-2:098504033684:key/416b5058-b695-432d-bdbc-b691029efbf4",
            "metadata": null,
            "object_lock_legal_hold_status": "",
            "object_lock_mode": "",
            "object_lock_retain_until_date": "",
            "server_side_encryption": "aws:kms",
            "source": "ui/../../ui/../build/static/89889688147bd7575d6327160d64e760.svg",
            "storage_class": "STANDARD",
            "tags": null,
            "version_id": "NA6Fh57lLF_qkUI1rPbk2tnvTZKwu2UM",
            "website_redirect": ""
          },
          "private": "bnVsbA==",
          "dependencies": [
            "module.S3.aws_kms_key.key",
            "module.S3.aws_s3_bucket.wheel_source_bucket"
          ]
        },
        {
          "index_key": "912ec66d7572ff821749319396470bde.svg",
          "schema_version": 0,
          "attributes": {
            "acl": "private",
            "bucket": "awsopswheelsourcebucket-20200403132649869700000002",
            "cache_control": "",
            "content": null,
            "content_base64": null,
            "content_disposition": "",
            "content_encoding": "",
            "content_language": "",
            "content_type": "image/svg+xml",
            "etag": "57fd7fda9ae46f2a762ee59317e23d1e",
            "force_destroy": false,
            "id": "912ec66d7572ff821749319396470bde.svg",
            "key": "912ec66d7572ff821749319396470bde.svg",
            "kms_key_id": "arn:aws:kms:us-west-2:098504033684:key/416b5058-b695-432d-bdbc-b691029efbf4",
            "metadata": null,
            "object_lock_legal_hold_status": "",
            "object_lock_mode": "",
            "object_lock_retain_until_date": "",
            "server_side_encryption": "aws:kms",
            "source": "ui/../../ui/../build/static/912ec66d7572ff821749319396470bde.svg",
            "storage_class": "STANDARD",
            "tags": null,
            "version_id": "9b.xJ6xZLGy.tBUJxiL1iF20afAJLvok",
            "website_redirect": ""
          },
          "private": "bnVsbA==",
          "dependencies": [
            "module.S3.aws_kms_key.key",
            "module.S3.aws_s3_bucket.wheel_source_bucket"
          ]
        },
        {
          "index_key": "af7ae505a9eed503f8b8e6982036873e.woff2",
          "schema_version": 0,
          "attributes": {
            "acl": "private",
            "bucket": "awsopswheelsourcebucket-20200403132649869700000002",
            "cache_control": "",
            "content": null,
            "content_base64": null,
            "content_disposition": "",
            "content_encoding": "",
            "content_language": "",
            "content_type": "font/woff2",
            "etag": "4ad4037e502e40ddbfa0419fb36cd1d5",
            "force_destroy": false,
            "id": "af7ae505a9eed503f8b8e6982036873e.woff2",
            "key": "af7ae505a9eed503f8b8e6982036873e.woff2",
            "kms_key_id": "arn:aws:kms:us-west-2:098504033684:key/416b5058-b695-432d-bdbc-b691029efbf4",
            "metadata": null,
            "object_lock_legal_hold_status": "",
            "object_lock_mode": "",
            "object_lock_retain_until_date": "",
            "server_side_encryption": "aws:kms",
            "source": "ui/../../ui/../build/static/af7ae505a9eed503f8b8e6982036873e.woff2",
            "storage_class": "STANDARD",
            "tags": null,
            "version_id": "QIlEATC3S1Mf554kXkBSmvhbicP5zkwP",
            "website_redirect": ""
          },
          "private": "bnVsbA==",
          "dependencies": [
            "module.S3.aws_kms_key.key",
            "module.S3.aws_s3_bucket.wheel_source_bucket"
          ]
        },
        {
          "index_key": "app.production.js",
          "schema_version": 0,
          "attributes": {
            "acl": "private",
            "bucket": "awsopswheelsourcebucket-20200403132649869700000002",
            "cache_control": "",
            "content": null,
            "content_base64": null,
            "content_disposition": "",
            "content_encoding": "",
            "content_language": "",
            "content_type": "application/javascript",
            "etag": "5548e33e41b04c509cca19d68baaac4e",
            "force_destroy": false,
            "id": "app.production.js",
            "key": "app.production.js",
            "kms_key_id": "arn:aws:kms:us-west-2:098504033684:key/416b5058-b695-432d-bdbc-b691029efbf4",
            "metadata": null,
            "object_lock_legal_hold_status": "",
            "object_lock_mode": "",
            "object_lock_retain_until_date": "",
            "server_side_encryption": "aws:kms",
            "source": "ui/../../ui/../build/static/app.production.js",
            "storage_class": "STANDARD",
            "tags": null,
            "version_id": "w7scvyZvam0RTpvFdrNvgtMbQT0H8_sh",
            "website_redirect": ""
          },
          "private": "bnVsbA==",
          "dependencies": [
            "module.S3.aws_kms_key.key",
            "module.S3.aws_s3_bucket.wheel_source_bucket"
          ]
        },
        {
          "index_key": "app.production.js.map",
          "schema_version": 0,
          "attributes": {
            "acl": "private",
            "bucket": "awsopswheelsourcebucket-20200403132649869700000002",
            "cache_control": "",
            "content": null,
            "content_base64": null,
            "content_disposition": "",
            "content_encoding": "",
            "content_language": "",
            "content_type": "application/javascript",
            "etag": "c3c4f921b1eff2828f0054fc2f1f46ff",
            "force_destroy": false,
            "id": "app.production.js.map",
            "key": "app.production.js.map",
            "kms_key_id": "arn:aws:kms:us-west-2:098504033684:key/416b5058-b695-432d-bdbc-b691029efbf4",
            "metadata": null,
            "object_lock_legal_hold_status": "",
            "object_lock_mode": "",
            "object_lock_retain_until_date": "",
            "server_side_encryption": "aws:kms",
            "source": "ui/../../ui/../build/static/app.production.js.map",
            "storage_class": "STANDARD",
            "tags": null,
            "version_id": "JJuIkoz4wAu1kjYo7BBeWnP8BiEGHiWR",
            "website_redirect": ""
          },
          "private": "bnVsbA==",
          "dependencies": [
            "module.S3.aws_kms_key.key",
            "module.S3.aws_s3_bucket.wheel_source_bucket"
          ]
        },
        {
          "index_key": "b06871f281fee6b241d60582ae9369b9.ttf",
          "schema_version": 0,
          "attributes": {
            "acl": "private",
            "bucket": "awsopswheelsourcebucket-20200403132649869700000002",
            "cache_control": "",
            "content": null,
            "content_base64": null,
            "content_disposition": "",
            "content_encoding": "",
            "content_language": "",
            "content_type": "font/ttf",
            "etag": "c8623df36205bfeafe6556731e29acd4",
            "force_destroy": false,
            "id": "b06871f281fee6b241d60582ae9369b9.ttf",
            "key": "b06871f281fee6b241d60582ae9369b9.ttf",
            "kms_key_id": "arn:aws:kms:us-west-2:098504033684:key/416b5058-b695-432d-bdbc-b691029efbf4",
            "metadata": null,
            "object_lock_legal_hold_status": "",
            "object_lock_mode": "",
            "object_lock_retain_until_date": "",
            "server_side_encryption": "aws:kms",
            "source": "ui/../../ui/../build/static/b06871f281fee6b241d60582ae9369b9.ttf",
            "storage_class": "STANDARD",
            "tags": null,
            "version_id": "pzvHhO0rd5jUs9Lw0jAi5jsohRDvGoFk",
            "website_redirect": ""
          },
          "private": "bnVsbA==",
          "dependencies": [
            "module.S3.aws_kms_key.key",
            "module.S3.aws_s3_bucket.wheel_source_bucket"
          ]
        },
        {
          "index_key": "d1a5cacaf7fbbf400159.css",
          "schema_version": 0,
          "attributes": {
            "acl": "private",
            "bucket": "awsopswheelsourcebucket-20200403132649869700000002",
            "cache_control": "",
            "content": null,
            "content_base64": null,
            "content_disposition": "",
            "content_encoding": "",
            "content_language": "",
            "content_type": "text/css",
            "etag": "5a2bf9b4736b24e5ca785d72f9dbdda4",
            "force_destroy": false,
            "id": "d1a5cacaf7fbbf400159.css",
            "key": "d1a5cacaf7fbbf400159.css",
            "kms_key_id": "arn:aws:kms:us-west-2:098504033684:key/416b5058-b695-432d-bdbc-b691029efbf4",
            "metadata": null,
            "object_lock_legal_hold_status": "",
            "object_lock_mode": "",
            "object_lock_retain_until_date": "",
            "server_side_encryption": "aws:kms",
            "source": "ui/../../ui/../build/static/d1a5cacaf7fbbf400159.css",
            "storage_class": "STANDARD",
            "tags": null,
            "version_id": "pfmcMbdtnV.j5mFhv5APi0WPwQs3S71a",
            "website_redirect": ""
          },
          "private": "bnVsbA==",
          "dependencies": [
            "module.S3.aws_kms_key.key",
            "module.S3.aws_s3_bucket.wheel_source_bucket"
          ]
        },
        {
          "index_key": "d1a5cacaf7fbbf400159.css.map",
          "schema_version": 0,
          "attributes": {
            "acl": "private",
            "bucket": "awsopswheelsourcebucket-20200403132649869700000002",
            "cache_control": "",
            "content": null,
            "content_base64": null,
            "content_disposition": "",
            "content_encoding": "",
            "content_language": "",
            "content_type": "application/javascript",
            "etag": "e70067e897ef35e0c44d1bcfeffa375b",
            "force_destroy": false,
            "id": "d1a5cacaf7fbbf400159.css.map",
            "key": "d1a5cacaf7fbbf400159.css.map",
            "kms_key_id": "arn:aws:kms:us-west-2:098504033684:key/416b5058-b695-432d-bdbc-b691029efbf4",
            "metadata": null,
            "object_lock_legal_hold_status": "",
            "object_lock_mode": "",
            "object_lock_retain_until_date": "",
            "server_side_encryption": "aws:kms",
            "source": "ui/../../ui/../build/static/d1a5cacaf7fbbf400159.css.map",
            "storage_class": "STANDARD",
            "tags": null,
            "version_id": "SzBqnKxMRCnuBHroktpPaeepNdg_xJSZ",
            "website_redirect": ""
          },
          "private": "bnVsbA==",
          "dependencies": [
            "module.S3.aws_kms_key.key",
            "module.S3.aws_s3_bucket.wheel_source_bucket"
          ]
        },
        {
          "index_key": "e18bbf611f2a2e43afc071aa2f4e1512.ttf",
          "schema_version": 0,
          "attributes": {
            "acl": "private",
            "bucket": "awsopswheelsourcebucket-20200403132649869700000002",
            "cache_control": "",
            "content": null,
            "content_base64": null,
            "content_disposition": "",
            "content_encoding": "",
            "content_language": "",
            "content_type": "font/ttf",
            "etag": "f7cee1c2dad9ed8c4450baf6a0bc9349",
            "force_destroy": false,
            "id": "e18bbf611f2a2e43afc071aa2f4e1512.ttf",
            "key": "e18bbf611f2a2e43afc071aa2f4e1512.ttf",
            "kms_key_id": "arn:aws:kms:us-west-2:098504033684:key/416b5058-b695-432d-bdbc-b691029efbf4",
            "metadata": null,
            "object_lock_legal_hold_status": "",
            "object_lock_mode": "",
            "object_lock_retain_until_date": "",
            "server_side_encryption": "aws:kms",
            "source": "ui/../../ui/../build/static/e18bbf611f2a2e43afc071aa2f4e1512.ttf",
            "storage_class": "STANDARD",
            "tags": null,
            "version_id": "GtDSC37f2gM8uOyQCpZbynhIhR3Kgi1g",
            "website_redirect": ""
          },
          "private": "bnVsbA==",
          "dependencies": [
            "module.S3.aws_kms_key.key",
            "module.S3.aws_s3_bucket.wheel_source_bucket"
          ]
        },
        {
          "index_key": "f4769f9bdb7466be65088239c12046d1.eot",
          "schema_version": 0,
          "attributes": {
            "acl": "private",
            "bucket": "awsopswheelsourcebucket-20200403132649869700000002",
            "cache_control": "",
            "content": null,
            "content_base64": null,
            "content_disposition": "",
            "content_encoding": "",
            "content_language": "",
            "content_type": "application/vnd.ms-fontobject",
            "etag": "28bb7d3c0eea79570352c6a8de095530",
            "force_destroy": false,
            "id": "f4769f9bdb7466be65088239c12046d1.eot",
            "key": "f4769f9bdb7466be65088239c12046d1.eot",
            "kms_key_id": "arn:aws:kms:us-west-2:098504033684:key/416b5058-b695-432d-bdbc-b691029efbf4",
            "metadata": null,
            "object_lock_legal_hold_status": "",
            "object_lock_mode": "",
            "object_lock_retain_until_date": "",
            "server_side_encryption": "aws:kms",
            "source": "ui/../../ui/../build/static/f4769f9bdb7466be65088239c12046d1.eot",
            "storage_class": "STANDARD",
            "tags": null,
            "version_id": "21YQi5W0x5c_Nvg6ABD_5e3KwMA832AW",
            "website_redirect": ""
          },
          "private": "bnVsbA==",
          "dependencies": [
            "module.S3.aws_kms_key.key",
            "module.S3.aws_s3_bucket.wheel_source_bucket"
          ]
        },
        {
          "index_key": "fa2772327f55d8198301fdb8bcfc8158.woff",
          "schema_version": 0,
          "attributes": {
            "acl": "private",
            "bucket": "awsopswheelsourcebucket-20200403132649869700000002",
            "cache_control": "",
            "content": null,
            "content_base64": null,
            "content_disposition": "",
            "content_encoding": "",
            "content_language": "",
            "content_type": "font/woff",
            "etag": "cb5ff374866ace721c6ac674274af409",
            "force_destroy": false,
            "id": "fa2772327f55d8198301fdb8bcfc8158.woff",
            "key": "fa2772327f55d8198301fdb8bcfc8158.woff",
            "kms_key_id": "arn:aws:kms:us-west-2:098504033684:key/416b5058-b695-432d-bdbc-b691029efbf4",
            "metadata": null,
            "object_lock_legal_hold_status": "",
            "object_lock_mode": "",
            "object_lock_retain_until_date": "",
            "server_side_encryption": "aws:kms",
            "source": "ui/../../ui/../build/static/fa2772327f55d8198301fdb8bcfc8158.woff",
            "storage_class": "STANDARD",
            "tags": null,
            "version_id": "9nSsIocADURbBGLjmk_jgmHZIItTTK0n",
            "website_redirect": ""
          },
          "private": "bnVsbA==",
          "dependencies": [
            "module.S3.aws_kms_key.key",
            "module.S3.aws_s3_bucket.wheel_source_bucket"
          ]
        },
        {
          "index_key": "favicon.ico",
          "schema_version": 0,
          "attributes": {
            "acl": "private",
            "bucket": "awsopswheelsourcebucket-20200403132649869700000002",
            "cache_control": "",
            "content": null,
            "content_base64": null,
            "content_disposition": "",
            "content_encoding": "",
            "content_language": "",
            "content_type": "image/x-icon",
            "etag": "0d9a45cf4eb48683020d0230608af6bc",
            "force_destroy": false,
            "id": "favicon.ico",
            "key": "favicon.ico",
            "kms_key_id": "arn:aws:kms:us-west-2:098504033684:key/416b5058-b695-432d-bdbc-b691029efbf4",
            "metadata": null,
            "object_lock_legal_hold_status": "",
            "object_lock_mode": "",
            "object_lock_retain_until_date": "",
            "server_side_encryption": "aws:kms",
            "source": "ui/../../ui/../build/static/favicon.ico",
            "storage_class": "STANDARD",
            "tags": null,
            "version_id": "Kf2TxT4qT5kl9vM7YH1DLro_fm1qgqPc",
            "website_redirect": ""
          },
          "private": "bnVsbA==",
          "dependencies": [
            "module.S3.aws_kms_key.key",
            "module.S3.aws_s3_bucket.wheel_source_bucket"
          ]
        },
        {
          "index_key": "fee66e712a8a08eef5805a46892932ad.woff",
          "schema_version": 0,
          "attributes": {
            "acl": "private",
            "bucket": "awsopswheelsourcebucket-20200403132649869700000002",
            "cache_control": "",
            "content": null,
            "content_base64": null,
            "content_disposition": "",
            "content_encoding": "",
            "content_language": "",
            "content_type": "font/woff",
            "etag": "c7c96d1372af6d8397d4967e7e6b1473",
            "force_destroy": false,
            "id": "fee66e712a8a08eef5805a46892932ad.woff",
            "key": "fee66e712a8a08eef5805a46892932ad.woff",
            "kms_key_id": "arn:aws:kms:us-west-2:098504033684:key/416b5058-b695-432d-bdbc-b691029efbf4",
            "metadata": null,
            "object_lock_legal_hold_status": "",
            "object_lock_mode": "",
            "object_lock_retain_until_date": "",
            "server_side_encryption": "aws:kms",
            "source": "ui/../../ui/../build/static/fee66e712a8a08eef5805a46892932ad.woff",
            "storage_class": "STANDARD",
            "tags": null,
            "version_id": "w3Wiqt9n47rifl08cck5LIZx5fU8GWbH",
            "website_redirect": ""
          },
          "private": "bnVsbA==",
          "dependencies": [
            "module.S3.aws_kms_key.key",
            "module.S3.aws_s3_bucket.wheel_source_bucket"
          ]
        },
        {
          "index_key": "index.production.html",
          "schema_version": 0,
          "attributes": {
            "acl": "private",
            "bucket": "awsopswheelsourcebucket-20200403132649869700000002",
            "cache_control": "",
            "content": null,
            "content_base64": null,
            "content_disposition": "",
            "content_encoding": "",
            "content_language": "",
            "content_type": "text/html",
            "etag": "c50b0e037288c343c7f20c3d087a3d35",
            "force_destroy": false,
            "id": "index.production.html",
            "key": "index.production.html",
            "kms_key_id": "arn:aws:kms:us-west-2:098504033684:key/416b5058-b695-432d-bdbc-b691029efbf4",
            "metadata": null,
            "object_lock_legal_hold_status": "",
            "object_lock_mode": "",
            "object_lock_retain_until_date": "",
            "server_side_encryption": "aws:kms",
            "source": "ui/../../ui/../build/static/index.production.html",
            "storage_class": "STANDARD",
            "tags": null,
            "version_id": "ZmEI57CPQpcZ1Ma587_LlRiPMHYoCEL6",
            "website_redirect": ""
          },
          "private": "bnVsbA==",
          "dependencies": [
            "module.S3.aws_kms_key.key",
            "module.S3.aws_s3_bucket.wheel_source_bucket"
          ]
        },
        {
          "index_key": "wheel_click.mp3",
          "schema_version": 0,
          "attributes": {
            "acl": "private",
            "bucket": "awsopswheelsourcebucket-20200403132649869700000002",
            "cache_control": "",
            "content": null,
            "content_base64": null,
            "content_disposition": "",
            "content_encoding": "",
            "content_language": "",
            "content_type": "audio/mpeg",
            "etag": "79f26e41f203f137c879d17678ddc33a",
            "force_destroy": false,
            "id": "wheel_click.mp3",
            "key": "wheel_click.mp3",
            "kms_key_id": "arn:aws:kms:us-west-2:098504033684:key/416b5058-b695-432d-bdbc-b691029efbf4",
            "metadata": null,
            "object_lock_legal_hold_status": "",
            "object_lock_mode": "",
            "object_lock_retain_until_date": "",
            "server_side_encryption": "aws:kms",
            "source": "ui/../../ui/../build/static/wheel_click.mp3",
            "storage_class": "STANDARD",
            "tags": null,
            "version_id": "_Awt8QPHSpwxjQT8wcTVw42MhLsChj9y",
            "website_redirect": ""
          },
          "private": "bnVsbA==",
          "dependencies": [
            "module.S3.aws_kms_key.key",
            "module.S3.aws_s3_bucket.wheel_source_bucket"
          ]
        }
      ]
    },
    {
      "module": "module.vpc",
      "mode": "managed",
      "type": "aws_security_group",
      "name": "use_endpoint_security_group",
      "provider": "provider.aws",
      "instances": [
        {
          "schema_version": 1,
          "attributes": {
            "arn": "arn:aws:ec2:us-west-2:098504033684:security-group/sg-0b0f10fcace7970ed",
            "description": "Security Group that allows use of VPC endpoints",
            "egress": [],
            "id": "sg-0b0f10fcace7970ed",
            "ingress": [],
            "name": "use_endpoint_security_group",
            "name_prefix": null,
            "owner_id": "098504033684",
            "revoke_rules_on_delete": false,
            "tags": null,
            "timeouts": null,
            "vpc_id": "vpc-03979ec8dd295d5ee"
          },
          "private": "eyJlMmJmYjczMC1lY2FhLTExZTYtOGY4OC0zNDM2M2JjN2M0YzAiOnsiY3JlYXRlIjo2MDAwMDAwMDAwMDAsImRlbGV0ZSI6NjAwMDAwMDAwMDAwfSwic2NoZW1hX3ZlcnNpb24iOiIxIn0=",
          "dependencies": [
            "module.vpc.aws_vpc.vpc"
          ]
        }
      ]
    },
    {
      "module": "module.vpc",
      "mode": "managed",
      "type": "aws_security_group_rule",
      "name": "egress_dynamo",
      "provider": "provider.aws",
      "instances": [
        {
          "schema_version": 2,
          "attributes": {
            "cidr_blocks": [
              "52.94.28.0/23",
              "52.94.10.0/24"
            ],
            "description": null,
            "from_port": 443,
            "id": "sgrule-2225257908",
            "ipv6_cidr_blocks": null,
            "prefix_list_ids": null,
            "protocol": "tcp",
            "security_group_id": "sg-0b0f10fcace7970ed",
            "self": false,
            "source_security_group_id": null,
            "to_port": 443,
            "type": "egress"
          },
          "private": "eyJzY2hlbWFfdmVyc2lvbiI6IjIifQ==",
          "dependencies": [
            "module.vpc.aws_route_table.private_route_table",
            "module.vpc.aws_security_group.use_endpoint_security_group",
            "module.vpc.aws_vpc.vpc",
            "module.vpc.aws_vpc_endpoint.dynamodb"
          ]
        }
      ]
    },
    {
      "module": "module.vpc",
      "mode": "managed",
      "type": "aws_subnet",
      "name": "private_subnet",
      "provider": "provider.aws",
      "instances": [
        {
          "schema_version": 1,
          "attributes": {
            "arn": "arn:aws:ec2:us-west-2:098504033684:subnet/subnet-01b8cf53fc4c72c72",
            "assign_ipv6_address_on_creation": false,
            "availability_zone": "us-west-2d",
            "availability_zone_id": "usw2-az4",
            "cidr_block": "10.0.0.0/24",
            "id": "subnet-01b8cf53fc4c72c72",
            "ipv6_cidr_block": "",
            "ipv6_cidr_block_association_id": "",
            "map_public_ip_on_launch": false,
            "owner_id": "098504033684",
            "tags": null,
            "timeouts": null,
            "vpc_id": "vpc-03979ec8dd295d5ee"
          },
          "private": "eyJlMmJmYjczMC1lY2FhLTExZTYtOGY4OC0zNDM2M2JjN2M0YzAiOnsiY3JlYXRlIjo2MDAwMDAwMDAwMDAsImRlbGV0ZSI6MTIwMDAwMDAwMDAwMH0sInNjaGVtYV92ZXJzaW9uIjoiMSJ9",
          "dependencies": [
            "module.vpc.aws_vpc.vpc"
          ]
        }
      ]
    },
    {
      "module": "module.vpc",
      "mode": "managed",
      "type": "aws_vpc",
      "name": "vpc",
      "provider": "provider.aws",
      "instances": [
        {
          "schema_version": 1,
          "attributes": {
            "arn": "arn:aws:ec2:us-west-2:098504033684:vpc/vpc-03979ec8dd295d5ee",
            "assign_generated_ipv6_cidr_block": false,
            "cidr_block": "10.0.0.0/16",
            "default_network_acl_id": "acl-05fe75390f9da88e5",
            "default_route_table_id": "rtb-0ba4a0f7b1f2ccd19",
            "default_security_group_id": "sg-0fae44e10b532465e",
            "dhcp_options_id": "dopt-a436c4dd",
            "enable_classiclink": false,
            "enable_classiclink_dns_support": false,
            "enable_dns_hostnames": false,
            "enable_dns_support": true,
            "id": "vpc-03979ec8dd295d5ee",
            "instance_tenancy": "default",
            "ipv6_association_id": "",
            "ipv6_cidr_block": "",
            "main_route_table_id": "rtb-0ba4a0f7b1f2ccd19",
            "owner_id": "098504033684",
            "tags": null
          },
          "private": "eyJzY2hlbWFfdmVyc2lvbiI6IjEifQ=="
        }
      ]
    },
    {
      "module": "module.vpc",
      "mode": "managed",
      "type": "aws_vpc_endpoint",
      "name": "dynamodb",
      "provider": "provider.aws",
      "instances": [
        {
          "schema_version": 0,
          "attributes": {
            "auto_accept": null,
            "cidr_blocks": [
              "52.94.28.0/23",
              "52.94.10.0/24"
            ],
            "dns_entry": [],
            "id": "vpce-0d1716464c8db0d7f",
            "network_interface_ids": [],
            "owner_id": "098504033684",
            "policy": "{\"Statement\":[{\"Action\":\"*\",\"Effect\":\"Allow\",\"Principal\":\"*\",\"Resource\":\"*\"}],\"Version\":\"2008-10-17\"}",
            "prefix_list_id": "pl-00a54069",
            "private_dns_enabled": false,
            "requester_managed": false,
            "route_table_ids": [
              "rtb-0df5f7aa6036b8b52"
            ],
            "security_group_ids": [],
            "service_name": "com.amazonaws.us-west-2.dynamodb",
            "state": "available",
            "subnet_ids": [],
            "tags": null,
            "timeouts": null,
            "vpc_endpoint_type": "Gateway",
            "vpc_id": "vpc-03979ec8dd295d5ee"
          },
          "private": "eyJlMmJmYjczMC1lY2FhLTExZTYtOGY4OC0zNDM2M2JjN2M0YzAiOnsiY3JlYXRlIjo2MDAwMDAwMDAwMDAsImRlbGV0ZSI6NjAwMDAwMDAwMDAwLCJ1cGRhdGUiOjYwMDAwMDAwMDAwMH19",
          "dependencies": [
            "module.vpc.aws_route_table.private_route_table",
            "module.vpc.aws_vpc.vpc"
          ]
        }
      ]
    }
  ]
}
